// !$*UTF8*$!
{
	archiveVersion = 1;
	classes = {
	};
	objectVersion = 46;
	objects = {

/* Begin PBXBuildFile section */
		23121BD31E1F1849002951F6 /* libPods-PushQueryUITests.a in Frameworks */ = {isa = PBXBuildFile; fileRef = C934212345A9EA6CF9FDB64C /* libPods-PushQueryUITests.a */; };
		72A46043BCCA9610379E880C /* libPods-PushQueryTests.a in Frameworks */ = {isa = PBXBuildFile; fileRef = 5AF441454C44F3B849711C64 /* libPods-PushQueryTests.a */; };
		74CA3C1A5192946EB73200F0 /* libPods-PushQuery.a in Frameworks */ = {isa = PBXBuildFile; fileRef = 6737F2639D4B2D4F6D793D28 /* libPods-PushQuery.a */; };
		7D09C8581CB3193600962A23 /* UIViewController+Email.m in Sources */ = {isa = PBXBuildFile; fileRef = 7D09C8571CB3193600962A23 /* UIViewController+Email.m */; };
		7D09C86D1CB4153C00962A23 /* SyncViewController.m in Sources */ = {isa = PBXBuildFile; fileRef = 7D09C8691CB4153C00962A23 /* SyncViewController.m */; };
		7D09C86E1CB4153C00962A23 /* SyncViewController.xib in Resources */ = {isa = PBXBuildFile; fileRef = 7D09C86A1CB4153C00962A23 /* SyncViewController.xib */; };
		7D09C86F1CB4153C00962A23 /* UIViewController+Syncing.m in Sources */ = {isa = PBXBuildFile; fileRef = 7D09C86C1CB4153C00962A23 /* UIViewController+Syncing.m */; };
		7D09C8791CB4185F00962A23 /* syncview_check.png in Resources */ = {isa = PBXBuildFile; fileRef = 7D09C8711CB4185F00962A23 /* syncview_check.png */; };
		7D09C87A1CB4185F00962A23 /* syncview_check@2x.png in Resources */ = {isa = PBXBuildFile; fileRef = 7D09C8721CB4185F00962A23 /* syncview_check@2x.png */; };
		7D09C87B1CB4185F00962A23 /* syncview_exclamation.png in Resources */ = {isa = PBXBuildFile; fileRef = 7D09C8731CB4185F00962A23 /* syncview_exclamation.png */; };
		7D09C87C1CB4185F00962A23 /* syncview_exclamation@2x.png in Resources */ = {isa = PBXBuildFile; fileRef = 7D09C8741CB4185F00962A23 /* syncview_exclamation@2x.png */; };
		7D09C87D1CB4185F00962A23 /* syncview_question.png in Resources */ = {isa = PBXBuildFile; fileRef = 7D09C8751CB4185F00962A23 /* syncview_question.png */; };
		7D09C87E1CB4185F00962A23 /* syncview_question@2x.png in Resources */ = {isa = PBXBuildFile; fileRef = 7D09C8761CB4185F00962A23 /* syncview_question@2x.png */; };
		7D09C87F1CB4185F00962A23 /* syncview_x.png in Resources */ = {isa = PBXBuildFile; fileRef = 7D09C8771CB4185F00962A23 /* syncview_x.png */; };
		7D09C8801CB4185F00962A23 /* syncview_x@2x.png in Resources */ = {isa = PBXBuildFile; fileRef = 7D09C8781CB4185F00962A23 /* syncview_x@2x.png */; };
		7D12CABC1C8A30280021519B /* main.m in Sources */ = {isa = PBXBuildFile; fileRef = 7D12CABB1C8A30280021519B /* main.m */; };
		7D12CABF1C8A30280021519B /* AppDelegate.m in Sources */ = {isa = PBXBuildFile; fileRef = 7D12CABE1C8A30280021519B /* AppDelegate.m */; };
		7D12CAC51C8A30280021519B /* Main.storyboard in Resources */ = {isa = PBXBuildFile; fileRef = 7D12CAC31C8A30280021519B /* Main.storyboard */; };
		7D12CAC81C8A30280021519B /* PushQuery.xcdatamodeld in Sources */ = {isa = PBXBuildFile; fileRef = 7D12CAC61C8A30280021519B /* PushQuery.xcdatamodeld */; };
		7D12CACA1C8A30280021519B /* Assets.xcassets in Resources */ = {isa = PBXBuildFile; fileRef = 7D12CAC91C8A30280021519B /* Assets.xcassets */; };
		7D12CACD1C8A30280021519B /* LaunchScreen.storyboard in Resources */ = {isa = PBXBuildFile; fileRef = 7D12CACB1C8A30280021519B /* LaunchScreen.storyboard */; };
		7D12CAD81C8A30280021519B /* PushQueryTests.m in Sources */ = {isa = PBXBuildFile; fileRef = 7D12CAD71C8A30280021519B /* PushQueryTests.m */; };
		7D12CAE31C8A30280021519B /* PushQueryUITests.m in Sources */ = {isa = PBXBuildFile; fileRef = 7D12CAE21C8A30280021519B /* PushQueryUITests.m */; };
		7D12CAF71C8A48D10021519B /* PQFirebaseController.m in Sources */ = {isa = PBXBuildFile; fileRef = 7D12CAF61C8A48D10021519B /* PQFirebaseController.m */; };
		7D12CAFE1C8A49560021519B /* AKDebugger.m in Sources */ = {isa = PBXBuildFile; fileRef = 7D12CAFD1C8A49560021519B /* AKDebugger.m */; };
		7D12CB011C8A49660021519B /* AKGenerics.m in Sources */ = {isa = PBXBuildFile; fileRef = 7D12CB001C8A49660021519B /* AKGenerics.m */; };
		7D12CB041C8A49760021519B /* AKDebuggerRules.m in Sources */ = {isa = PBXBuildFile; fileRef = 7D12CB031C8A49760021519B /* AKDebuggerRules.m */; };
		7D12CB0C1C8A4B4F0021519B /* PQPrivateInfo.m in Sources */ = {isa = PBXBuildFile; fileRef = 7D12CB0B1C8A4B4F0021519B /* PQPrivateInfo.m */; };
		7D12CB101C8A4EBA0021519B /* PQLoginManager.m in Sources */ = {isa = PBXBuildFile; fileRef = 7D12CB0F1C8A4EBA0021519B /* PQLoginManager.m */; };
		7D12CB1A1C8A69610021519B /* PQUser+CoreDataProperties.m in Sources */ = {isa = PBXBuildFile; fileRef = 7D12CB171C8A69610021519B /* PQUser+CoreDataProperties.m */; };
		7D12CB1B1C8A69610021519B /* PQUser.m in Sources */ = {isa = PBXBuildFile; fileRef = 7D12CB191C8A69610021519B /* PQUser.m */; };
		7D12CB1F1C8A69F20021519B /* PQCoreDataController.m in Sources */ = {isa = PBXBuildFile; fileRef = 7D12CB1E1C8A69F20021519B /* PQCoreDataController.m */; };
		7D43DDBB1CB83ED600FEA394 /* PQSyncEngine.m in Sources */ = {isa = PBXBuildFile; fileRef = 7D43DDBA1CB83ED600FEA394 /* PQSyncEngine.m */; };
		7D43DDC51CBE911B00FEA394 /* PQManagedObject+CoreDataProperties.m in Sources */ = {isa = PBXBuildFile; fileRef = 7D43DDC21CBE911B00FEA394 /* PQManagedObject+CoreDataProperties.m */; };
		7D43DDC61CBE911B00FEA394 /* PQManagedObject.m in Sources */ = {isa = PBXBuildFile; fileRef = 7D43DDC41CBE911B00FEA394 /* PQManagedObject.m */; };
		7D50AB431CBEDBF70086DAF1 /* PQRootViewController.m in Sources */ = {isa = PBXBuildFile; fileRef = 7D50AB421CBEDBF70086DAF1 /* PQRootViewController.m */; };
		7D50AB471CBEDD0D0086DAF1 /* PQCentralDispatch.m in Sources */ = {isa = PBXBuildFile; fileRef = 7D50AB461CBEDD0D0086DAF1 /* PQCentralDispatch.m */; };
		7D5A65611CA0719900D7AE8D /* PQLoginViewController.m in Sources */ = {isa = PBXBuildFile; fileRef = 7D5A65601CA0719900D7AE8D /* PQLoginViewController.m */; };
		7D5A65651CA0799800D7AE8D /* UIViewController+Keyboard.m in Sources */ = {isa = PBXBuildFile; fileRef = 7D5A65641CA0799800D7AE8D /* UIViewController+Keyboard.m */; };
		7D7DE7F11C8B6D8100FFA637 /* PQDataManager.m in Sources */ = {isa = PBXBuildFile; fileRef = 7D7DE7F01C8B6D8100FFA637 /* PQDataManager.m */; };
		7DB4366A1CAD7C2C00501D60 /* QuartzCore.framework in Frameworks */ = {isa = PBXBuildFile; fileRef = 7DB436691CAD7C2C00501D60 /* QuartzCore.framework */; };
		7DB4366C1CAD7C3500501D60 /* CoreGraphics.framework in Frameworks */ = {isa = PBXBuildFile; fileRef = 7DB4366B1CAD7C3500501D60 /* CoreGraphics.framework */; };
		7DBB1F141CA433DD00C7C403 /* PQQuestion.m in Sources */ = {isa = PBXBuildFile; fileRef = 7DE38D621C99D6EB000A02F0 /* PQQuestion.m */; };
		7DBB1F151CA433E800C7C403 /* PQSurvey.m in Sources */ = {isa = PBXBuildFile; fileRef = 7DE38D5A1C99D6EB000A02F0 /* PQSurvey.m */; };
		7DBB1F1A1CA98FBA00C7C403 /* PQSurveyTimingCell.m in Sources */ = {isa = PBXBuildFile; fileRef = 7DBB1F191CA98FBA00C7C403 /* PQSurveyTimingCell.m */; };
		7DBB1F1E1CA9B16200C7C403 /* PQNotificationsManager.m in Sources */ = {isa = PBXBuildFile; fileRef = 7DBB1F1D1CA9B16200C7C403 /* PQNotificationsManager.m */; };
		7DBB1F2B1CAAF52700C7C403 /* PQResponsesTableViewController.m in Sources */ = {isa = PBXBuildFile; fileRef = 7DBB1F2A1CAAF52700C7C403 /* PQResponsesTableViewController.m */; };
		7DBB1F2E1CAAF53B00C7C403 /* PQResultsTableViewController.m in Sources */ = {isa = PBXBuildFile; fileRef = 7DBB1F2D1CAAF53B00C7C403 /* PQResultsTableViewController.m */; };
		7DBB1F311CAAF55000C7C403 /* PQGraphViewController.m in Sources */ = {isa = PBXBuildFile; fileRef = 7DBB1F301CAAF55000C7C403 /* PQGraphViewController.m */; };
		7DDE78531C93234D00241A80 /* PQFirebaseQuery.m in Sources */ = {isa = PBXBuildFile; fileRef = 7DDE78521C93234D00241A80 /* PQFirebaseQuery.m */; };
		7DE38D671C99D6EB000A02F0 /* PQSurvey+CoreDataProperties.m in Sources */ = {isa = PBXBuildFile; fileRef = 7DE38D581C99D6EB000A02F0 /* PQSurvey+CoreDataProperties.m */; };
		7DE38D691C99D6EB000A02F0 /* PQResponse+CoreDataProperties.m in Sources */ = {isa = PBXBuildFile; fileRef = 7DE38D5C1C99D6EB000A02F0 /* PQResponse+CoreDataProperties.m */; };
		7DE38D6A1C99D6EB000A02F0 /* PQResponse.m in Sources */ = {isa = PBXBuildFile; fileRef = 7DE38D5E1C99D6EB000A02F0 /* PQResponse.m */; };
		7DE38D6B1C99D6EB000A02F0 /* PQQuestion+CoreDataProperties.m in Sources */ = {isa = PBXBuildFile; fileRef = 7DE38D601C99D6EB000A02F0 /* PQQuestion+CoreDataProperties.m */; };
		7DE38D6D1C99D6EB000A02F0 /* PQChoice+CoreDataProperties.m in Sources */ = {isa = PBXBuildFile; fileRef = 7DE38D641C99D6EB000A02F0 /* PQChoice+CoreDataProperties.m */; };
		7DE38D6E1C99D6EB000A02F0 /* PQChoice.m in Sources */ = {isa = PBXBuildFile; fileRef = 7DE38D661C99D6EB000A02F0 /* PQChoice.m */; };
		7DE38D7C1C9A0C18000A02F0 /* PQSurveysTableViewController.m in Sources */ = {isa = PBXBuildFile; fileRef = 7DE38D7B1C9A0C18000A02F0 /* PQSurveysTableViewController.m */; };
		7DE38D7F1C9A0C21000A02F0 /* PQSurveyTableViewController.m in Sources */ = {isa = PBXBuildFile; fileRef = 7DE38D7E1C9A0C21000A02F0 /* PQSurveyTableViewController.m */; };
		7DE38D821C9A0C37000A02F0 /* PQSurveyTableViewCell.m in Sources */ = {isa = PBXBuildFile; fileRef = 7DE38D811C9A0C37000A02F0 /* PQSurveyTableViewCell.m */; };
		7DE38D851C9A0C45000A02F0 /* PQResultsViewController.m in Sources */ = {isa = PBXBuildFile; fileRef = 7DE38D841C9A0C45000A02F0 /* PQResultsViewController.m */; };
		7DE38D8B1C9C5EF4000A02F0 /* UITableView+Extras.m in Sources */ = {isa = PBXBuildFile; fileRef = 7DE38D8A1C9C5EF4000A02F0 /* UITableView+Extras.m */; };
		7DE38D941C9D924C000A02F0 /* UIAlertController+Info.m in Sources */ = {isa = PBXBuildFile; fileRef = 7DE38D931C9D924C000A02F0 /* UIAlertController+Info.m */; };
		7DF930BA1CC931D100B01FD1 /* Security.framework in Frameworks */ = {isa = PBXBuildFile; fileRef = 7DF930B91CC931D100B01FD1 /* Security.framework */; };
		7DFEDD0E1CB6F81500166383 /* SafariServices.framework in Frameworks */ = {isa = PBXBuildFile; fileRef = 7DFEDD0D1CB6F81500166383 /* SafariServices.framework */; };
		7DFEDD121CB7447700166383 /* PQTableViewCell.m in Sources */ = {isa = PBXBuildFile; fileRef = 7DFEDD111CB7447700166383 /* PQTableViewCell.m */; };
/* End PBXBuildFile section */

/* Begin PBXContainerItemProxy section */
		7D12CAD41C8A30280021519B /* PBXContainerItemProxy */ = {
			isa = PBXContainerItemProxy;
			containerPortal = 7D12CAAF1C8A30280021519B /* Project object */;
			proxyType = 1;
			remoteGlobalIDString = 7D12CAB61C8A30280021519B;
			remoteInfo = AskMeLater;
		};
		7D12CADF1C8A30280021519B /* PBXContainerItemProxy */ = {
			isa = PBXContainerItemProxy;
			containerPortal = 7D12CAAF1C8A30280021519B /* Project object */;
			proxyType = 1;
			remoteGlobalIDString = 7D12CAB61C8A30280021519B;
			remoteInfo = AskMeLater;
		};
/* End PBXContainerItemProxy section */

/* Begin PBXFileReference section */
		5AF441454C44F3B849711C64 /* libPods-PushQueryTests.a */ = {isa = PBXFileReference; explicitFileType = archive.ar; includeInIndex = 0; path = "libPods-PushQueryTests.a"; sourceTree = BUILT_PRODUCTS_DIR; };
		633209C070509B74DE7F7BD9 /* Pods-PushQueryUITests.release.xcconfig */ = {isa = PBXFileReference; includeInIndex = 1; lastKnownFileType = text.xcconfig; name = "Pods-PushQueryUITests.release.xcconfig"; path = "Pods/Target Support Files/Pods-PushQueryUITests/Pods-PushQueryUITests.release.xcconfig"; sourceTree = "<group>"; };
		6737F2639D4B2D4F6D793D28 /* libPods-PushQuery.a */ = {isa = PBXFileReference; explicitFileType = archive.ar; includeInIndex = 0; path = "libPods-PushQuery.a"; sourceTree = BUILT_PRODUCTS_DIR; };
		7D09C8561CB3193600962A23 /* UIViewController+Email.h */ = {isa = PBXFileReference; fileEncoding = 4; lastKnownFileType = sourcecode.c.h; name = "UIViewController+Email.h"; path = "../../../../Documents/PROGRAMMING/iOS/1_PROJECTS/UIViewController+Email/UIViewController+Email/UIViewController+Email.h"; sourceTree = "<group>"; };
		7D09C8571CB3193600962A23 /* UIViewController+Email.m */ = {isa = PBXFileReference; fileEncoding = 4; lastKnownFileType = sourcecode.c.objc; name = "UIViewController+Email.m"; path = "../../../../Documents/PROGRAMMING/iOS/1_PROJECTS/UIViewController+Email/UIViewController+Email/UIViewController+Email.m"; sourceTree = "<group>"; };
		7D09C8681CB4153C00962A23 /* SyncViewController.h */ = {isa = PBXFileReference; fileEncoding = 4; lastKnownFileType = sourcecode.c.h; name = SyncViewController.h; path = "../../../../Documents/PROGRAMMING/iOS/1_PROJECTS/UIViewController+Syncing/SyncViewController.h"; sourceTree = "<group>"; };
		7D09C8691CB4153C00962A23 /* SyncViewController.m */ = {isa = PBXFileReference; fileEncoding = 4; lastKnownFileType = sourcecode.c.objc; name = SyncViewController.m; path = "../../../../Documents/PROGRAMMING/iOS/1_PROJECTS/UIViewController+Syncing/SyncViewController.m"; sourceTree = "<group>"; };
		7D09C86A1CB4153C00962A23 /* SyncViewController.xib */ = {isa = PBXFileReference; fileEncoding = 4; lastKnownFileType = file.xib; name = SyncViewController.xib; path = "../../../../Documents/PROGRAMMING/iOS/1_PROJECTS/UIViewController+Syncing/SyncViewController.xib"; sourceTree = "<group>"; };
		7D09C86B1CB4153C00962A23 /* UIViewController+Syncing.h */ = {isa = PBXFileReference; fileEncoding = 4; lastKnownFileType = sourcecode.c.h; name = "UIViewController+Syncing.h"; path = "../../../../Documents/PROGRAMMING/iOS/1_PROJECTS/UIViewController+Syncing/UIViewController+Syncing.h"; sourceTree = "<group>"; };
		7D09C86C1CB4153C00962A23 /* UIViewController+Syncing.m */ = {isa = PBXFileReference; fileEncoding = 4; lastKnownFileType = sourcecode.c.objc; name = "UIViewController+Syncing.m"; path = "../../../../Documents/PROGRAMMING/iOS/1_PROJECTS/UIViewController+Syncing/UIViewController+Syncing.m"; sourceTree = "<group>"; };
		7D09C8711CB4185F00962A23 /* syncview_check.png */ = {isa = PBXFileReference; lastKnownFileType = image.png; name = syncview_check.png; path = "../../../../Documents/PROGRAMMING/iOS/1_PROJECTS/UIViewController+Syncing/Icons/syncview_check.png"; sourceTree = "<group>"; };
		7D09C8721CB4185F00962A23 /* syncview_check@2x.png */ = {isa = PBXFileReference; lastKnownFileType = image.png; name = "syncview_check@2x.png"; path = "../../../../Documents/PROGRAMMING/iOS/1_PROJECTS/UIViewController+Syncing/Icons/syncview_check@2x.png"; sourceTree = "<group>"; };
		7D09C8731CB4185F00962A23 /* syncview_exclamation.png */ = {isa = PBXFileReference; lastKnownFileType = image.png; name = syncview_exclamation.png; path = "../../../../Documents/PROGRAMMING/iOS/1_PROJECTS/UIViewController+Syncing/Icons/syncview_exclamation.png"; sourceTree = "<group>"; };
		7D09C8741CB4185F00962A23 /* syncview_exclamation@2x.png */ = {isa = PBXFileReference; lastKnownFileType = image.png; name = "syncview_exclamation@2x.png"; path = "../../../../Documents/PROGRAMMING/iOS/1_PROJECTS/UIViewController+Syncing/Icons/syncview_exclamation@2x.png"; sourceTree = "<group>"; };
		7D09C8751CB4185F00962A23 /* syncview_question.png */ = {isa = PBXFileReference; lastKnownFileType = image.png; name = syncview_question.png; path = "../../../../Documents/PROGRAMMING/iOS/1_PROJECTS/UIViewController+Syncing/Icons/syncview_question.png"; sourceTree = "<group>"; };
		7D09C8761CB4185F00962A23 /* syncview_question@2x.png */ = {isa = PBXFileReference; lastKnownFileType = image.png; name = "syncview_question@2x.png"; path = "../../../../Documents/PROGRAMMING/iOS/1_PROJECTS/UIViewController+Syncing/Icons/syncview_question@2x.png"; sourceTree = "<group>"; };
		7D09C8771CB4185F00962A23 /* syncview_x.png */ = {isa = PBXFileReference; lastKnownFileType = image.png; name = syncview_x.png; path = "../../../../Documents/PROGRAMMING/iOS/1_PROJECTS/UIViewController+Syncing/Icons/syncview_x.png"; sourceTree = "<group>"; };
		7D09C8781CB4185F00962A23 /* syncview_x@2x.png */ = {isa = PBXFileReference; lastKnownFileType = image.png; name = "syncview_x@2x.png"; path = "../../../../Documents/PROGRAMMING/iOS/1_PROJECTS/UIViewController+Syncing/Icons/syncview_x@2x.png"; sourceTree = "<group>"; };
		7D0EDFA81CC8250900ACFE53 /* PQCoreDataController+PRIVATE.h */ = {isa = PBXFileReference; fileEncoding = 4; lastKnownFileType = sourcecode.c.h; path = "PQCoreDataController+PRIVATE.h"; sourceTree = "<group>"; };
		7D12CAB71C8A30280021519B /* PushQuery.app */ = {isa = PBXFileReference; explicitFileType = wrapper.application; includeInIndex = 0; path = PushQuery.app; sourceTree = BUILT_PRODUCTS_DIR; };
		7D12CABB1C8A30280021519B /* main.m */ = {isa = PBXFileReference; lastKnownFileType = sourcecode.c.objc; path = main.m; sourceTree = "<group>"; };
		7D12CABD1C8A30280021519B /* AppDelegate.h */ = {isa = PBXFileReference; lastKnownFileType = sourcecode.c.h; path = AppDelegate.h; sourceTree = "<group>"; };
		7D12CABE1C8A30280021519B /* AppDelegate.m */ = {isa = PBXFileReference; lastKnownFileType = sourcecode.c.objc; path = AppDelegate.m; sourceTree = "<group>"; };
		7D12CAC41C8A30280021519B /* Base */ = {isa = PBXFileReference; lastKnownFileType = file.storyboard; name = Base; path = Base.lproj/Main.storyboard; sourceTree = "<group>"; };
		7D12CAC71C8A30280021519B /* PushQuery.xcdatamodel */ = {isa = PBXFileReference; lastKnownFileType = wrapper.xcdatamodel; path = PushQuery.xcdatamodel; sourceTree = "<group>"; };
		7D12CAC91C8A30280021519B /* Assets.xcassets */ = {isa = PBXFileReference; lastKnownFileType = folder.assetcatalog; path = Assets.xcassets; sourceTree = "<group>"; };
		7D12CACC1C8A30280021519B /* Base */ = {isa = PBXFileReference; lastKnownFileType = file.storyboard; name = Base; path = Base.lproj/LaunchScreen.storyboard; sourceTree = "<group>"; };
		7D12CACE1C8A30280021519B /* Info.plist */ = {isa = PBXFileReference; lastKnownFileType = text.plist.xml; path = Info.plist; sourceTree = "<group>"; };
		7D12CAD31C8A30280021519B /* PushQuery.xctest */ = {isa = PBXFileReference; explicitFileType = wrapper.cfbundle; includeInIndex = 0; path = PushQuery.xctest; sourceTree = BUILT_PRODUCTS_DIR; };
		7D12CAD71C8A30280021519B /* PushQueryTests.m */ = {isa = PBXFileReference; lastKnownFileType = sourcecode.c.objc; path = PushQueryTests.m; sourceTree = "<group>"; };
		7D12CAD91C8A30280021519B /* Info.plist */ = {isa = PBXFileReference; lastKnownFileType = text.plist.xml; path = Info.plist; sourceTree = "<group>"; };
		7D12CADE1C8A30280021519B /* PushQuery.xctest */ = {isa = PBXFileReference; explicitFileType = wrapper.cfbundle; includeInIndex = 0; path = PushQuery.xctest; sourceTree = BUILT_PRODUCTS_DIR; };
		7D12CAE21C8A30280021519B /* PushQueryUITests.m */ = {isa = PBXFileReference; lastKnownFileType = sourcecode.c.objc; path = PushQueryUITests.m; sourceTree = "<group>"; };
		7D12CAE41C8A30280021519B /* Info.plist */ = {isa = PBXFileReference; lastKnownFileType = text.plist.xml; path = Info.plist; sourceTree = "<group>"; };
		7D12CAF51C8A48D10021519B /* PQFirebaseController.h */ = {isa = PBXFileReference; fileEncoding = 4; lastKnownFileType = sourcecode.c.h; name = PQFirebaseController.h; path = Firebase/PQFirebaseController.h; sourceTree = "<group>"; };
		7D12CAF61C8A48D10021519B /* PQFirebaseController.m */ = {isa = PBXFileReference; fileEncoding = 4; lastKnownFileType = sourcecode.c.objc; name = PQFirebaseController.m; path = Firebase/PQFirebaseController.m; sourceTree = "<group>"; };
		7D12CAFC1C8A49560021519B /* AKDebugger.h */ = {isa = PBXFileReference; fileEncoding = 4; lastKnownFileType = sourcecode.c.h; name = AKDebugger.h; path = ../../../../Documents/PROGRAMMING/iOS/1_PROJECTS/AKDebugger/AKDebugger.h; sourceTree = "<group>"; };
		7D12CAFD1C8A49560021519B /* AKDebugger.m */ = {isa = PBXFileReference; fileEncoding = 4; lastKnownFileType = sourcecode.c.objc; name = AKDebugger.m; path = ../../../../Documents/PROGRAMMING/iOS/1_PROJECTS/AKDebugger/AKDebugger.m; sourceTree = "<group>"; };
		7D12CAFF1C8A49660021519B /* AKGenerics.h */ = {isa = PBXFileReference; fileEncoding = 4; lastKnownFileType = sourcecode.c.h; name = AKGenerics.h; path = ../../../../Documents/PROGRAMMING/iOS/1_PROJECTS/AKGenerics/AKGenerics.h; sourceTree = "<group>"; };
		7D12CB001C8A49660021519B /* AKGenerics.m */ = {isa = PBXFileReference; fileEncoding = 4; lastKnownFileType = sourcecode.c.objc; name = AKGenerics.m; path = ../../../../Documents/PROGRAMMING/iOS/1_PROJECTS/AKGenerics/AKGenerics.m; sourceTree = "<group>"; };
		7D12CB021C8A49760021519B /* AKDebuggerRules.h */ = {isa = PBXFileReference; fileEncoding = 4; lastKnownFileType = sourcecode.c.h; path = AKDebuggerRules.h; sourceTree = "<group>"; };
		7D12CB031C8A49760021519B /* AKDebuggerRules.m */ = {isa = PBXFileReference; fileEncoding = 4; lastKnownFileType = sourcecode.c.objc; path = AKDebuggerRules.m; sourceTree = "<group>"; };
		7D12CB061C8A4A7D0021519B /* NSObject+Basics.h */ = {isa = PBXFileReference; fileEncoding = 4; lastKnownFileType = sourcecode.c.h; name = "NSObject+Basics.h"; path = "../../../../Documents/PROGRAMMING/iOS/1_PROJECTS/NSObject+Basics/NSObject+Basics.h"; sourceTree = "<group>"; };
		7D12CB071C8A4A7D0021519B /* NSObject+Basics.m */ = {isa = PBXFileReference; fileEncoding = 4; lastKnownFileType = sourcecode.c.objc; name = "NSObject+Basics.m"; path = "../../../../Documents/PROGRAMMING/iOS/1_PROJECTS/NSObject+Basics/NSObject+Basics.m"; sourceTree = "<group>"; };
		7D12CB0A1C8A4B4F0021519B /* PQPrivateInfo.h */ = {isa = PBXFileReference; fileEncoding = 4; lastKnownFileType = sourcecode.c.h; path = PQPrivateInfo.h; sourceTree = "<group>"; };
		7D12CB0B1C8A4B4F0021519B /* PQPrivateInfo.m */ = {isa = PBXFileReference; fileEncoding = 4; lastKnownFileType = sourcecode.c.objc; path = PQPrivateInfo.m; sourceTree = "<group>"; };
		7D12CB0E1C8A4EBA0021519B /* PQLoginManager.h */ = {isa = PBXFileReference; fileEncoding = 4; lastKnownFileType = sourcecode.c.h; name = PQLoginManager.h; path = "Login Manager/PQLoginManager.h"; sourceTree = "<group>"; };
		7D12CB0F1C8A4EBA0021519B /* PQLoginManager.m */ = {isa = PBXFileReference; fileEncoding = 4; lastKnownFileType = sourcecode.c.objc; name = PQLoginManager.m; path = "Login Manager/PQLoginManager.m"; sourceTree = "<group>"; };
		7D12CB121C8A4F9E0021519B /* PQUserProtocols.h */ = {isa = PBXFileReference; fileEncoding = 4; lastKnownFileType = sourcecode.c.h; name = PQUserProtocols.h; path = Protocols/PQUserProtocols.h; sourceTree = "<group>"; };
		7D12CB131C8A51C40021519B /* PQFirebaseController+Auth.h */ = {isa = PBXFileReference; fileEncoding = 4; lastKnownFileType = sourcecode.c.h; name = "PQFirebaseController+Auth.h"; path = "Firebase/PQFirebaseController+Auth.h"; sourceTree = "<group>"; };
		7D12CB161C8A69610021519B /* PQUser+CoreDataProperties.h */ = {isa = PBXFileReference; fileEncoding = 4; lastKnownFileType = sourcecode.c.h; path = "PQUser+CoreDataProperties.h"; sourceTree = "<group>"; };
		7D12CB171C8A69610021519B /* PQUser+CoreDataProperties.m */ = {isa = PBXFileReference; fileEncoding = 4; lastKnownFileType = sourcecode.c.objc; path = "PQUser+CoreDataProperties.m"; sourceTree = "<group>"; };
		7D12CB181C8A69610021519B /* PQUser.h */ = {isa = PBXFileReference; fileEncoding = 4; lastKnownFileType = sourcecode.c.h; path = PQUser.h; sourceTree = "<group>"; };
		7D12CB191C8A69610021519B /* PQUser.m */ = {isa = PBXFileReference; fileEncoding = 4; lastKnownFileType = sourcecode.c.objc; path = PQUser.m; sourceTree = "<group>"; };
		7D12CB1D1C8A69F20021519B /* PQCoreDataController.h */ = {isa = PBXFileReference; fileEncoding = 4; lastKnownFileType = sourcecode.c.h; path = PQCoreDataController.h; sourceTree = "<group>"; };
		7D12CB1E1C8A69F20021519B /* PQCoreDataController.m */ = {isa = PBXFileReference; fileEncoding = 4; lastKnownFileType = sourcecode.c.objc; path = PQCoreDataController.m; sourceTree = "<group>"; };
		7D19E2821C8E1CA700020305 /* PQFirebaseProtocols.h */ = {isa = PBXFileReference; fileEncoding = 4; lastKnownFileType = sourcecode.c.h; name = PQFirebaseProtocols.h; path = Firebase/PQFirebaseProtocols.h; sourceTree = "<group>"; };
		7D43DDB91CB83ED600FEA394 /* PQSyncEngine.h */ = {isa = PBXFileReference; fileEncoding = 4; lastKnownFileType = sourcecode.c.h; name = PQSyncEngine.h; path = "Sync Engine/PQSyncEngine.h"; sourceTree = "<group>"; };
		7D43DDBA1CB83ED600FEA394 /* PQSyncEngine.m */ = {isa = PBXFileReference; fileEncoding = 4; lastKnownFileType = sourcecode.c.objc; name = PQSyncEngine.m; path = "Sync Engine/PQSyncEngine.m"; sourceTree = "<group>"; };
		7D43DDC11CBE911B00FEA394 /* PQManagedObject+CoreDataProperties.h */ = {isa = PBXFileReference; fileEncoding = 4; lastKnownFileType = sourcecode.c.h; path = "PQManagedObject+CoreDataProperties.h"; sourceTree = "<group>"; };
		7D43DDC21CBE911B00FEA394 /* PQManagedObject+CoreDataProperties.m */ = {isa = PBXFileReference; fileEncoding = 4; lastKnownFileType = sourcecode.c.objc; path = "PQManagedObject+CoreDataProperties.m"; sourceTree = "<group>"; };
		7D43DDC31CBE911B00FEA394 /* PQManagedObject.h */ = {isa = PBXFileReference; fileEncoding = 4; lastKnownFileType = sourcecode.c.h; path = PQManagedObject.h; sourceTree = "<group>"; };
		7D43DDC41CBE911B00FEA394 /* PQManagedObject.m */ = {isa = PBXFileReference; fileEncoding = 4; lastKnownFileType = sourcecode.c.objc; path = PQManagedObject.m; sourceTree = "<group>"; };
		7D50AB411CBEDBF70086DAF1 /* PQRootViewController.h */ = {isa = PBXFileReference; fileEncoding = 4; lastKnownFileType = sourcecode.c.h; path = PQRootViewController.h; sourceTree = "<group>"; };
		7D50AB421CBEDBF70086DAF1 /* PQRootViewController.m */ = {isa = PBXFileReference; fileEncoding = 4; lastKnownFileType = sourcecode.c.objc; path = PQRootViewController.m; sourceTree = "<group>"; };
		7D50AB451CBEDD0D0086DAF1 /* PQCentralDispatch.h */ = {isa = PBXFileReference; fileEncoding = 4; lastKnownFileType = sourcecode.c.h; path = PQCentralDispatch.h; sourceTree = "<group>"; };
		7D50AB461CBEDD0D0086DAF1 /* PQCentralDispatch.m */ = {isa = PBXFileReference; fileEncoding = 4; lastKnownFileType = sourcecode.c.objc; path = PQCentralDispatch.m; sourceTree = "<group>"; };
		7D50AB481CBEDD1B0086DAF1 /* PQCentralDispatch+Delegates.h */ = {isa = PBXFileReference; fileEncoding = 4; lastKnownFileType = sourcecode.c.h; path = "PQCentralDispatch+Delegates.h"; sourceTree = "<group>"; };
		7D50AB4C1CBEE3C00086DAF1 /* PQLoginUIProtocol.h */ = {isa = PBXFileReference; lastKnownFileType = sourcecode.c.h; path = PQLoginUIProtocol.h; sourceTree = "<group>"; };
		7D5A655B1CA03FD400D7AE8D /* PQMockSurvey.h */ = {isa = PBXFileReference; fileEncoding = 4; lastKnownFileType = sourcecode.c.h; name = PQMockSurvey.h; path = "Mock Data/PQMockSurvey.h"; sourceTree = "<group>"; };
		7D5A655C1CA03FD400D7AE8D /* PQMockSurvey.m */ = {isa = PBXFileReference; fileEncoding = 4; lastKnownFileType = sourcecode.c.objc; name = PQMockSurvey.m; path = "Mock Data/PQMockSurvey.m"; sourceTree = "<group>"; };
		7D5A655F1CA0719900D7AE8D /* PQLoginViewController.h */ = {isa = PBXFileReference; fileEncoding = 4; lastKnownFileType = sourcecode.c.h; path = PQLoginViewController.h; sourceTree = "<group>"; };
		7D5A65601CA0719900D7AE8D /* PQLoginViewController.m */ = {isa = PBXFileReference; fileEncoding = 4; lastKnownFileType = sourcecode.c.objc; path = PQLoginViewController.m; sourceTree = "<group>"; };
		7D5A65631CA0799800D7AE8D /* UIViewController+Keyboard.h */ = {isa = PBXFileReference; fileEncoding = 4; lastKnownFileType = sourcecode.c.h; name = "UIViewController+Keyboard.h"; path = "../../../../Documents/PROGRAMMING/iOS/1_PROJECTS/UIViewController+Keyboard/UIViewController+Keyboard.h"; sourceTree = "<group>"; };
		7D5A65641CA0799800D7AE8D /* UIViewController+Keyboard.m */ = {isa = PBXFileReference; fileEncoding = 4; lastKnownFileType = sourcecode.c.objc; name = "UIViewController+Keyboard.m"; path = "../../../../Documents/PROGRAMMING/iOS/1_PROJECTS/UIViewController+Keyboard/UIViewController+Keyboard.m"; sourceTree = "<group>"; };
		7D7DE7EF1C8B6D8100FFA637 /* PQDataManager.h */ = {isa = PBXFileReference; fileEncoding = 4; lastKnownFileType = sourcecode.c.h; path = PQDataManager.h; sourceTree = "<group>"; };
		7D7DE7F01C8B6D8100FFA637 /* PQDataManager.m */ = {isa = PBXFileReference; fileEncoding = 4; lastKnownFileType = sourcecode.c.objc; path = PQDataManager.m; sourceTree = "<group>"; };
		7D7DE7F41C8E1A3600FFA637 /* PQFirebaseNotifications.h */ = {isa = PBXFileReference; fileEncoding = 4; lastKnownFileType = sourcecode.c.h; name = PQFirebaseNotifications.h; path = Firebase/PQFirebaseNotifications.h; sourceTree = "<group>"; };
		7DB436691CAD7C2C00501D60 /* QuartzCore.framework */ = {isa = PBXFileReference; lastKnownFileType = wrapper.framework; name = QuartzCore.framework; path = System/Library/Frameworks/QuartzCore.framework; sourceTree = SDKROOT; };
		7DB4366B1CAD7C3500501D60 /* CoreGraphics.framework */ = {isa = PBXFileReference; lastKnownFileType = wrapper.framework; name = CoreGraphics.framework; path = System/Library/Frameworks/CoreGraphics.framework; sourceTree = SDKROOT; };
		7DBB1F181CA98FBA00C7C403 /* PQSurveyTimingCell.h */ = {isa = PBXFileReference; fileEncoding = 4; lastKnownFileType = sourcecode.c.h; name = PQSurveyTimingCell.h; path = "PushQuery/View Controllers/PQSurveyTimingCell.h"; sourceTree = SOURCE_ROOT; };
		7DBB1F191CA98FBA00C7C403 /* PQSurveyTimingCell.m */ = {isa = PBXFileReference; fileEncoding = 4; lastKnownFileType = sourcecode.c.objc; name = PQSurveyTimingCell.m; path = "PushQuery/View Controllers/PQSurveyTimingCell.m"; sourceTree = SOURCE_ROOT; };
		7DBB1F1C1CA9B16200C7C403 /* PQNotificationsManager.h */ = {isa = PBXFileReference; fileEncoding = 4; lastKnownFileType = sourcecode.c.h; name = PQNotificationsManager.h; path = "Notifications Manager/PQNotificationsManager.h"; sourceTree = "<group>"; };
		7DBB1F1D1CA9B16200C7C403 /* PQNotificationsManager.m */ = {isa = PBXFileReference; fileEncoding = 4; lastKnownFileType = sourcecode.c.objc; name = PQNotificationsManager.m; path = "Notifications Manager/PQNotificationsManager.m"; sourceTree = "<group>"; };
		7DBB1F291CAAF52700C7C403 /* PQResponsesTableViewController.h */ = {isa = PBXFileReference; fileEncoding = 4; lastKnownFileType = sourcecode.c.h; name = PQResponsesTableViewController.h; path = "PushQuery/View Controllers/PQResponsesTableViewController.h"; sourceTree = SOURCE_ROOT; };
		7DBB1F2A1CAAF52700C7C403 /* PQResponsesTableViewController.m */ = {isa = PBXFileReference; fileEncoding = 4; lastKnownFileType = sourcecode.c.objc; name = PQResponsesTableViewController.m; path = "PushQuery/View Controllers/PQResponsesTableViewController.m"; sourceTree = SOURCE_ROOT; };
		7DBB1F2C1CAAF53B00C7C403 /* PQResultsTableViewController.h */ = {isa = PBXFileReference; fileEncoding = 4; lastKnownFileType = sourcecode.c.h; name = PQResultsTableViewController.h; path = "PushQuery/View Controllers/PQResultsTableViewController.h"; sourceTree = SOURCE_ROOT; };
		7DBB1F2D1CAAF53B00C7C403 /* PQResultsTableViewController.m */ = {isa = PBXFileReference; fileEncoding = 4; lastKnownFileType = sourcecode.c.objc; name = PQResultsTableViewController.m; path = "PushQuery/View Controllers/PQResultsTableViewController.m"; sourceTree = SOURCE_ROOT; };
		7DBB1F2F1CAAF55000C7C403 /* PQGraphViewController.h */ = {isa = PBXFileReference; fileEncoding = 4; lastKnownFileType = sourcecode.c.h; name = PQGraphViewController.h; path = "PushQuery/View Controllers/PQGraphViewController.h"; sourceTree = SOURCE_ROOT; };
		7DBB1F301CAAF55000C7C403 /* PQGraphViewController.m */ = {isa = PBXFileReference; fileEncoding = 4; lastKnownFileType = sourcecode.c.objc; name = PQGraphViewController.m; path = "PushQuery/View Controllers/PQGraphViewController.m"; sourceTree = SOURCE_ROOT; };
		7DBB1F321CAAFAB000C7C403 /* PQQuestionUIProtocol.h */ = {isa = PBXFileReference; lastKnownFileType = sourcecode.c.h; name = PQQuestionUIProtocol.h; path = Protocols/PQQuestionUIProtocol.h; sourceTree = "<group>"; };
		7DDE78511C93234D00241A80 /* PQFirebaseQuery.h */ = {isa = PBXFileReference; fileEncoding = 4; lastKnownFileType = sourcecode.c.h; path = PQFirebaseQuery.h; sourceTree = "<group>"; };
		7DDE78521C93234D00241A80 /* PQFirebaseQuery.m */ = {isa = PBXFileReference; fileEncoding = 4; lastKnownFileType = sourcecode.c.objc; path = PQFirebaseQuery.m; sourceTree = "<group>"; };
		7DDE78541C9328FC00241A80 /* PQFirebaseQuery+FQuery.h */ = {isa = PBXFileReference; fileEncoding = 4; lastKnownFileType = sourcecode.c.h; path = "PQFirebaseQuery+FQuery.h"; sourceTree = "<group>"; };
		7DE38D501C936775000A02F0 /* NSArray+Extras.h */ = {isa = PBXFileReference; fileEncoding = 4; lastKnownFileType = sourcecode.c.h; name = "NSArray+Extras.h"; path = "../../../../Documents/PROGRAMMING/iOS/1_PROJECTS/NSArray+Extras/NSArray+Extras.h"; sourceTree = "<group>"; };
		7DE38D511C936775000A02F0 /* NSArray+Extras.m */ = {isa = PBXFileReference; fileEncoding = 4; lastKnownFileType = sourcecode.c.objc; name = "NSArray+Extras.m"; path = "../../../../Documents/PROGRAMMING/iOS/1_PROJECTS/NSArray+Extras/NSArray+Extras.m"; sourceTree = "<group>"; };
		7DE38D531C99BA32000A02F0 /* PQSurveyProtocols.h */ = {isa = PBXFileReference; fileEncoding = 4; lastKnownFileType = sourcecode.c.h; name = PQSurveyProtocols.h; path = Protocols/PQSurveyProtocols.h; sourceTree = "<group>"; };
		7DE38D541C99BA88000A02F0 /* PQQuestionProtocols.h */ = {isa = PBXFileReference; fileEncoding = 4; lastKnownFileType = sourcecode.c.h; name = PQQuestionProtocols.h; path = Protocols/PQQuestionProtocols.h; sourceTree = "<group>"; };
		7DE38D551C99BAB3000A02F0 /* PQResponseProtocols.h */ = {isa = PBXFileReference; fileEncoding = 4; lastKnownFileType = sourcecode.c.h; name = PQResponseProtocols.h; path = Protocols/PQResponseProtocols.h; sourceTree = "<group>"; };
		7DE38D561C99BC67000A02F0 /* PQChoiceProtocols.h */ = {isa = PBXFileReference; fileEncoding = 4; lastKnownFileType = sourcecode.c.h; name = PQChoiceProtocols.h; path = Protocols/PQChoiceProtocols.h; sourceTree = "<group>"; };
		7DE38D571C99D6EB000A02F0 /* PQSurvey+CoreDataProperties.h */ = {isa = PBXFileReference; fileEncoding = 4; lastKnownFileType = sourcecode.c.h; path = "PQSurvey+CoreDataProperties.h"; sourceTree = "<group>"; };
		7DE38D581C99D6EB000A02F0 /* PQSurvey+CoreDataProperties.m */ = {isa = PBXFileReference; fileEncoding = 4; lastKnownFileType = sourcecode.c.objc; path = "PQSurvey+CoreDataProperties.m"; sourceTree = "<group>"; };
		7DE38D591C99D6EB000A02F0 /* PQSurvey.h */ = {isa = PBXFileReference; fileEncoding = 4; lastKnownFileType = sourcecode.c.h; path = PQSurvey.h; sourceTree = "<group>"; };
		7DE38D5A1C99D6EB000A02F0 /* PQSurvey.m */ = {isa = PBXFileReference; fileEncoding = 4; lastKnownFileType = sourcecode.c.objc; path = PQSurvey.m; sourceTree = "<group>"; };
		7DE38D5B1C99D6EB000A02F0 /* PQResponse+CoreDataProperties.h */ = {isa = PBXFileReference; fileEncoding = 4; lastKnownFileType = sourcecode.c.h; path = "PQResponse+CoreDataProperties.h"; sourceTree = "<group>"; };
		7DE38D5C1C99D6EB000A02F0 /* PQResponse+CoreDataProperties.m */ = {isa = PBXFileReference; fileEncoding = 4; lastKnownFileType = sourcecode.c.objc; path = "PQResponse+CoreDataProperties.m"; sourceTree = "<group>"; };
		7DE38D5D1C99D6EB000A02F0 /* PQResponse.h */ = {isa = PBXFileReference; fileEncoding = 4; lastKnownFileType = sourcecode.c.h; path = PQResponse.h; sourceTree = "<group>"; };
		7DE38D5E1C99D6EB000A02F0 /* PQResponse.m */ = {isa = PBXFileReference; fileEncoding = 4; lastKnownFileType = sourcecode.c.objc; path = PQResponse.m; sourceTree = "<group>"; };
		7DE38D5F1C99D6EB000A02F0 /* PQQuestion+CoreDataProperties.h */ = {isa = PBXFileReference; fileEncoding = 4; lastKnownFileType = sourcecode.c.h; path = "PQQuestion+CoreDataProperties.h"; sourceTree = "<group>"; };
		7DE38D601C99D6EB000A02F0 /* PQQuestion+CoreDataProperties.m */ = {isa = PBXFileReference; fileEncoding = 4; lastKnownFileType = sourcecode.c.objc; path = "PQQuestion+CoreDataProperties.m"; sourceTree = "<group>"; };
		7DE38D611C99D6EB000A02F0 /* PQQuestion.h */ = {isa = PBXFileReference; fileEncoding = 4; lastKnownFileType = sourcecode.c.h; path = PQQuestion.h; sourceTree = "<group>"; };
		7DE38D621C99D6EB000A02F0 /* PQQuestion.m */ = {isa = PBXFileReference; fileEncoding = 4; lastKnownFileType = sourcecode.c.objc; path = PQQuestion.m; sourceTree = "<group>"; };
		7DE38D631C99D6EB000A02F0 /* PQChoice+CoreDataProperties.h */ = {isa = PBXFileReference; fileEncoding = 4; lastKnownFileType = sourcecode.c.h; path = "PQChoice+CoreDataProperties.h"; sourceTree = "<group>"; };
		7DE38D641C99D6EB000A02F0 /* PQChoice+CoreDataProperties.m */ = {isa = PBXFileReference; fileEncoding = 4; lastKnownFileType = sourcecode.c.objc; path = "PQChoice+CoreDataProperties.m"; sourceTree = "<group>"; };
		7DE38D651C99D6EB000A02F0 /* PQChoice.h */ = {isa = PBXFileReference; fileEncoding = 4; lastKnownFileType = sourcecode.c.h; path = PQChoice.h; sourceTree = "<group>"; };
		7DE38D661C99D6EB000A02F0 /* PQChoice.m */ = {isa = PBXFileReference; fileEncoding = 4; lastKnownFileType = sourcecode.c.objc; path = PQChoice.m; sourceTree = "<group>"; };
		7DE38D7A1C9A0C18000A02F0 /* PQSurveysTableViewController.h */ = {isa = PBXFileReference; fileEncoding = 4; lastKnownFileType = sourcecode.c.h; name = PQSurveysTableViewController.h; path = "../../View Controllers/PQSurveysTableViewController.h"; sourceTree = "<group>"; };
		7DE38D7B1C9A0C18000A02F0 /* PQSurveysTableViewController.m */ = {isa = PBXFileReference; fileEncoding = 4; lastKnownFileType = sourcecode.c.objc; name = PQSurveysTableViewController.m; path = "../../View Controllers/PQSurveysTableViewController.m"; sourceTree = "<group>"; };
		7DE38D7D1C9A0C21000A02F0 /* PQSurveyTableViewController.h */ = {isa = PBXFileReference; fileEncoding = 4; lastKnownFileType = sourcecode.c.h; name = PQSurveyTableViewController.h; path = "../../View Controllers/PQSurveyTableViewController.h"; sourceTree = "<group>"; };
		7DE38D7E1C9A0C21000A02F0 /* PQSurveyTableViewController.m */ = {isa = PBXFileReference; fileEncoding = 4; lastKnownFileType = sourcecode.c.objc; name = PQSurveyTableViewController.m; path = "../../View Controllers/PQSurveyTableViewController.m"; sourceTree = "<group>"; };
		7DE38D801C9A0C37000A02F0 /* PQSurveyTableViewCell.h */ = {isa = PBXFileReference; fileEncoding = 4; lastKnownFileType = sourcecode.c.h; name = PQSurveyTableViewCell.h; path = "../../View Controllers/PQSurveyTableViewCell.h"; sourceTree = "<group>"; };
		7DE38D811C9A0C37000A02F0 /* PQSurveyTableViewCell.m */ = {isa = PBXFileReference; fileEncoding = 4; lastKnownFileType = sourcecode.c.objc; name = PQSurveyTableViewCell.m; path = "../../View Controllers/PQSurveyTableViewCell.m"; sourceTree = "<group>"; };
		7DE38D831C9A0C45000A02F0 /* PQResultsViewController.h */ = {isa = PBXFileReference; fileEncoding = 4; lastKnownFileType = sourcecode.c.h; name = PQResultsViewController.h; path = "../../View Controllers/PQResultsViewController.h"; sourceTree = "<group>"; };
		7DE38D841C9A0C45000A02F0 /* PQResultsViewController.m */ = {isa = PBXFileReference; fileEncoding = 4; lastKnownFileType = sourcecode.c.objc; name = PQResultsViewController.m; path = "../../View Controllers/PQResultsViewController.m"; sourceTree = "<group>"; };
		7DE38D871C9B11ED000A02F0 /* PQSurveyUIProtocol.h */ = {isa = PBXFileReference; fileEncoding = 4; lastKnownFileType = sourcecode.c.h; name = PQSurveyUIProtocol.h; path = Protocols/PQSurveyUIProtocol.h; sourceTree = "<group>"; };
		7DE38D891C9C5EF4000A02F0 /* UITableView+Extras.h */ = {isa = PBXFileReference; fileEncoding = 4; lastKnownFileType = sourcecode.c.h; name = "UITableView+Extras.h"; path = "../../../../Documents/PROGRAMMING/iOS/1_PROJECTS/UITableView+Extras/UITableView+Extras.h"; sourceTree = "<group>"; };
		7DE38D8A1C9C5EF4000A02F0 /* UITableView+Extras.m */ = {isa = PBXFileReference; fileEncoding = 4; lastKnownFileType = sourcecode.c.objc; name = "UITableView+Extras.m"; path = "../../../../Documents/PROGRAMMING/iOS/1_PROJECTS/UITableView+Extras/UITableView+Extras.m"; sourceTree = "<group>"; };
		7DE38D8E1C9D8A70000A02F0 /* PQMockQuestion.h */ = {isa = PBXFileReference; fileEncoding = 4; lastKnownFileType = sourcecode.c.h; name = PQMockQuestion.h; path = "Mock Data/PQMockQuestion.h"; sourceTree = "<group>"; };
		7DE38D8F1C9D8A70000A02F0 /* PQMockQuestion.m */ = {isa = PBXFileReference; fileEncoding = 4; lastKnownFileType = sourcecode.c.objc; name = PQMockQuestion.m; path = "Mock Data/PQMockQuestion.m"; sourceTree = "<group>"; };
		7DE38D921C9D924C000A02F0 /* UIAlertController+Info.h */ = {isa = PBXFileReference; fileEncoding = 4; lastKnownFileType = sourcecode.c.h; name = "UIAlertController+Info.h"; path = "../../../../Documents/PROGRAMMING/iOS/1_PROJECTS/UIAlertController+Info/UIAlertController+Info.h"; sourceTree = "<group>"; };
		7DE38D931C9D924C000A02F0 /* UIAlertController+Info.m */ = {isa = PBXFileReference; fileEncoding = 4; lastKnownFileType = sourcecode.c.objc; name = "UIAlertController+Info.m"; path = "../../../../Documents/PROGRAMMING/iOS/1_PROJECTS/UIAlertController+Info/UIAlertController+Info.m"; sourceTree = "<group>"; };
		7DF930B91CC931D100B01FD1 /* Security.framework */ = {isa = PBXFileReference; lastKnownFileType = wrapper.framework; name = Security.framework; path = System/Library/Frameworks/Security.framework; sourceTree = SDKROOT; };
		7DF930BC1CC9332700B01FD1 /* NSData+Encryption.h */ = {isa = PBXFileReference; fileEncoding = 4; lastKnownFileType = sourcecode.c.h; name = "NSData+Encryption.h"; path = "../../../../Documents/PROGRAMMING/iOS/1_PROJECTS/AKGenerics/NSData+Encryption.h"; sourceTree = "<group>"; };
		7DF930BD1CC9332700B01FD1 /* NSData+Encryption.m */ = {isa = PBXFileReference; fileEncoding = 4; lastKnownFileType = sourcecode.c.objc; name = "NSData+Encryption.m"; path = "../../../../Documents/PROGRAMMING/iOS/1_PROJECTS/AKGenerics/NSData+Encryption.m"; sourceTree = "<group>"; };
		7DFEDD0D1CB6F81500166383 /* SafariServices.framework */ = {isa = PBXFileReference; lastKnownFileType = wrapper.framework; name = SafariServices.framework; path = System/Library/Frameworks/SafariServices.framework; sourceTree = SDKROOT; };
		7DFEDD101CB7447700166383 /* PQTableViewCell.h */ = {isa = PBXFileReference; fileEncoding = 4; lastKnownFileType = sourcecode.c.h; name = PQTableViewCell.h; path = "PushQuery/View Controllers/PQTableViewCell.h"; sourceTree = SOURCE_ROOT; };
		7DFEDD111CB7447700166383 /* PQTableViewCell.m */ = {isa = PBXFileReference; fileEncoding = 4; lastKnownFileType = sourcecode.c.objc; name = PQTableViewCell.m; path = "PushQuery/View Controllers/PQTableViewCell.m"; sourceTree = SOURCE_ROOT; };
		8C4E311519C9FFB36B6EB68D /* Pods-PushQuery.debug.xcconfig */ = {isa = PBXFileReference; includeInIndex = 1; lastKnownFileType = text.xcconfig; name = "Pods-PushQuery.debug.xcconfig"; path = "Pods/Target Support Files/Pods-PushQuery/Pods-PushQuery.debug.xcconfig"; sourceTree = "<group>"; };
		C934212345A9EA6CF9FDB64C /* libPods-PushQueryUITests.a */ = {isa = PBXFileReference; explicitFileType = archive.ar; includeInIndex = 0; path = "libPods-PushQueryUITests.a"; sourceTree = BUILT_PRODUCTS_DIR; };
		D633F574BB4EE9131BFA53D4 /* Pods-PushQueryTests.release.xcconfig */ = {isa = PBXFileReference; includeInIndex = 1; lastKnownFileType = text.xcconfig; name = "Pods-PushQueryTests.release.xcconfig"; path = "Pods/Target Support Files/Pods-PushQueryTests/Pods-PushQueryTests.release.xcconfig"; sourceTree = "<group>"; };
		E1B8D0FFD32783D151131E91 /* Pods-PushQueryTests.debug.xcconfig */ = {isa = PBXFileReference; includeInIndex = 1; lastKnownFileType = text.xcconfig; name = "Pods-PushQueryTests.debug.xcconfig"; path = "Pods/Target Support Files/Pods-PushQueryTests/Pods-PushQueryTests.debug.xcconfig"; sourceTree = "<group>"; };
		E3BD0B71AD8CAECF475EF4F9 /* Pods-PushQuery.release.xcconfig */ = {isa = PBXFileReference; includeInIndex = 1; lastKnownFileType = text.xcconfig; name = "Pods-PushQuery.release.xcconfig"; path = "Pods/Target Support Files/Pods-PushQuery/Pods-PushQuery.release.xcconfig"; sourceTree = "<group>"; };
		F74ABBB6AECEC66D3218C097 /* Pods-PushQueryUITests.debug.xcconfig */ = {isa = PBXFileReference; includeInIndex = 1; lastKnownFileType = text.xcconfig; name = "Pods-PushQueryUITests.debug.xcconfig"; path = "Pods/Target Support Files/Pods-PushQueryUITests/Pods-PushQueryUITests.debug.xcconfig"; sourceTree = "<group>"; };
/* End PBXFileReference section */

/* Begin PBXFrameworksBuildPhase section */
		7D12CAB41C8A30280021519B /* Frameworks */ = {
			isa = PBXFrameworksBuildPhase;
			buildActionMask = 2147483647;
			files = (
				7DF930BA1CC931D100B01FD1 /* Security.framework in Frameworks */,
				7DFEDD0E1CB6F81500166383 /* SafariServices.framework in Frameworks */,
				7DB4366C1CAD7C3500501D60 /* CoreGraphics.framework in Frameworks */,
				7DB4366A1CAD7C2C00501D60 /* QuartzCore.framework in Frameworks */,
				74CA3C1A5192946EB73200F0 /* libPods-PushQuery.a in Frameworks */,
			);
			runOnlyForDeploymentPostprocessing = 0;
		};
		7D12CAD01C8A30280021519B /* Frameworks */ = {
			isa = PBXFrameworksBuildPhase;
			buildActionMask = 2147483647;
			files = (
				72A46043BCCA9610379E880C /* libPods-PushQueryTests.a in Frameworks */,
			);
			runOnlyForDeploymentPostprocessing = 0;
		};
		7D12CADB1C8A30280021519B /* Frameworks */ = {
			isa = PBXFrameworksBuildPhase;
			buildActionMask = 2147483647;
			files = (
				23121BD31E1F1849002951F6 /* libPods-PushQueryUITests.a in Frameworks */,
			);
			runOnlyForDeploymentPostprocessing = 0;
		};
/* End PBXFrameworksBuildPhase section */

/* Begin PBXGroup section */
		66B7AE51037FEEBA457D7D38 /* Frameworks */ = {
			isa = PBXGroup;
			children = (
				7DF930B91CC931D100B01FD1 /* Security.framework */,
				7DFEDD0D1CB6F81500166383 /* SafariServices.framework */,
				7DB4366B1CAD7C3500501D60 /* CoreGraphics.framework */,
				7DB436691CAD7C2C00501D60 /* QuartzCore.framework */,
				6737F2639D4B2D4F6D793D28 /* libPods-PushQuery.a */,
				5AF441454C44F3B849711C64 /* libPods-PushQueryTests.a */,
				C934212345A9EA6CF9FDB64C /* libPods-PushQueryUITests.a */,
			);
			name = Frameworks;
			sourceTree = "<group>";
		};
		7D09C8551CB3191200962A23 /* UIViewController+Email */ = {
			isa = PBXGroup;
			children = (
				7D09C8561CB3193600962A23 /* UIViewController+Email.h */,
				7D09C8571CB3193600962A23 /* UIViewController+Email.m */,
			);
			name = "UIViewController+Email";
			sourceTree = "<group>";
		};
		7D09C8671CB4152100962A23 /* UIViewController+Syncing */ = {
			isa = PBXGroup;
			children = (
				7D09C86B1CB4153C00962A23 /* UIViewController+Syncing.h */,
				7D09C86C1CB4153C00962A23 /* UIViewController+Syncing.m */,
				7D09C8701CB4155100962A23 /* SyncViewController */,
				7D09C8811CB4186600962A23 /* Icons */,
			);
			name = "UIViewController+Syncing";
			sourceTree = "<group>";
		};
		7D09C8701CB4155100962A23 /* SyncViewController */ = {
			isa = PBXGroup;
			children = (
				7D09C8681CB4153C00962A23 /* SyncViewController.h */,
				7D09C8691CB4153C00962A23 /* SyncViewController.m */,
				7D09C86A1CB4153C00962A23 /* SyncViewController.xib */,
			);
			name = SyncViewController;
			sourceTree = "<group>";
		};
		7D09C8811CB4186600962A23 /* Icons */ = {
			isa = PBXGroup;
			children = (
				7D09C8711CB4185F00962A23 /* syncview_check.png */,
				7D09C8721CB4185F00962A23 /* syncview_check@2x.png */,
				7D09C8731CB4185F00962A23 /* syncview_exclamation.png */,
				7D09C8741CB4185F00962A23 /* syncview_exclamation@2x.png */,
				7D09C8751CB4185F00962A23 /* syncview_question.png */,
				7D09C8761CB4185F00962A23 /* syncview_question@2x.png */,
				7D09C8771CB4185F00962A23 /* syncview_x.png */,
				7D09C8781CB4185F00962A23 /* syncview_x@2x.png */,
			);
			name = Icons;
			sourceTree = "<group>";
		};
		7D12CAAE1C8A30280021519B = {
			isa = PBXGroup;
			children = (
				7D12CAB91C8A30280021519B /* PushQuery */,
				7D12CAD61C8A30280021519B /* PushQueryTests */,
				7D12CAE11C8A30280021519B /* PushQueryUITests */,
				7D12CAB81C8A30280021519B /* Products */,
				66B7AE51037FEEBA457D7D38 /* Frameworks */,
				8BF08E050897CED8111F48A2 /* Pods */,
			);
			sourceTree = "<group>";
		};
		7D12CAB81C8A30280021519B /* Products */ = {
			isa = PBXGroup;
			children = (
				7D12CAB71C8A30280021519B /* PushQuery.app */,
				7D12CAD31C8A30280021519B /* PushQuery.xctest */,
				7D12CADE1C8A30280021519B /* PushQuery.xctest */,
			);
			name = Products;
			sourceTree = "<group>";
		};
		7D12CAB91C8A30280021519B /* PushQuery */ = {
			isa = PBXGroup;
			children = (
				7D12CAF81C8A49260021519B /* IMPORTS */,
				7D12CAFB1C8A49380021519B /* AKDebuggerRules */,
				7D12CB091C8A4B2E0021519B /* PQPrivateInfo */,
				7D50AB441CBEDCE40086DAF1 /* PQCentralDispatch */,
				7D12CABD1C8A30280021519B /* AppDelegate.h */,
				7D12CABE1C8A30280021519B /* AppDelegate.m */,
				7D12CAF11C8A47D60021519B /* Storyboards */,
				7D12CAF01C8A47CD0021519B /* View Controllers */,
				7D12CAF21C8A482B0021519B /* Data Managers */,
				7D12CAC91C8A30280021519B /* Assets.xcassets */,
				7D12CABA1C8A30280021519B /* Supporting Files */,
				7D1D63871CB547DC008DDD2E /* UNUSED */,
			);
			path = PushQuery;
			sourceTree = "<group>";
		};
		7D12CABA1C8A30280021519B /* Supporting Files */ = {
			isa = PBXGroup;
			children = (
				7D12CACE1C8A30280021519B /* Info.plist */,
				7D12CABB1C8A30280021519B /* main.m */,
			);
			name = "Supporting Files";
			sourceTree = "<group>";
		};
		7D12CAD61C8A30280021519B /* PushQueryTests */ = {
			isa = PBXGroup;
			children = (
				7D12CAD71C8A30280021519B /* PushQueryTests.m */,
				7D12CAD91C8A30280021519B /* Info.plist */,
			);
			path = PushQueryTests;
			sourceTree = "<group>";
		};
		7D12CAE11C8A30280021519B /* PushQueryUITests */ = {
			isa = PBXGroup;
			children = (
				7D12CAE21C8A30280021519B /* PushQueryUITests.m */,
				7D12CAE41C8A30280021519B /* Info.plist */,
			);
			path = PushQueryUITests;
			sourceTree = "<group>";
		};
		7D12CAF01C8A47CD0021519B /* View Controllers */ = {
			isa = PBXGroup;
			children = (
				7DE38D861C9B11CE000A02F0 /* Protocols */,
				7D50AB401CBEDBE00086DAF1 /* PQRootViewController */,
				7D5A655E1CA0718500D7AE8D /* PQLoginViewController */,
				7DBB1F101CA4333800C7C403 /* PQSurveysTableViewController */,
				7DBB1F111CA4334700C7C403 /* PQSurveyTableViewController */,
				7DBB1F131CA4336600C7C403 /* PQResultsViewController */,
			);
			path = "View Controllers";
			sourceTree = "<group>";
		};
		7D12CAF11C8A47D60021519B /* Storyboards */ = {
			isa = PBXGroup;
			children = (
				7D12CACB1C8A30280021519B /* LaunchScreen.storyboard */,
				7D12CAC31C8A30280021519B /* Main.storyboard */,
			);
			name = Storyboards;
			sourceTree = "<group>";
		};
		7D12CAF21C8A482B0021519B /* Data Managers */ = {
			isa = PBXGroup;
			children = (
				7D12CB111C8A4F860021519B /* Protocols */,
				7DBB1F161CA44A2600C7C403 /* Data Manager */,
				7D12CB0D1C8A4EA30021519B /* Login Manager */,
				7DBB1F1B1CA9B13800C7C403 /* Notifications Manager */,
				7D12CAF41C8A48910021519B /* Firebase */,
				7D43DDB81CB83EB100FEA394 /* Sync Engine */,
				7D12CAF31C8A48310021519B /* Core Data */,
			);
			path = "Data Managers";
			sourceTree = "<group>";
		};
		7D12CAF31C8A48310021519B /* Core Data */ = {
			isa = PBXGroup;
			children = (
				7D12CAC61C8A30280021519B /* PushQuery.xcdatamodeld */,
				7D12CB201C8A69FC0021519B /* PQCoreDataController */,
				7D43DDC01CBE8F0400FEA394 /* PQManagedObject */,
				7D12CB1C1C8A69660021519B /* PQUser */,
				7DE38D6F1C99D728000A02F0 /* PQSurvey */,
				7DE38D711C99D734000A02F0 /* PQQuestion */,
				7DE38D721C99D73C000A02F0 /* PQChoice */,
				7DE38D701C99D72E000A02F0 /* PQResponse */,
			);
			path = "Core Data";
			sourceTree = "<group>";
		};
		7D12CAF41C8A48910021519B /* Firebase */ = {
			isa = PBXGroup;
			children = (
				7D19E2821C8E1CA700020305 /* PQFirebaseProtocols.h */,
				7D7DE7F41C8E1A3600FFA637 /* PQFirebaseNotifications.h */,
				7D12CAF51C8A48D10021519B /* PQFirebaseController.h */,
				7D12CB131C8A51C40021519B /* PQFirebaseController+Auth.h */,
				7D12CAF61C8A48D10021519B /* PQFirebaseController.m */,
				7DDE78571C93290900241A80 /* AMLFirebaseQuery */,
			);
			name = Firebase;
			sourceTree = "<group>";
		};
		7D12CAF81C8A49260021519B /* IMPORTS */ = {
			isa = PBXGroup;
			children = (
				7D12CAF91C8A492B0021519B /* AKDebugger */,
				7D12CAFA1C8A49310021519B /* AKGenerics */,
				7D12CB051C8A4A340021519B /* NSObject+Basics */,
				7DE38D4F1C936756000A02F0 /* NSArray+Extras */,
				7DE38D911C9D9239000A02F0 /* UIAlertController+Info */,
				7DE38D881C9C5ED5000A02F0 /* UITableView+Extras */,
				7D09C8551CB3191200962A23 /* UIViewController+Email */,
				7D5A65621CA0797C00D7AE8D /* UIViewController+Keyboard */,
				7D09C8671CB4152100962A23 /* UIViewController+Syncing */,
			);
			name = IMPORTS;
			sourceTree = "<group>";
		};
		7D12CAF91C8A492B0021519B /* AKDebugger */ = {
			isa = PBXGroup;
			children = (
				7D12CAFC1C8A49560021519B /* AKDebugger.h */,
				7D12CAFD1C8A49560021519B /* AKDebugger.m */,
			);
			name = AKDebugger;
			sourceTree = "<group>";
		};
		7D12CAFA1C8A49310021519B /* AKGenerics */ = {
			isa = PBXGroup;
			children = (
				7D12CAFF1C8A49660021519B /* AKGenerics.h */,
				7D12CB001C8A49660021519B /* AKGenerics.m */,
				7DF930BB1CC9330800B01FD1 /* NSData+Encryption */,
			);
			name = AKGenerics;
			sourceTree = "<group>";
		};
		7D12CAFB1C8A49380021519B /* AKDebuggerRules */ = {
			isa = PBXGroup;
			children = (
				7D12CB021C8A49760021519B /* AKDebuggerRules.h */,
				7D12CB031C8A49760021519B /* AKDebuggerRules.m */,
			);
			name = AKDebuggerRules;
			sourceTree = "<group>";
		};
		7D12CB051C8A4A340021519B /* NSObject+Basics */ = {
			isa = PBXGroup;
			children = (
				7D12CB061C8A4A7D0021519B /* NSObject+Basics.h */,
				7D12CB071C8A4A7D0021519B /* NSObject+Basics.m */,
			);
			name = "NSObject+Basics";
			sourceTree = "<group>";
		};
		7D12CB091C8A4B2E0021519B /* PQPrivateInfo */ = {
			isa = PBXGroup;
			children = (
				7D12CB0A1C8A4B4F0021519B /* PQPrivateInfo.h */,
				7D12CB0B1C8A4B4F0021519B /* PQPrivateInfo.m */,
			);
			name = PQPrivateInfo;
			sourceTree = "<group>";
		};
		7D12CB0D1C8A4EA30021519B /* Login Manager */ = {
			isa = PBXGroup;
			children = (
				7D12CB0E1C8A4EBA0021519B /* PQLoginManager.h */,
				7D12CB0F1C8A4EBA0021519B /* PQLoginManager.m */,
			);
			name = "Login Manager";
			sourceTree = "<group>";
		};
		7D12CB111C8A4F860021519B /* Protocols */ = {
			isa = PBXGroup;
			children = (
				7D12CB121C8A4F9E0021519B /* PQUserProtocols.h */,
				7DE38D531C99BA32000A02F0 /* PQSurveyProtocols.h */,
				7DE38D541C99BA88000A02F0 /* PQQuestionProtocols.h */,
				7DE38D561C99BC67000A02F0 /* PQChoiceProtocols.h */,
				7DE38D551C99BAB3000A02F0 /* PQResponseProtocols.h */,
			);
			name = Protocols;
			sourceTree = "<group>";
		};
		7D12CB1C1C8A69660021519B /* PQUser */ = {
			isa = PBXGroup;
			children = (
				7D12CB181C8A69610021519B /* PQUser.h */,
				7D12CB191C8A69610021519B /* PQUser.m */,
				7D12CB161C8A69610021519B /* PQUser+CoreDataProperties.h */,
				7D12CB171C8A69610021519B /* PQUser+CoreDataProperties.m */,
			);
			name = PQUser;
			sourceTree = "<group>";
		};
		7D12CB201C8A69FC0021519B /* PQCoreDataController */ = {
			isa = PBXGroup;
			children = (
				7D12CB1D1C8A69F20021519B /* PQCoreDataController.h */,
				7D0EDFA81CC8250900ACFE53 /* PQCoreDataController+PRIVATE.h */,
				7D12CB1E1C8A69F20021519B /* PQCoreDataController.m */,
			);
			name = PQCoreDataController;
			sourceTree = "<group>";
		};
		7D1D63871CB547DC008DDD2E /* UNUSED */ = {
			isa = PBXGroup;
			children = (
				7DE38D8C1C9D8A37000A02F0 /* Mock Data */,
			);
			name = UNUSED;
			sourceTree = "<group>";
		};
		7D43DDB81CB83EB100FEA394 /* Sync Engine */ = {
			isa = PBXGroup;
			children = (
				7D43DDB91CB83ED600FEA394 /* PQSyncEngine.h */,
				7D43DDBA1CB83ED600FEA394 /* PQSyncEngine.m */,
			);
			name = "Sync Engine";
			sourceTree = "<group>";
		};
		7D43DDC01CBE8F0400FEA394 /* PQManagedObject */ = {
			isa = PBXGroup;
			children = (
				7D43DDC31CBE911B00FEA394 /* PQManagedObject.h */,
				7D43DDC41CBE911B00FEA394 /* PQManagedObject.m */,
				7D43DDC11CBE911B00FEA394 /* PQManagedObject+CoreDataProperties.h */,
				7D43DDC21CBE911B00FEA394 /* PQManagedObject+CoreDataProperties.m */,
			);
			name = PQManagedObject;
			sourceTree = "<group>";
		};
		7D50AB401CBEDBE00086DAF1 /* PQRootViewController */ = {
			isa = PBXGroup;
			children = (
				7D50AB411CBEDBF70086DAF1 /* PQRootViewController.h */,
				7D50AB421CBEDBF70086DAF1 /* PQRootViewController.m */,
			);
			name = PQRootViewController;
			sourceTree = "<group>";
		};
		7D50AB441CBEDCE40086DAF1 /* PQCentralDispatch */ = {
			isa = PBXGroup;
			children = (
				7D50AB451CBEDD0D0086DAF1 /* PQCentralDispatch.h */,
				7D50AB481CBEDD1B0086DAF1 /* PQCentralDispatch+Delegates.h */,
				7D50AB461CBEDD0D0086DAF1 /* PQCentralDispatch.m */,
			);
			name = PQCentralDispatch;
			sourceTree = "<group>";
		};
		7D5A655A1CA03FBD00D7AE8D /* Mock Survey */ = {
			isa = PBXGroup;
			children = (
				7D5A655B1CA03FD400D7AE8D /* PQMockSurvey.h */,
				7D5A655C1CA03FD400D7AE8D /* PQMockSurvey.m */,
			);
			name = "Mock Survey";
			sourceTree = "<group>";
		};
		7D5A655E1CA0718500D7AE8D /* PQLoginViewController */ = {
			isa = PBXGroup;
			children = (
				7D5A655F1CA0719900D7AE8D /* PQLoginViewController.h */,
				7D5A65601CA0719900D7AE8D /* PQLoginViewController.m */,
			);
			name = PQLoginViewController;
			sourceTree = "<group>";
		};
		7D5A65621CA0797C00D7AE8D /* UIViewController+Keyboard */ = {
			isa = PBXGroup;
			children = (
				7D5A65631CA0799800D7AE8D /* UIViewController+Keyboard.h */,
				7D5A65641CA0799800D7AE8D /* UIViewController+Keyboard.m */,
			);
			name = "UIViewController+Keyboard";
			sourceTree = "<group>";
		};
		7DBB1F101CA4333800C7C403 /* PQSurveysTableViewController */ = {
			isa = PBXGroup;
			children = (
				7DE38D7A1C9A0C18000A02F0 /* PQSurveysTableViewController.h */,
				7DE38D7B1C9A0C18000A02F0 /* PQSurveysTableViewController.m */,
			);
			name = PQSurveysTableViewController;
			path = "../Data Managers/Core Data";
			sourceTree = "<group>";
		};
		7DBB1F111CA4334700C7C403 /* PQSurveyTableViewController */ = {
			isa = PBXGroup;
			children = (
				7DE38D7D1C9A0C21000A02F0 /* PQSurveyTableViewController.h */,
				7DE38D7E1C9A0C21000A02F0 /* PQSurveyTableViewController.m */,
				7DBB1F121CA4335800C7C403 /* PQSurveyTableViewCell */,
				7DBB1F171CA98F8100C7C403 /* PQSurveyTimingCell */,
			);
			name = PQSurveyTableViewController;
			path = "../Data Managers/Core Data";
			sourceTree = "<group>";
		};
		7DBB1F121CA4335800C7C403 /* PQSurveyTableViewCell */ = {
			isa = PBXGroup;
			children = (
				7DE38D801C9A0C37000A02F0 /* PQSurveyTableViewCell.h */,
				7DE38D811C9A0C37000A02F0 /* PQSurveyTableViewCell.m */,
			);
			name = PQSurveyTableViewCell;
			sourceTree = "<group>";
		};
		7DBB1F131CA4336600C7C403 /* PQResultsViewController */ = {
			isa = PBXGroup;
			children = (
				7DE38D831C9A0C45000A02F0 /* PQResultsViewController.h */,
				7DE38D841C9A0C45000A02F0 /* PQResultsViewController.m */,
				7DBB1F261CAAF4C600C7C403 /* PQGraphViewController */,
				7DFEDD0F1CB7445700166383 /* PQTableViewCell */,
				7DBB1F271CAAF4D600C7C403 /* PQResultsTableViewController */,
				7DBB1F281CAAF4F400C7C403 /* PQResponsesTableViewController */,
			);
			name = PQResultsViewController;
			path = "../Data Managers/Core Data";
			sourceTree = "<group>";
		};
		7DBB1F161CA44A2600C7C403 /* Data Manager */ = {
			isa = PBXGroup;
			children = (
				7D7DE7EF1C8B6D8100FFA637 /* PQDataManager.h */,
				7D7DE7F01C8B6D8100FFA637 /* PQDataManager.m */,
			);
			name = "Data Manager";
			sourceTree = "<group>";
		};
		7DBB1F171CA98F8100C7C403 /* PQSurveyTimingCell */ = {
			isa = PBXGroup;
			children = (
				7DBB1F181CA98FBA00C7C403 /* PQSurveyTimingCell.h */,
				7DBB1F191CA98FBA00C7C403 /* PQSurveyTimingCell.m */,
			);
			name = PQSurveyTimingCell;
			sourceTree = "<group>";
		};
		7DBB1F1B1CA9B13800C7C403 /* Notifications Manager */ = {
			isa = PBXGroup;
			children = (
				7DBB1F1C1CA9B16200C7C403 /* PQNotificationsManager.h */,
				7DBB1F1D1CA9B16200C7C403 /* PQNotificationsManager.m */,
			);
			name = "Notifications Manager";
			sourceTree = "<group>";
		};
		7DBB1F261CAAF4C600C7C403 /* PQGraphViewController */ = {
			isa = PBXGroup;
			children = (
				7DBB1F2F1CAAF55000C7C403 /* PQGraphViewController.h */,
				7DBB1F301CAAF55000C7C403 /* PQGraphViewController.m */,
			);
			name = PQGraphViewController;
			sourceTree = "<group>";
		};
		7DBB1F271CAAF4D600C7C403 /* PQResultsTableViewController */ = {
			isa = PBXGroup;
			children = (
				7DBB1F2C1CAAF53B00C7C403 /* PQResultsTableViewController.h */,
				7DBB1F2D1CAAF53B00C7C403 /* PQResultsTableViewController.m */,
			);
			name = PQResultsTableViewController;
			sourceTree = "<group>";
		};
		7DBB1F281CAAF4F400C7C403 /* PQResponsesTableViewController */ = {
			isa = PBXGroup;
			children = (
				7DBB1F291CAAF52700C7C403 /* PQResponsesTableViewController.h */,
				7DBB1F2A1CAAF52700C7C403 /* PQResponsesTableViewController.m */,
			);
			name = PQResponsesTableViewController;
			sourceTree = "<group>";
		};
		7DDE78571C93290900241A80 /* AMLFirebaseQuery */ = {
			isa = PBXGroup;
			children = (
				7DDE78511C93234D00241A80 /* PQFirebaseQuery.h */,
				7DDE78541C9328FC00241A80 /* PQFirebaseQuery+FQuery.h */,
				7DDE78521C93234D00241A80 /* PQFirebaseQuery.m */,
			);
			name = AMLFirebaseQuery;
			path = Firebase/AMLFirebaseQuery;
			sourceTree = "<group>";
		};
		7DE38D4F1C936756000A02F0 /* NSArray+Extras */ = {
			isa = PBXGroup;
			children = (
				7DE38D501C936775000A02F0 /* NSArray+Extras.h */,
				7DE38D511C936775000A02F0 /* NSArray+Extras.m */,
			);
			name = "NSArray+Extras";
			sourceTree = "<group>";
		};
		7DE38D6F1C99D728000A02F0 /* PQSurvey */ = {
			isa = PBXGroup;
			children = (
				7DE38D591C99D6EB000A02F0 /* PQSurvey.h */,
				7DE38D5A1C99D6EB000A02F0 /* PQSurvey.m */,
				7DE38D571C99D6EB000A02F0 /* PQSurvey+CoreDataProperties.h */,
				7DE38D581C99D6EB000A02F0 /* PQSurvey+CoreDataProperties.m */,
			);
			name = PQSurvey;
			sourceTree = "<group>";
		};
		7DE38D701C99D72E000A02F0 /* PQResponse */ = {
			isa = PBXGroup;
			children = (
				7DE38D5D1C99D6EB000A02F0 /* PQResponse.h */,
				7DE38D5E1C99D6EB000A02F0 /* PQResponse.m */,
				7DE38D5B1C99D6EB000A02F0 /* PQResponse+CoreDataProperties.h */,
				7DE38D5C1C99D6EB000A02F0 /* PQResponse+CoreDataProperties.m */,
			);
			name = PQResponse;
			sourceTree = "<group>";
		};
		7DE38D711C99D734000A02F0 /* PQQuestion */ = {
			isa = PBXGroup;
			children = (
				7DE38D611C99D6EB000A02F0 /* PQQuestion.h */,
				7DE38D621C99D6EB000A02F0 /* PQQuestion.m */,
				7DE38D5F1C99D6EB000A02F0 /* PQQuestion+CoreDataProperties.h */,
				7DE38D601C99D6EB000A02F0 /* PQQuestion+CoreDataProperties.m */,
			);
			name = PQQuestion;
			sourceTree = "<group>";
		};
		7DE38D721C99D73C000A02F0 /* PQChoice */ = {
			isa = PBXGroup;
			children = (
				7DE38D651C99D6EB000A02F0 /* PQChoice.h */,
				7DE38D661C99D6EB000A02F0 /* PQChoice.m */,
				7DE38D631C99D6EB000A02F0 /* PQChoice+CoreDataProperties.h */,
				7DE38D641C99D6EB000A02F0 /* PQChoice+CoreDataProperties.m */,
			);
			name = PQChoice;
			sourceTree = "<group>";
		};
		7DE38D861C9B11CE000A02F0 /* Protocols */ = {
			isa = PBXGroup;
			children = (
				7D50AB4C1CBEE3C00086DAF1 /* PQLoginUIProtocol.h */,
				7DE38D871C9B11ED000A02F0 /* PQSurveyUIProtocol.h */,
				7DBB1F321CAAFAB000C7C403 /* PQQuestionUIProtocol.h */,
			);
			name = Protocols;
			sourceTree = "<group>";
		};
		7DE38D881C9C5ED5000A02F0 /* UITableView+Extras */ = {
			isa = PBXGroup;
			children = (
				7DE38D891C9C5EF4000A02F0 /* UITableView+Extras.h */,
				7DE38D8A1C9C5EF4000A02F0 /* UITableView+Extras.m */,
			);
			name = "UITableView+Extras";
			sourceTree = "<group>";
		};
		7DE38D8C1C9D8A37000A02F0 /* Mock Data */ = {
			isa = PBXGroup;
			children = (
				7D5A655A1CA03FBD00D7AE8D /* Mock Survey */,
				7DE38D8D1C9D8A4A000A02F0 /* Mock Question */,
			);
			name = "Mock Data";
			path = "Data Managers";
			sourceTree = "<group>";
		};
		7DE38D8D1C9D8A4A000A02F0 /* Mock Question */ = {
			isa = PBXGroup;
			children = (
				7DE38D8E1C9D8A70000A02F0 /* PQMockQuestion.h */,
				7DE38D8F1C9D8A70000A02F0 /* PQMockQuestion.m */,
			);
			name = "Mock Question";
			sourceTree = "<group>";
		};
		7DE38D911C9D9239000A02F0 /* UIAlertController+Info */ = {
			isa = PBXGroup;
			children = (
				7DE38D921C9D924C000A02F0 /* UIAlertController+Info.h */,
				7DE38D931C9D924C000A02F0 /* UIAlertController+Info.m */,
			);
			name = "UIAlertController+Info";
			sourceTree = "<group>";
		};
		7DF930BB1CC9330800B01FD1 /* NSData+Encryption */ = {
			isa = PBXGroup;
			children = (
				7DF930BC1CC9332700B01FD1 /* NSData+Encryption.h */,
				7DF930BD1CC9332700B01FD1 /* NSData+Encryption.m */,
			);
			name = "NSData+Encryption";
			sourceTree = "<group>";
		};
		7DFEDD0F1CB7445700166383 /* PQTableViewCell */ = {
			isa = PBXGroup;
			children = (
				7DFEDD101CB7447700166383 /* PQTableViewCell.h */,
				7DFEDD111CB7447700166383 /* PQTableViewCell.m */,
			);
			name = PQTableViewCell;
			sourceTree = "<group>";
		};
		8BF08E050897CED8111F48A2 /* Pods */ = {
			isa = PBXGroup;
			children = (
				8C4E311519C9FFB36B6EB68D /* Pods-PushQuery.debug.xcconfig */,
				E3BD0B71AD8CAECF475EF4F9 /* Pods-PushQuery.release.xcconfig */,
				E1B8D0FFD32783D151131E91 /* Pods-PushQueryTests.debug.xcconfig */,
				D633F574BB4EE9131BFA53D4 /* Pods-PushQueryTests.release.xcconfig */,
				F74ABBB6AECEC66D3218C097 /* Pods-PushQueryUITests.debug.xcconfig */,
				633209C070509B74DE7F7BD9 /* Pods-PushQueryUITests.release.xcconfig */,
			);
			name = Pods;
			sourceTree = "<group>";
		};
/* End PBXGroup section */

/* Begin PBXNativeTarget section */
		7D12CAB61C8A30280021519B /* PushQuery */ = {
			isa = PBXNativeTarget;
			buildConfigurationList = 7D12CAE71C8A30280021519B /* Build configuration list for PBXNativeTarget "PushQuery" */;
			buildPhases = (
				F3F71681C040A73B9FCAC8A6 /* Check Pods Manifest.lock */,
				7D12CAB31C8A30280021519B /* Sources */,
				7D12CAB41C8A30280021519B /* Frameworks */,
				7D12CAB51C8A30280021519B /* Resources */,
				78A2DB4D03F39EE6CB72A307 /* Embed Pods Frameworks */,
				5094F1F85A5D4C3FD650DC4F /* Copy Pods Resources */,
				7D21B1DC1CB823AF007914BF /* ShellScript */,
			);
			buildRules = (
			);
			dependencies = (
			);
			name = PushQuery;
			productName = AskMeLater;
			productReference = 7D12CAB71C8A30280021519B /* PushQuery.app */;
			productType = "com.apple.product-type.application";
		};
		7D12CAD21C8A30280021519B /* PushQueryTests */ = {
			isa = PBXNativeTarget;
			buildConfigurationList = 7D12CAEA1C8A30280021519B /* Build configuration list for PBXNativeTarget "PushQueryTests" */;
			buildPhases = (
				0CD5CA1ABEFBECE6F3C15F4B /* Check Pods Manifest.lock */,
				7D12CACF1C8A30280021519B /* Sources */,
				7D12CAD01C8A30280021519B /* Frameworks */,
				7D12CAD11C8A30280021519B /* Resources */,
				E92ED9085F1BCF53EAEE9331 /* Embed Pods Frameworks */,
				98662111C84534591F2986BE /* Copy Pods Resources */,
			);
			buildRules = (
			);
			dependencies = (
				7D12CAD51C8A30280021519B /* PBXTargetDependency */,
			);
			name = PushQueryTests;
			productName = AskMeLaterTests;
			productReference = 7D12CAD31C8A30280021519B /* PushQuery.xctest */;
			productType = "com.apple.product-type.bundle.unit-test";
		};
		7D12CADD1C8A30280021519B /* PushQueryUITests */ = {
			isa = PBXNativeTarget;
			buildConfigurationList = 7D12CAED1C8A30280021519B /* Build configuration list for PBXNativeTarget "PushQueryUITests" */;
			buildPhases = (
				7BDAE26FC75682D6D289D978 /* Check Pods Manifest.lock */,
				7D12CADA1C8A30280021519B /* Sources */,
				7D12CADB1C8A30280021519B /* Frameworks */,
				7D12CADC1C8A30280021519B /* Resources */,
				0BA0170B3F11DCC65B55A194 /* Copy Pods Resources */,
			);
			buildRules = (
			);
			dependencies = (
				7D12CAE01C8A30280021519B /* PBXTargetDependency */,
			);
			name = PushQueryUITests;
			productName = AskMeLaterUITests;
			productReference = 7D12CADE1C8A30280021519B /* PushQuery.xctest */;
			productType = "com.apple.product-type.bundle.ui-testing";
		};
/* End PBXNativeTarget section */

/* Begin PBXProject section */
		7D12CAAF1C8A30280021519B /* Project object */ = {
			isa = PBXProject;
			attributes = {
				LastUpgradeCheck = 0720;
				ORGANIZATIONNAME = "Flatiron School";
				TargetAttributes = {
					7D12CAB61C8A30280021519B = {
						CreatedOnToolsVersion = 7.2.1;
						DevelopmentTeam = 2D5JKD3JJW;
					};
					7D12CAD21C8A30280021519B = {
						CreatedOnToolsVersion = 7.2.1;
						TestTargetID = 7D12CAB61C8A30280021519B;
					};
					7D12CADD1C8A30280021519B = {
						CreatedOnToolsVersion = 7.2.1;
						TestTargetID = 7D12CAB61C8A30280021519B;
					};
				};
			};
			buildConfigurationList = 7D12CAB21C8A30280021519B /* Build configuration list for PBXProject "PushQuery" */;
			compatibilityVersion = "Xcode 3.2";
			developmentRegion = English;
			hasScannedForEncodings = 0;
			knownRegions = (
				en,
				Base,
			);
			mainGroup = 7D12CAAE1C8A30280021519B;
			productRefGroup = 7D12CAB81C8A30280021519B /* Products */;
			projectDirPath = "";
			projectRoot = "";
			targets = (
				7D12CAB61C8A30280021519B /* PushQuery */,
				7D12CAD21C8A30280021519B /* PushQueryTests */,
				7D12CADD1C8A30280021519B /* PushQueryUITests */,
			);
		};
/* End PBXProject section */

/* Begin PBXResourcesBuildPhase section */
		7D12CAB51C8A30280021519B /* Resources */ = {
			isa = PBXResourcesBuildPhase;
			buildActionMask = 2147483647;
			files = (
				7D09C87B1CB4185F00962A23 /* syncview_exclamation.png in Resources */,
				7D12CACD1C8A30280021519B /* LaunchScreen.storyboard in Resources */,
				7D09C87A1CB4185F00962A23 /* syncview_check@2x.png in Resources */,
				7D12CACA1C8A30280021519B /* Assets.xcassets in Resources */,
				7D09C87C1CB4185F00962A23 /* syncview_exclamation@2x.png in Resources */,
				7D09C87D1CB4185F00962A23 /* syncview_question.png in Resources */,
				7D12CAC51C8A30280021519B /* Main.storyboard in Resources */,
				7D09C8791CB4185F00962A23 /* syncview_check.png in Resources */,
				7D09C87E1CB4185F00962A23 /* syncview_question@2x.png in Resources */,
				7D09C8801CB4185F00962A23 /* syncview_x@2x.png in Resources */,
				7D09C87F1CB4185F00962A23 /* syncview_x.png in Resources */,
				7D09C86E1CB4153C00962A23 /* SyncViewController.xib in Resources */,
			);
			runOnlyForDeploymentPostprocessing = 0;
		};
		7D12CAD11C8A30280021519B /* Resources */ = {
			isa = PBXResourcesBuildPhase;
			buildActionMask = 2147483647;
			files = (
			);
			runOnlyForDeploymentPostprocessing = 0;
		};
		7D12CADC1C8A30280021519B /* Resources */ = {
			isa = PBXResourcesBuildPhase;
			buildActionMask = 2147483647;
			files = (
			);
			runOnlyForDeploymentPostprocessing = 0;
		};
/* End PBXResourcesBuildPhase section */

/* Begin PBXShellScriptBuildPhase section */
		0BA0170B3F11DCC65B55A194 /* Copy Pods Resources */ = {
			isa = PBXShellScriptBuildPhase;
			buildActionMask = 2147483647;
			files = (
			);
			inputPaths = (
			);
			name = "Copy Pods Resources";
			outputPaths = (
			);
			runOnlyForDeploymentPostprocessing = 0;
			shellPath = /bin/sh;
			shellScript = "\"${SRCROOT}/Pods/Target Support Files/Pods-PushQueryUITests/Pods-PushQueryUITests-resources.sh\"\n";
			showEnvVarsInLog = 0;
		};
		0CD5CA1ABEFBECE6F3C15F4B /* Check Pods Manifest.lock */ = {
			isa = PBXShellScriptBuildPhase;
			buildActionMask = 2147483647;
			files = (
			);
			inputPaths = (
			);
			name = "Check Pods Manifest.lock";
			outputPaths = (
			);
			runOnlyForDeploymentPostprocessing = 0;
			shellPath = /bin/sh;
			shellScript = "diff \"${PODS_ROOT}/../Podfile.lock\" \"${PODS_ROOT}/Manifest.lock\" > /dev/null\nif [[ $? != 0 ]] ; then\n    cat << EOM\nerror: The sandbox is not in sync with the Podfile.lock. Run 'pod install' or update your CocoaPods installation.\nEOM\n    exit 1\nfi\n";
			showEnvVarsInLog = 0;
		};
		5094F1F85A5D4C3FD650DC4F /* Copy Pods Resources */ = {
			isa = PBXShellScriptBuildPhase;
			buildActionMask = 2147483647;
			files = (
			);
			inputPaths = (
			);
			name = "Copy Pods Resources";
			outputPaths = (
			);
			runOnlyForDeploymentPostprocessing = 0;
			shellPath = /bin/sh;
			shellScript = "\"${SRCROOT}/Pods/Target Support Files/Pods-PushQuery/Pods-PushQuery-resources.sh\"\n";
			showEnvVarsInLog = 0;
		};
		78A2DB4D03F39EE6CB72A307 /* Embed Pods Frameworks */ = {
			isa = PBXShellScriptBuildPhase;
			buildActionMask = 2147483647;
			files = (
			);
			inputPaths = (
			);
			name = "Embed Pods Frameworks";
			outputPaths = (
			);
			runOnlyForDeploymentPostprocessing = 0;
			shellPath = /bin/sh;
			shellScript = "\"${SRCROOT}/Pods/Target Support Files/Pods-PushQuery/Pods-PushQuery-frameworks.sh\"\n";
			showEnvVarsInLog = 0;
		};
		7BDAE26FC75682D6D289D978 /* Check Pods Manifest.lock */ = {
			isa = PBXShellScriptBuildPhase;
			buildActionMask = 2147483647;
			files = (
			);
			inputPaths = (
			);
			name = "Check Pods Manifest.lock";
			outputPaths = (
			);
			runOnlyForDeploymentPostprocessing = 0;
			shellPath = /bin/sh;
			shellScript = "diff \"${PODS_ROOT}/../Podfile.lock\" \"${PODS_ROOT}/Manifest.lock\" > /dev/null\nif [[ $? != 0 ]] ; then\n    cat << EOM\nerror: The sandbox is not in sync with the Podfile.lock. Run 'pod install' or update your CocoaPods installation.\nEOM\n    exit 1\nfi\n";
			showEnvVarsInLog = 0;
		};
		7D21B1DC1CB823AF007914BF /* ShellScript */ = {
			isa = PBXShellScriptBuildPhase;
			buildActionMask = 2147483647;
			files = (
			);
			inputPaths = (
			);
			outputPaths = (
			);
			runOnlyForDeploymentPostprocessing = 0;
			shellPath = /bin/sh;
			shellScript = "\"${PODS_ROOT}/Fabric/run\" 9c9b4d6b5a99062bc2e065d01ee6f863a321298f d3d9b3c09d0ede34c63cd65f3137fbb1dca9b94ffab1be6bcfe163131fef7b86";
		};
		98662111C84534591F2986BE /* Copy Pods Resources */ = {
			isa = PBXShellScriptBuildPhase;
			buildActionMask = 2147483647;
			files = (
			);
			inputPaths = (
			);
			name = "Copy Pods Resources";
			outputPaths = (
			);
			runOnlyForDeploymentPostprocessing = 0;
			shellPath = /bin/sh;
			shellScript = "\"${SRCROOT}/Pods/Target Support Files/Pods-PushQueryTests/Pods-PushQueryTests-resources.sh\"\n";
			showEnvVarsInLog = 0;
		};
		E92ED9085F1BCF53EAEE9331 /* Embed Pods Frameworks */ = {
			isa = PBXShellScriptBuildPhase;
			buildActionMask = 2147483647;
			files = (
			);
			inputPaths = (
			);
			name = "Embed Pods Frameworks";
			outputPaths = (
			);
			runOnlyForDeploymentPostprocessing = 0;
			shellPath = /bin/sh;
			shellScript = "\"${SRCROOT}/Pods/Target Support Files/Pods-PushQueryTests/Pods-PushQueryTests-frameworks.sh\"\n";
			showEnvVarsInLog = 0;
		};
		F3F71681C040A73B9FCAC8A6 /* Check Pods Manifest.lock */ = {
			isa = PBXShellScriptBuildPhase;
			buildActionMask = 2147483647;
			files = (
			);
			inputPaths = (
			);
			name = "Check Pods Manifest.lock";
			outputPaths = (
			);
			runOnlyForDeploymentPostprocessing = 0;
			shellPath = /bin/sh;
			shellScript = "diff \"${PODS_ROOT}/../Podfile.lock\" \"${PODS_ROOT}/Manifest.lock\" > /dev/null\nif [[ $? != 0 ]] ; then\n    cat << EOM\nerror: The sandbox is not in sync with the Podfile.lock. Run 'pod install' or update your CocoaPods installation.\nEOM\n    exit 1\nfi\n";
			showEnvVarsInLog = 0;
		};
/* End PBXShellScriptBuildPhase section */

/* Begin PBXSourcesBuildPhase section */
		7D12CAB31C8A30280021519B /* Sources */ = {
			isa = PBXSourcesBuildPhase;
			buildActionMask = 2147483647;
			files = (
				7DBB1F151CA433E800C7C403 /* PQSurvey.m in Sources */,
				7DBB1F141CA433DD00C7C403 /* PQQuestion.m in Sources */,
				7D50AB471CBEDD0D0086DAF1 /* PQCentralDispatch.m in Sources */,
				7DE38D6E1C99D6EB000A02F0 /* PQChoice.m in Sources */,
				7D12CB041C8A49760021519B /* AKDebuggerRules.m in Sources */,
				7D12CAFE1C8A49560021519B /* AKDebugger.m in Sources */,
				7DE38D691C99D6EB000A02F0 /* PQResponse+CoreDataProperties.m in Sources */,
				7D09C8581CB3193600962A23 /* UIViewController+Email.m in Sources */,
				7DBB1F311CAAF55000C7C403 /* PQGraphViewController.m in Sources */,
				7D12CB101C8A4EBA0021519B /* PQLoginManager.m in Sources */,
				7D12CB011C8A49660021519B /* AKGenerics.m in Sources */,
				7D09C86F1CB4153C00962A23 /* UIViewController+Syncing.m in Sources */,
				7D09C86D1CB4153C00962A23 /* SyncViewController.m in Sources */,
				7DE38D8B1C9C5EF4000A02F0 /* UITableView+Extras.m in Sources */,
				7D12CAC81C8A30280021519B /* PushQuery.xcdatamodeld in Sources */,
				7D12CB0C1C8A4B4F0021519B /* PQPrivateInfo.m in Sources */,
				7D12CB1B1C8A69610021519B /* PQUser.m in Sources */,
				7D5A65611CA0719900D7AE8D /* PQLoginViewController.m in Sources */,
				7D12CAF71C8A48D10021519B /* PQFirebaseController.m in Sources */,
				7DE38D821C9A0C37000A02F0 /* PQSurveyTableViewCell.m in Sources */,
				7D43DDC61CBE911B00FEA394 /* PQManagedObject.m in Sources */,
				7D43DDBB1CB83ED600FEA394 /* PQSyncEngine.m in Sources */,
				7DE38D7C1C9A0C18000A02F0 /* PQSurveysTableViewController.m in Sources */,
				7DBB1F1A1CA98FBA00C7C403 /* PQSurveyTimingCell.m in Sources */,
				7D50AB431CBEDBF70086DAF1 /* PQRootViewController.m in Sources */,
				7D12CABF1C8A30280021519B /* AppDelegate.m in Sources */,
				7D7DE7F11C8B6D8100FFA637 /* PQDataManager.m in Sources */,
				7DE38D6B1C99D6EB000A02F0 /* PQQuestion+CoreDataProperties.m in Sources */,
				7DE38D671C99D6EB000A02F0 /* PQSurvey+CoreDataProperties.m in Sources */,
				7D43DDC51CBE911B00FEA394 /* PQManagedObject+CoreDataProperties.m in Sources */,
				7DBB1F1E1CA9B16200C7C403 /* PQNotificationsManager.m in Sources */,
				7DE38D6D1C99D6EB000A02F0 /* PQChoice+CoreDataProperties.m in Sources */,
				7DBB1F2B1CAAF52700C7C403 /* PQResponsesTableViewController.m in Sources */,
				7DE38D851C9A0C45000A02F0 /* PQResultsViewController.m in Sources */,
				7DE38D7F1C9A0C21000A02F0 /* PQSurveyTableViewController.m in Sources */,
				7D12CABC1C8A30280021519B /* main.m in Sources */,
				7DE38D941C9D924C000A02F0 /* UIAlertController+Info.m in Sources */,
				7D5A65651CA0799800D7AE8D /* UIViewController+Keyboard.m in Sources */,
				7D12CB1A1C8A69610021519B /* PQUser+CoreDataProperties.m in Sources */,
				7DDE78531C93234D00241A80 /* PQFirebaseQuery.m in Sources */,
				7DE38D6A1C99D6EB000A02F0 /* PQResponse.m in Sources */,
				7D12CB1F1C8A69F20021519B /* PQCoreDataController.m in Sources */,
				7DBB1F2E1CAAF53B00C7C403 /* PQResultsTableViewController.m in Sources */,
				7DFEDD121CB7447700166383 /* PQTableViewCell.m in Sources */,
			);
			runOnlyForDeploymentPostprocessing = 0;
		};
		7D12CACF1C8A30280021519B /* Sources */ = {
			isa = PBXSourcesBuildPhase;
			buildActionMask = 2147483647;
			files = (
				7D12CAD81C8A30280021519B /* PushQueryTests.m in Sources */,
			);
			runOnlyForDeploymentPostprocessing = 0;
		};
		7D12CADA1C8A30280021519B /* Sources */ = {
			isa = PBXSourcesBuildPhase;
			buildActionMask = 2147483647;
			files = (
				7D12CAE31C8A30280021519B /* PushQueryUITests.m in Sources */,
			);
			runOnlyForDeploymentPostprocessing = 0;
		};
/* End PBXSourcesBuildPhase section */

/* Begin PBXTargetDependency section */
		7D12CAD51C8A30280021519B /* PBXTargetDependency */ = {
			isa = PBXTargetDependency;
			target = 7D12CAB61C8A30280021519B /* PushQuery */;
			targetProxy = 7D12CAD41C8A30280021519B /* PBXContainerItemProxy */;
		};
		7D12CAE01C8A30280021519B /* PBXTargetDependency */ = {
			isa = PBXTargetDependency;
			target = 7D12CAB61C8A30280021519B /* PushQuery */;
			targetProxy = 7D12CADF1C8A30280021519B /* PBXContainerItemProxy */;
		};
/* End PBXTargetDependency section */

/* Begin PBXVariantGroup section */
		7D12CAC31C8A30280021519B /* Main.storyboard */ = {
			isa = PBXVariantGroup;
			children = (
				7D12CAC41C8A30280021519B /* Base */,
			);
			name = Main.storyboard;
			sourceTree = "<group>";
		};
		7D12CACB1C8A30280021519B /* LaunchScreen.storyboard */ = {
			isa = PBXVariantGroup;
			children = (
				7D12CACC1C8A30280021519B /* Base */,
			);
			name = LaunchScreen.storyboard;
			sourceTree = "<group>";
		};
/* End PBXVariantGroup section */

/* Begin XCBuildConfiguration section */
		7D12CAE51C8A30280021519B /* Debug */ = {
			isa = XCBuildConfiguration;
			buildSettings = {
				ALWAYS_SEARCH_USER_PATHS = NO;
				CLANG_CXX_LANGUAGE_STANDARD = "gnu++0x";
				CLANG_CXX_LIBRARY = "libc++";
				CLANG_ENABLE_MODULES = YES;
				CLANG_ENABLE_OBJC_ARC = YES;
				CLANG_WARN_BOOL_CONVERSION = YES;
				CLANG_WARN_CONSTANT_CONVERSION = YES;
				CLANG_WARN_DIRECT_OBJC_ISA_USAGE = YES_ERROR;
				CLANG_WARN_EMPTY_BODY = YES;
				CLANG_WARN_ENUM_CONVERSION = YES;
				CLANG_WARN_INT_CONVERSION = YES;
				CLANG_WARN_OBJC_ROOT_CLASS = YES_ERROR;
				CLANG_WARN_UNREACHABLE_CODE = YES;
				CLANG_WARN__DUPLICATE_METHOD_MATCH = YES;
				"CODE_SIGN_IDENTITY[sdk=iphoneos*]" = "iPhone Developer";
				COPY_PHASE_STRIP = NO;
				DEBUG_INFORMATION_FORMAT = dwarf;
				ENABLE_STRICT_OBJC_MSGSEND = YES;
				ENABLE_TESTABILITY = YES;
				GCC_C_LANGUAGE_STANDARD = gnu99;
				GCC_DYNAMIC_NO_PIC = NO;
				GCC_NO_COMMON_BLOCKS = YES;
				GCC_OPTIMIZATION_LEVEL = 0;
				GCC_PREPROCESSOR_DEFINITIONS = (
					"DEBUG=1",
					"$(inherited)",
				);
				GCC_WARN_64_TO_32_BIT_CONVERSION = YES;
				GCC_WARN_ABOUT_RETURN_TYPE = YES_ERROR;
				GCC_WARN_UNDECLARED_SELECTOR = YES;
				GCC_WARN_UNINITIALIZED_AUTOS = YES_AGGRESSIVE;
				GCC_WARN_UNUSED_FUNCTION = YES;
				GCC_WARN_UNUSED_VARIABLE = YES;
				IPHONEOS_DEPLOYMENT_TARGET = 9.1;
				MTL_ENABLE_DEBUG_INFO = YES;
				ONLY_ACTIVE_ARCH = YES;
				SDKROOT = iphoneos;
			};
			name = Debug;
		};
		7D12CAE61C8A30280021519B /* Release */ = {
			isa = XCBuildConfiguration;
			buildSettings = {
				ALWAYS_SEARCH_USER_PATHS = NO;
				CLANG_CXX_LANGUAGE_STANDARD = "gnu++0x";
				CLANG_CXX_LIBRARY = "libc++";
				CLANG_ENABLE_MODULES = YES;
				CLANG_ENABLE_OBJC_ARC = YES;
				CLANG_WARN_BOOL_CONVERSION = YES;
				CLANG_WARN_CONSTANT_CONVERSION = YES;
				CLANG_WARN_DIRECT_OBJC_ISA_USAGE = YES_ERROR;
				CLANG_WARN_EMPTY_BODY = YES;
				CLANG_WARN_ENUM_CONVERSION = YES;
				CLANG_WARN_INT_CONVERSION = YES;
				CLANG_WARN_OBJC_ROOT_CLASS = YES_ERROR;
				CLANG_WARN_UNREACHABLE_CODE = YES;
				CLANG_WARN__DUPLICATE_METHOD_MATCH = YES;
				"CODE_SIGN_IDENTITY[sdk=iphoneos*]" = "iPhone Developer";
				COPY_PHASE_STRIP = NO;
				DEBUG_INFORMATION_FORMAT = "dwarf-with-dsym";
				ENABLE_NS_ASSERTIONS = NO;
				ENABLE_STRICT_OBJC_MSGSEND = YES;
				GCC_C_LANGUAGE_STANDARD = gnu99;
				GCC_NO_COMMON_BLOCKS = YES;
				GCC_WARN_64_TO_32_BIT_CONVERSION = YES;
				GCC_WARN_ABOUT_RETURN_TYPE = YES_ERROR;
				GCC_WARN_UNDECLARED_SELECTOR = YES;
				GCC_WARN_UNINITIALIZED_AUTOS = YES_AGGRESSIVE;
				GCC_WARN_UNUSED_FUNCTION = YES;
				GCC_WARN_UNUSED_VARIABLE = YES;
				IPHONEOS_DEPLOYMENT_TARGET = 9.1;
				MTL_ENABLE_DEBUG_INFO = NO;
				SDKROOT = iphoneos;
				VALIDATE_PRODUCT = YES;
			};
			name = Release;
		};
		7D12CAE81C8A30280021519B /* Debug */ = {
			isa = XCBuildConfiguration;
			baseConfigurationReference = 8C4E311519C9FFB36B6EB68D /* Pods-PushQuery.debug.xcconfig */;
			buildSettings = {
				ASSETCATALOG_COMPILER_APPICON_NAME = AppIcon;
				CODE_SIGN_IDENTITY = "iPhone Developer";
				DEBUG_INFORMATION_FORMAT = "dwarf-with-dsym";
				INFOPLIST_FILE = PushQuery/Info.plist;
				IPHONEOS_DEPLOYMENT_TARGET = 8.0;
				LD_RUNPATH_SEARCH_PATHS = "$(inherited) @executable_path/Frameworks";
				PRODUCT_BUNDLE_IDENTIFIER = com.eurekavalleyco.distribution.PushQuery;
				PRODUCT_NAME = PushQuery;
				TARGETED_DEVICE_FAMILY = 1;
			};
			name = Debug;
		};
		7D12CAE91C8A30280021519B /* Release */ = {
			isa = XCBuildConfiguration;
			baseConfigurationReference = E3BD0B71AD8CAECF475EF4F9 /* Pods-PushQuery.release.xcconfig */;
			buildSettings = {
				ASSETCATALOG_COMPILER_APPICON_NAME = AppIcon;
				CODE_SIGN_IDENTITY = "iPhone Developer";
				DEBUG_INFORMATION_FORMAT = "dwarf-with-dsym";
				INFOPLIST_FILE = PushQuery/Info.plist;
				IPHONEOS_DEPLOYMENT_TARGET = 8.0;
				LD_RUNPATH_SEARCH_PATHS = "$(inherited) @executable_path/Frameworks";
				PRODUCT_BUNDLE_IDENTIFIER = com.eurekavalleyco.distribution.PushQuery;
				PRODUCT_NAME = PushQuery;
				TARGETED_DEVICE_FAMILY = 1;
			};
			name = Release;
		};
		7D12CAEB1C8A30280021519B /* Debug */ = {
			isa = XCBuildConfiguration;
			baseConfigurationReference = E1B8D0FFD32783D151131E91 /* Pods-PushQueryTests.debug.xcconfig */;
			buildSettings = {
				BUNDLE_LOADER = "$(TEST_HOST)";
				INFOPLIST_FILE = AskMeLaterTests/Info.plist;
				LD_RUNPATH_SEARCH_PATHS = "$(inherited) @executable_path/Frameworks @loader_path/Frameworks";
				PRODUCT_BUNDLE_IDENTIFIER = "com.flatiron-school.learn.ios.AskMeLaterTests";
				PRODUCT_NAME = PushQuery;
				TEST_HOST = "$(BUILT_PRODUCTS_DIR)/PushQuery.app/PushQuery";
			};
			name = Debug;
		};
		7D12CAEC1C8A30280021519B /* Release */ = {
			isa = XCBuildConfiguration;
			baseConfigurationReference = D633F574BB4EE9131BFA53D4 /* Pods-PushQueryTests.release.xcconfig */;
			buildSettings = {
				BUNDLE_LOADER = "$(TEST_HOST)";
				INFOPLIST_FILE = AskMeLaterTests/Info.plist;
				LD_RUNPATH_SEARCH_PATHS = "$(inherited) @executable_path/Frameworks @loader_path/Frameworks";
				PRODUCT_BUNDLE_IDENTIFIER = "com.flatiron-school.learn.ios.AskMeLaterTests";
				PRODUCT_NAME = PushQuery;
				TEST_HOST = "$(BUILT_PRODUCTS_DIR)/PushQuery.app/PushQuery";
			};
			name = Release;
		};
		7D12CAEE1C8A30280021519B /* Debug */ = {
			isa = XCBuildConfiguration;
			baseConfigurationReference = F74ABBB6AECEC66D3218C097 /* Pods-PushQueryUITests.debug.xcconfig */;
			buildSettings = {
				INFOPLIST_FILE = AskMeLaterUITests/Info.plist;
				LD_RUNPATH_SEARCH_PATHS = "$(inherited) @executable_path/Frameworks @loader_path/Frameworks";
				PRODUCT_BUNDLE_IDENTIFIER = "com.flatiron-school.learn.ios.AskMeLaterUITests";
				PRODUCT_NAME = PushQuery;
				TEST_TARGET_NAME = AskMeLater;
				USES_XCTRUNNER = YES;
			};
			name = Debug;
		};
		7D12CAEF1C8A30280021519B /* Release */ = {
			isa = XCBuildConfiguration;
			baseConfigurationReference = 633209C070509B74DE7F7BD9 /* Pods-PushQueryUITests.release.xcconfig */;
			buildSettings = {
				INFOPLIST_FILE = AskMeLaterUITests/Info.plist;
				LD_RUNPATH_SEARCH_PATHS = "$(inherited) @executable_path/Frameworks @loader_path/Frameworks";
				PRODUCT_BUNDLE_IDENTIFIER = "com.flatiron-school.learn.ios.AskMeLaterUITests";
				PRODUCT_NAME = PushQuery;
				TEST_TARGET_NAME = AskMeLater;
				USES_XCTRUNNER = YES;
			};
			name = Release;
		};
/* End XCBuildConfiguration section */

/* Begin XCConfigurationList section */
		7D12CAB21C8A30280021519B /* Build configuration list for PBXProject "PushQuery" */ = {
			isa = XCConfigurationList;
			buildConfigurations = (
				7D12CAE51C8A30280021519B /* Debug */,
				7D12CAE61C8A30280021519B /* Release */,
			);
			defaultConfigurationIsVisible = 0;
			defaultConfigurationName = Release;
		};
		7D12CAE71C8A30280021519B /* Build configuration list for PBXNativeTarget "PushQuery" */ = {
			isa = XCConfigurationList;
			buildConfigurations = (
				7D12CAE81C8A30280021519B /* Debug */,
				7D12CAE91C8A30280021519B /* Release */,
			);
			defaultConfigurationIsVisible = 0;
			defaultConfigurationName = Release;
		};
		7D12CAEA1C8A30280021519B /* Build configuration list for PBXNativeTarget "PushQueryTests" */ = {
			isa = XCConfigurationList;
			buildConfigurations = (
				7D12CAEB1C8A30280021519B /* Debug */,
				7D12CAEC1C8A30280021519B /* Release */,
			);
			defaultConfigurationIsVisible = 0;
			defaultConfigurationName = Release;
		};
		7D12CAED1C8A30280021519B /* Build configuration list for PBXNativeTarget "PushQueryUITests" */ = {
			isa = XCConfigurationList;
			buildConfigurations = (
				7D12CAEE1C8A30280021519B /* Debug */,
				7D12CAEF1C8A30280021519B /* Release */,
			);
			defaultConfigurationIsVisible = 0;
			defaultConfigurationName = Release;
		};
/* End XCConfigurationList section */

/* Begin XCVersionGroup section */
		7D12CAC61C8A30280021519B /* PushQuery.xcdatamodeld */ = {
			isa = XCVersionGroup;
			children = (
				7D12CAC71C8A30280021519B /* PushQuery.xcdatamodel */,
			);
			currentVersion = 7D12CAC71C8A30280021519B /* PushQuery.xcdatamodel */;
			path = PushQuery.xcdatamodeld;
			sourceTree = "<group>";
			versionGroupType = wrapper.xcdatamodel;
		};
/* End XCVersionGroup section */
	};
	rootObject = 7D12CAAF1C8A30280021519B /* Project object */;
}
