PODS:
  - ARSPopover (2.2.1)
  - Expecta (1.0.5)
  - Expecta+Collections (1.0.1):
    - Expecta
  - Firebase (2.5.1)
  - KIF (3.3.2):
    - KIF/Core (= 3.3.2)
  - KIF/Core (3.3.2)
  - KIFViewControllerActions (1.0.1):
    - KIF (>= 2.0.0)
  - PNChart (0.8.8):
    - UICountingLabel (~> 1.2.0)
  - Specta (1.0.5)
  - Swizzlean (0.2.0)
  - UICountingLabel (1.2.0)

DEPENDENCIES:
  - ARSPopover
  - Expecta (~> 1.0)
  - Expecta+Collections
  - Firebase (>= 2.5.0)
  - KIF (~> 3.0)
  - KIFViewControllerActions
  - PNChart
  - Specta (~> 1.0)
  - Swizzlean (~> 0.2)

SPEC CHECKSUMS:
  ARSPopover: ec2531fe8f498da1181e00f9ffeaa586a3d16d82
  Expecta: e1c022fcd33910b6be89c291d2775b3fe27a89fe
  Expecta+Collections: 6fae193f42cb98dab08fe6a1ef579e97c65aa56a
  Firebase: 3565ea88b830f28f2c77ecc524622bc71a20d085
  KIF: 9de83fa627adaf65d28ace31e40f19d830bc255c
  KIFViewControllerActions: fc3a8e1352a6609624bda1fe6cfad410d0e88552
  PNChart: 25f91e9c4688af49c3647489760624d037f5383f
  Specta: ac94d110b865115fe60ff2c6d7281053c6f8e8a2
  Swizzlean: 6ef3e5a33063b7cd99dc39f8c55164dc55d9a021
  UICountingLabel: 1db4e7d023e1762171eb226d6dff47a7a84f27aa

COCOAPODS: 0.39.0
