// !$*UTF8*$!
{
	archiveVersion = 1;
	classes = {
	};
	objectVersion = 46;
	objects = {

/* Begin PBXBuildFile section */
		7D12CABC1C8A30280021519B /* main.m in Sources */ = {isa = PBXBuildFile; fileRef = 7D12CABB1C8A30280021519B /* main.m */; };
		7D12CABF1C8A30280021519B /* AppDelegate.m in Sources */ = {isa = PBXBuildFile; fileRef = 7D12CABE1C8A30280021519B /* AppDelegate.m */; };
		7D12CAC21C8A30280021519B /* ViewController.m in Sources */ = {isa = PBXBuildFile; fileRef = 7D12CAC11C8A30280021519B /* ViewController.m */; };
		7D12CAC51C8A30280021519B /* Main.storyboard in Resources */ = {isa = PBXBuildFile; fileRef = 7D12CAC31C8A30280021519B /* Main.storyboard */; };
		7D12CAC81C8A30280021519B /* AskMeLater.xcdatamodeld in Sources */ = {isa = PBXBuildFile; fileRef = 7D12CAC61C8A30280021519B /* AskMeLater.xcdatamodeld */; };
		7D12CACA1C8A30280021519B /* Assets.xcassets in Resources */ = {isa = PBXBuildFile; fileRef = 7D12CAC91C8A30280021519B /* Assets.xcassets */; };
		7D12CACD1C8A30280021519B /* LaunchScreen.storyboard in Resources */ = {isa = PBXBuildFile; fileRef = 7D12CACB1C8A30280021519B /* LaunchScreen.storyboard */; };
		7D12CAD81C8A30280021519B /* AskMeLaterTests.m in Sources */ = {isa = PBXBuildFile; fileRef = 7D12CAD71C8A30280021519B /* AskMeLaterTests.m */; };
		7D12CAE31C8A30280021519B /* AskMeLaterUITests.m in Sources */ = {isa = PBXBuildFile; fileRef = 7D12CAE21C8A30280021519B /* AskMeLaterUITests.m */; };
		7D12CAF71C8A48D10021519B /* AMLFirebaseController.m in Sources */ = {isa = PBXBuildFile; fileRef = 7D12CAF61C8A48D10021519B /* AMLFirebaseController.m */; };
		7D12CAFE1C8A49560021519B /* AKDebugger.m in Sources */ = {isa = PBXBuildFile; fileRef = 7D12CAFD1C8A49560021519B /* AKDebugger.m */; };
		7D12CB011C8A49660021519B /* AKGenerics.m in Sources */ = {isa = PBXBuildFile; fileRef = 7D12CB001C8A49660021519B /* AKGenerics.m */; };
		7D12CB041C8A49760021519B /* AKDebuggerRules.m in Sources */ = {isa = PBXBuildFile; fileRef = 7D12CB031C8A49760021519B /* AKDebuggerRules.m */; };
		7D12CB081C8A4A7D0021519B /* NSObject+Basics.m in Sources */ = {isa = PBXBuildFile; fileRef = 7D12CB071C8A4A7D0021519B /* NSObject+Basics.m */; };
		7D12CB0C1C8A4B4F0021519B /* AMLPrivateInfo.m in Sources */ = {isa = PBXBuildFile; fileRef = 7D12CB0B1C8A4B4F0021519B /* AMLPrivateInfo.m */; };
		7D12CB101C8A4EBA0021519B /* AMLLoginManager.m in Sources */ = {isa = PBXBuildFile; fileRef = 7D12CB0F1C8A4EBA0021519B /* AMLLoginManager.m */; };
		7D12CB1A1C8A69610021519B /* AMLUser+CoreDataProperties.m in Sources */ = {isa = PBXBuildFile; fileRef = 7D12CB171C8A69610021519B /* AMLUser+CoreDataProperties.m */; };
		7D12CB1B1C8A69610021519B /* AMLUser.m in Sources */ = {isa = PBXBuildFile; fileRef = 7D12CB191C8A69610021519B /* AMLUser.m */; };
		7D12CB1F1C8A69F20021519B /* AMLCoreDataController.m in Sources */ = {isa = PBXBuildFile; fileRef = 7D12CB1E1C8A69F20021519B /* AMLCoreDataController.m */; };
		7D5A655D1CA03FD400D7AE8D /* AMLMockSurvey.m in Sources */ = {isa = PBXBuildFile; fileRef = 7D5A655C1CA03FD400D7AE8D /* AMLMockSurvey.m */; };
		7D5A65611CA0719900D7AE8D /* AMLLoginViewController.m in Sources */ = {isa = PBXBuildFile; fileRef = 7D5A65601CA0719900D7AE8D /* AMLLoginViewController.m */; };
		7D5A65651CA0799800D7AE8D /* UIViewController+Keyboard.m in Sources */ = {isa = PBXBuildFile; fileRef = 7D5A65641CA0799800D7AE8D /* UIViewController+Keyboard.m */; };
		7D7DE7F11C8B6D8100FFA637 /* AMLDataManager.m in Sources */ = {isa = PBXBuildFile; fileRef = 7D7DE7F01C8B6D8100FFA637 /* AMLDataManager.m */; };
		7DB4366A1CAD7C2C00501D60 /* QuartzCore.framework in Frameworks */ = {isa = PBXBuildFile; fileRef = 7DB436691CAD7C2C00501D60 /* QuartzCore.framework */; };
		7DB4366C1CAD7C3500501D60 /* CoreGraphics.framework in Frameworks */ = {isa = PBXBuildFile; fileRef = 7DB4366B1CAD7C3500501D60 /* CoreGraphics.framework */; };
		7DBB1F141CA433DD00C7C403 /* AMLQuestion.m in Sources */ = {isa = PBXBuildFile; fileRef = 7DE38D621C99D6EB000A02F0 /* AMLQuestion.m */; };
		7DBB1F151CA433E800C7C403 /* AMLSurvey.m in Sources */ = {isa = PBXBuildFile; fileRef = 7DE38D5A1C99D6EB000A02F0 /* AMLSurvey.m */; };
		7DBB1F1A1CA98FBA00C7C403 /* AMLSurveyTimingCell.m in Sources */ = {isa = PBXBuildFile; fileRef = 7DBB1F191CA98FBA00C7C403 /* AMLSurveyTimingCell.m */; };
		7DBB1F1E1CA9B16200C7C403 /* AMLNotificationsManager.m in Sources */ = {isa = PBXBuildFile; fileRef = 7DBB1F1D1CA9B16200C7C403 /* AMLNotificationsManager.m */; };
		7DBB1F2B1CAAF52700C7C403 /* AMLResponsesTableViewController.m in Sources */ = {isa = PBXBuildFile; fileRef = 7DBB1F2A1CAAF52700C7C403 /* AMLResponsesTableViewController.m */; };
		7DBB1F2E1CAAF53B00C7C403 /* AMLResultsTableViewController.m in Sources */ = {isa = PBXBuildFile; fileRef = 7DBB1F2D1CAAF53B00C7C403 /* AMLResultsTableViewController.m */; };
		7DBB1F311CAAF55000C7C403 /* AMLGraphViewController.m in Sources */ = {isa = PBXBuildFile; fileRef = 7DBB1F301CAAF55000C7C403 /* AMLGraphViewController.m */; };
		7DDE78531C93234D00241A80 /* AMLFirebaseQuery.m in Sources */ = {isa = PBXBuildFile; fileRef = 7DDE78521C93234D00241A80 /* AMLFirebaseQuery.m */; };
		7DE38D521C936775000A02F0 /* NSArray+Extras.m in Sources */ = {isa = PBXBuildFile; fileRef = 7DE38D511C936775000A02F0 /* NSArray+Extras.m */; };
		7DE38D671C99D6EB000A02F0 /* AMLSurvey+CoreDataProperties.m in Sources */ = {isa = PBXBuildFile; fileRef = 7DE38D581C99D6EB000A02F0 /* AMLSurvey+CoreDataProperties.m */; };
		7DE38D691C99D6EB000A02F0 /* AMLResponse+CoreDataProperties.m in Sources */ = {isa = PBXBuildFile; fileRef = 7DE38D5C1C99D6EB000A02F0 /* AMLResponse+CoreDataProperties.m */; };
		7DE38D6A1C99D6EB000A02F0 /* AMLResponse.m in Sources */ = {isa = PBXBuildFile; fileRef = 7DE38D5E1C99D6EB000A02F0 /* AMLResponse.m */; };
		7DE38D6B1C99D6EB000A02F0 /* AMLQuestion+CoreDataProperties.m in Sources */ = {isa = PBXBuildFile; fileRef = 7DE38D601C99D6EB000A02F0 /* AMLQuestion+CoreDataProperties.m */; };
		7DE38D6D1C99D6EB000A02F0 /* AMLChoice+CoreDataProperties.m in Sources */ = {isa = PBXBuildFile; fileRef = 7DE38D641C99D6EB000A02F0 /* AMLChoice+CoreDataProperties.m */; };
		7DE38D6E1C99D6EB000A02F0 /* AMLChoice.m in Sources */ = {isa = PBXBuildFile; fileRef = 7DE38D661C99D6EB000A02F0 /* AMLChoice.m */; };
		7DE38D7C1C9A0C18000A02F0 /* AMLSurveysTableViewController.m in Sources */ = {isa = PBXBuildFile; fileRef = 7DE38D7B1C9A0C18000A02F0 /* AMLSurveysTableViewController.m */; };
		7DE38D7F1C9A0C21000A02F0 /* AMLSurveyTableViewController.m in Sources */ = {isa = PBXBuildFile; fileRef = 7DE38D7E1C9A0C21000A02F0 /* AMLSurveyTableViewController.m */; };
		7DE38D821C9A0C37000A02F0 /* AMLSurveyTableViewCell.m in Sources */ = {isa = PBXBuildFile; fileRef = 7DE38D811C9A0C37000A02F0 /* AMLSurveyTableViewCell.m */; };
		7DE38D851C9A0C45000A02F0 /* AMLResultsViewController.m in Sources */ = {isa = PBXBuildFile; fileRef = 7DE38D841C9A0C45000A02F0 /* AMLResultsViewController.m */; };
		7DE38D8B1C9C5EF4000A02F0 /* UITableView+Extras.m in Sources */ = {isa = PBXBuildFile; fileRef = 7DE38D8A1C9C5EF4000A02F0 /* UITableView+Extras.m */; };
		7DE38D901C9D8A70000A02F0 /* AMLMockQuestion.m in Sources */ = {isa = PBXBuildFile; fileRef = 7DE38D8F1C9D8A70000A02F0 /* AMLMockQuestion.m */; };
		7DE38D941C9D924C000A02F0 /* UIAlertController+Info.m in Sources */ = {isa = PBXBuildFile; fileRef = 7DE38D931C9D924C000A02F0 /* UIAlertController+Info.m */; };
		9904BDEE47DA4B22D491B3D2 /* libPods-AskMeLaterTests.a in Frameworks */ = {isa = PBXBuildFile; fileRef = 5AA1F07776FB536EECA51A89 /* libPods-AskMeLaterTests.a */; };
		ACC090AC77DD885B12215BFB /* libPods-AskMeLaterUITests.a in Frameworks */ = {isa = PBXBuildFile; fileRef = 952BA08D286A5066ED7AF08A /* libPods-AskMeLaterUITests.a */; };
		E4981B3F9BAABD750F5FAD00 /* libPods-AskMeLater.a in Frameworks */ = {isa = PBXBuildFile; fileRef = 3C5C3B95D2D15A48E4A8E7F6 /* libPods-AskMeLater.a */; };
/* End PBXBuildFile section */

/* Begin PBXContainerItemProxy section */
		7D12CAD41C8A30280021519B /* PBXContainerItemProxy */ = {
			isa = PBXContainerItemProxy;
			containerPortal = 7D12CAAF1C8A30280021519B /* Project object */;
			proxyType = 1;
			remoteGlobalIDString = 7D12CAB61C8A30280021519B;
			remoteInfo = AskMeLater;
		};
		7D12CADF1C8A30280021519B /* PBXContainerItemProxy */ = {
			isa = PBXContainerItemProxy;
			containerPortal = 7D12CAAF1C8A30280021519B /* Project object */;
			proxyType = 1;
			remoteGlobalIDString = 7D12CAB61C8A30280021519B;
			remoteInfo = AskMeLater;
		};
/* End PBXContainerItemProxy section */

/* Begin PBXFileReference section */
		01CE1CDCC88E7D97A7E1640F /* Pods-AskMeLaterTests.release.xcconfig */ = {isa = PBXFileReference; includeInIndex = 1; lastKnownFileType = text.xcconfig; name = "Pods-AskMeLaterTests.release.xcconfig"; path = "Pods/Target Support Files/Pods-AskMeLaterTests/Pods-AskMeLaterTests.release.xcconfig"; sourceTree = "<group>"; };
		263DC32B942DCCBFA258DB96 /* Pods-AskMeLater.release.xcconfig */ = {isa = PBXFileReference; includeInIndex = 1; lastKnownFileType = text.xcconfig; name = "Pods-AskMeLater.release.xcconfig"; path = "Pods/Target Support Files/Pods-AskMeLater/Pods-AskMeLater.release.xcconfig"; sourceTree = "<group>"; };
		3C5C3B95D2D15A48E4A8E7F6 /* libPods-AskMeLater.a */ = {isa = PBXFileReference; explicitFileType = archive.ar; includeInIndex = 0; path = "libPods-AskMeLater.a"; sourceTree = BUILT_PRODUCTS_DIR; };
		3D490ED1FC4977E9D9D80EA9 /* Pods-AskMeLater.debug.xcconfig */ = {isa = PBXFileReference; includeInIndex = 1; lastKnownFileType = text.xcconfig; name = "Pods-AskMeLater.debug.xcconfig"; path = "Pods/Target Support Files/Pods-AskMeLater/Pods-AskMeLater.debug.xcconfig"; sourceTree = "<group>"; };
		5AA1F07776FB536EECA51A89 /* libPods-AskMeLaterTests.a */ = {isa = PBXFileReference; explicitFileType = archive.ar; includeInIndex = 0; path = "libPods-AskMeLaterTests.a"; sourceTree = BUILT_PRODUCTS_DIR; };
		7D12CAB71C8A30280021519B /* AskMeLater.app */ = {isa = PBXFileReference; explicitFileType = wrapper.application; includeInIndex = 0; path = AskMeLater.app; sourceTree = BUILT_PRODUCTS_DIR; };
		7D12CABB1C8A30280021519B /* main.m */ = {isa = PBXFileReference; lastKnownFileType = sourcecode.c.objc; path = main.m; sourceTree = "<group>"; };
		7D12CABD1C8A30280021519B /* AppDelegate.h */ = {isa = PBXFileReference; lastKnownFileType = sourcecode.c.h; path = AppDelegate.h; sourceTree = "<group>"; };
		7D12CABE1C8A30280021519B /* AppDelegate.m */ = {isa = PBXFileReference; lastKnownFileType = sourcecode.c.objc; path = AppDelegate.m; sourceTree = "<group>"; };
		7D12CAC01C8A30280021519B /* ViewController.h */ = {isa = PBXFileReference; lastKnownFileType = sourcecode.c.h; path = ViewController.h; sourceTree = "<group>"; };
		7D12CAC11C8A30280021519B /* ViewController.m */ = {isa = PBXFileReference; lastKnownFileType = sourcecode.c.objc; path = ViewController.m; sourceTree = "<group>"; };
		7D12CAC41C8A30280021519B /* Base */ = {isa = PBXFileReference; lastKnownFileType = file.storyboard; name = Base; path = Base.lproj/Main.storyboard; sourceTree = "<group>"; };
		7D12CAC71C8A30280021519B /* AskMeLater.xcdatamodel */ = {isa = PBXFileReference; lastKnownFileType = wrapper.xcdatamodel; path = AskMeLater.xcdatamodel; sourceTree = "<group>"; };
		7D12CAC91C8A30280021519B /* Assets.xcassets */ = {isa = PBXFileReference; lastKnownFileType = folder.assetcatalog; path = Assets.xcassets; sourceTree = "<group>"; };
		7D12CACC1C8A30280021519B /* Base */ = {isa = PBXFileReference; lastKnownFileType = file.storyboard; name = Base; path = Base.lproj/LaunchScreen.storyboard; sourceTree = "<group>"; };
		7D12CACE1C8A30280021519B /* Info.plist */ = {isa = PBXFileReference; lastKnownFileType = text.plist.xml; path = Info.plist; sourceTree = "<group>"; };
		7D12CAD31C8A30280021519B /* AskMeLaterTests.xctest */ = {isa = PBXFileReference; explicitFileType = wrapper.cfbundle; includeInIndex = 0; path = AskMeLaterTests.xctest; sourceTree = BUILT_PRODUCTS_DIR; };
		7D12CAD71C8A30280021519B /* AskMeLaterTests.m */ = {isa = PBXFileReference; lastKnownFileType = sourcecode.c.objc; path = AskMeLaterTests.m; sourceTree = "<group>"; };
		7D12CAD91C8A30280021519B /* Info.plist */ = {isa = PBXFileReference; lastKnownFileType = text.plist.xml; path = Info.plist; sourceTree = "<group>"; };
		7D12CADE1C8A30280021519B /* AskMeLaterUITests.xctest */ = {isa = PBXFileReference; explicitFileType = wrapper.cfbundle; includeInIndex = 0; path = AskMeLaterUITests.xctest; sourceTree = BUILT_PRODUCTS_DIR; };
		7D12CAE21C8A30280021519B /* AskMeLaterUITests.m */ = {isa = PBXFileReference; lastKnownFileType = sourcecode.c.objc; path = AskMeLaterUITests.m; sourceTree = "<group>"; };
		7D12CAE41C8A30280021519B /* Info.plist */ = {isa = PBXFileReference; lastKnownFileType = text.plist.xml; path = Info.plist; sourceTree = "<group>"; };
		7D12CAF51C8A48D10021519B /* AMLFirebaseController.h */ = {isa = PBXFileReference; fileEncoding = 4; lastKnownFileType = sourcecode.c.h; name = AMLFirebaseController.h; path = Firebase/AMLFirebaseController.h; sourceTree = "<group>"; };
		7D12CAF61C8A48D10021519B /* AMLFirebaseController.m */ = {isa = PBXFileReference; fileEncoding = 4; lastKnownFileType = sourcecode.c.objc; name = AMLFirebaseController.m; path = Firebase/AMLFirebaseController.m; sourceTree = "<group>"; };
		7D12CAFC1C8A49560021519B /* AKDebugger.h */ = {isa = PBXFileReference; fileEncoding = 4; lastKnownFileType = sourcecode.c.h; name = AKDebugger.h; path = ../../../../Documents/PROGRAMMING/iOS/1_PROJECTS/AKDebugger/AKDebugger.h; sourceTree = "<group>"; };
		7D12CAFD1C8A49560021519B /* AKDebugger.m */ = {isa = PBXFileReference; fileEncoding = 4; lastKnownFileType = sourcecode.c.objc; name = AKDebugger.m; path = ../../../../Documents/PROGRAMMING/iOS/1_PROJECTS/AKDebugger/AKDebugger.m; sourceTree = "<group>"; };
		7D12CAFF1C8A49660021519B /* AKGenerics.h */ = {isa = PBXFileReference; fileEncoding = 4; lastKnownFileType = sourcecode.c.h; name = AKGenerics.h; path = ../../../../Documents/PROGRAMMING/iOS/1_PROJECTS/AKGenerics/AKGenerics.h; sourceTree = "<group>"; };
		7D12CB001C8A49660021519B /* AKGenerics.m */ = {isa = PBXFileReference; fileEncoding = 4; lastKnownFileType = sourcecode.c.objc; name = AKGenerics.m; path = ../../../../Documents/PROGRAMMING/iOS/1_PROJECTS/AKGenerics/AKGenerics.m; sourceTree = "<group>"; };
		7D12CB021C8A49760021519B /* AKDebuggerRules.h */ = {isa = PBXFileReference; fileEncoding = 4; lastKnownFileType = sourcecode.c.h; path = AKDebuggerRules.h; sourceTree = "<group>"; };
		7D12CB031C8A49760021519B /* AKDebuggerRules.m */ = {isa = PBXFileReference; fileEncoding = 4; lastKnownFileType = sourcecode.c.objc; path = AKDebuggerRules.m; sourceTree = "<group>"; };
		7D12CB061C8A4A7D0021519B /* NSObject+Basics.h */ = {isa = PBXFileReference; fileEncoding = 4; lastKnownFileType = sourcecode.c.h; name = "NSObject+Basics.h"; path = "../../../../Documents/PROGRAMMING/iOS/1_PROJECTS/NSObject+Basics/NSObject+Basics.h"; sourceTree = "<group>"; };
		7D12CB071C8A4A7D0021519B /* NSObject+Basics.m */ = {isa = PBXFileReference; fileEncoding = 4; lastKnownFileType = sourcecode.c.objc; name = "NSObject+Basics.m"; path = "../../../../Documents/PROGRAMMING/iOS/1_PROJECTS/NSObject+Basics/NSObject+Basics.m"; sourceTree = "<group>"; };
		7D12CB0A1C8A4B4F0021519B /* AMLPrivateInfo.h */ = {isa = PBXFileReference; fileEncoding = 4; lastKnownFileType = sourcecode.c.h; path = AMLPrivateInfo.h; sourceTree = "<group>"; };
		7D12CB0B1C8A4B4F0021519B /* AMLPrivateInfo.m */ = {isa = PBXFileReference; fileEncoding = 4; lastKnownFileType = sourcecode.c.objc; path = AMLPrivateInfo.m; sourceTree = "<group>"; };
		7D12CB0E1C8A4EBA0021519B /* AMLLoginManager.h */ = {isa = PBXFileReference; fileEncoding = 4; lastKnownFileType = sourcecode.c.h; name = AMLLoginManager.h; path = "Login Manager/AMLLoginManager.h"; sourceTree = "<group>"; };
		7D12CB0F1C8A4EBA0021519B /* AMLLoginManager.m */ = {isa = PBXFileReference; fileEncoding = 4; lastKnownFileType = sourcecode.c.objc; name = AMLLoginManager.m; path = "Login Manager/AMLLoginManager.m"; sourceTree = "<group>"; };
		7D12CB121C8A4F9E0021519B /* AMLUserProtocols.h */ = {isa = PBXFileReference; fileEncoding = 4; lastKnownFileType = sourcecode.c.h; name = AMLUserProtocols.h; path = Protocols/AMLUserProtocols.h; sourceTree = "<group>"; };
		7D12CB131C8A51C40021519B /* AMLFirebaseController+Auth.h */ = {isa = PBXFileReference; fileEncoding = 4; lastKnownFileType = sourcecode.c.h; name = "AMLFirebaseController+Auth.h"; path = "Firebase/AMLFirebaseController+Auth.h"; sourceTree = "<group>"; };
		7D12CB161C8A69610021519B /* AMLUser+CoreDataProperties.h */ = {isa = PBXFileReference; fileEncoding = 4; lastKnownFileType = sourcecode.c.h; path = "AMLUser+CoreDataProperties.h"; sourceTree = "<group>"; };
		7D12CB171C8A69610021519B /* AMLUser+CoreDataProperties.m */ = {isa = PBXFileReference; fileEncoding = 4; lastKnownFileType = sourcecode.c.objc; path = "AMLUser+CoreDataProperties.m"; sourceTree = "<group>"; };
		7D12CB181C8A69610021519B /* AMLUser.h */ = {isa = PBXFileReference; fileEncoding = 4; lastKnownFileType = sourcecode.c.h; path = AMLUser.h; sourceTree = "<group>"; };
		7D12CB191C8A69610021519B /* AMLUser.m */ = {isa = PBXFileReference; fileEncoding = 4; lastKnownFileType = sourcecode.c.objc; path = AMLUser.m; sourceTree = "<group>"; };
		7D12CB1D1C8A69F20021519B /* AMLCoreDataController.h */ = {isa = PBXFileReference; fileEncoding = 4; lastKnownFileType = sourcecode.c.h; path = AMLCoreDataController.h; sourceTree = "<group>"; };
		7D12CB1E1C8A69F20021519B /* AMLCoreDataController.m */ = {isa = PBXFileReference; fileEncoding = 4; lastKnownFileType = sourcecode.c.objc; path = AMLCoreDataController.m; sourceTree = "<group>"; };
		7D19E2821C8E1CA700020305 /* AMLFirebaseProtocols.h */ = {isa = PBXFileReference; fileEncoding = 4; lastKnownFileType = sourcecode.c.h; name = AMLFirebaseProtocols.h; path = Firebase/AMLFirebaseProtocols.h; sourceTree = "<group>"; };
		7D5A655B1CA03FD400D7AE8D /* AMLMockSurvey.h */ = {isa = PBXFileReference; fileEncoding = 4; lastKnownFileType = sourcecode.c.h; name = AMLMockSurvey.h; path = "Mock Data/AMLMockSurvey.h"; sourceTree = "<group>"; };
		7D5A655C1CA03FD400D7AE8D /* AMLMockSurvey.m */ = {isa = PBXFileReference; fileEncoding = 4; lastKnownFileType = sourcecode.c.objc; name = AMLMockSurvey.m; path = "Mock Data/AMLMockSurvey.m"; sourceTree = "<group>"; };
		7D5A655F1CA0719900D7AE8D /* AMLLoginViewController.h */ = {isa = PBXFileReference; fileEncoding = 4; lastKnownFileType = sourcecode.c.h; path = AMLLoginViewController.h; sourceTree = "<group>"; };
		7D5A65601CA0719900D7AE8D /* AMLLoginViewController.m */ = {isa = PBXFileReference; fileEncoding = 4; lastKnownFileType = sourcecode.c.objc; path = AMLLoginViewController.m; sourceTree = "<group>"; };
		7D5A65631CA0799800D7AE8D /* UIViewController+Keyboard.h */ = {isa = PBXFileReference; fileEncoding = 4; lastKnownFileType = sourcecode.c.h; name = "UIViewController+Keyboard.h"; path = "../../../../Documents/PROGRAMMING/iOS/1_PROJECTS/UIViewController+Keyboard/UIViewController+Keyboard.h"; sourceTree = "<group>"; };
		7D5A65641CA0799800D7AE8D /* UIViewController+Keyboard.m */ = {isa = PBXFileReference; fileEncoding = 4; lastKnownFileType = sourcecode.c.objc; name = "UIViewController+Keyboard.m"; path = "../../../../Documents/PROGRAMMING/iOS/1_PROJECTS/UIViewController+Keyboard/UIViewController+Keyboard.m"; sourceTree = "<group>"; };
		7D7DE7EF1C8B6D8100FFA637 /* AMLDataManager.h */ = {isa = PBXFileReference; fileEncoding = 4; lastKnownFileType = sourcecode.c.h; path = AMLDataManager.h; sourceTree = "<group>"; };
		7D7DE7F01C8B6D8100FFA637 /* AMLDataManager.m */ = {isa = PBXFileReference; fileEncoding = 4; lastKnownFileType = sourcecode.c.objc; path = AMLDataManager.m; sourceTree = "<group>"; };
		7D7DE7F41C8E1A3600FFA637 /* AMLFirebaseNotifications.h */ = {isa = PBXFileReference; fileEncoding = 4; lastKnownFileType = sourcecode.c.h; name = AMLFirebaseNotifications.h; path = Firebase/AMLFirebaseNotifications.h; sourceTree = "<group>"; };
		7DB436691CAD7C2C00501D60 /* QuartzCore.framework */ = {isa = PBXFileReference; lastKnownFileType = wrapper.framework; name = QuartzCore.framework; path = System/Library/Frameworks/QuartzCore.framework; sourceTree = SDKROOT; };
		7DB4366B1CAD7C3500501D60 /* CoreGraphics.framework */ = {isa = PBXFileReference; lastKnownFileType = wrapper.framework; name = CoreGraphics.framework; path = System/Library/Frameworks/CoreGraphics.framework; sourceTree = SDKROOT; };
		7DBB1F181CA98FBA00C7C403 /* AMLSurveyTimingCell.h */ = {isa = PBXFileReference; fileEncoding = 4; lastKnownFileType = sourcecode.c.h; name = AMLSurveyTimingCell.h; path = "AskMeLater/View Controllers/AMLSurveyTimingCell.h"; sourceTree = SOURCE_ROOT; };
		7DBB1F191CA98FBA00C7C403 /* AMLSurveyTimingCell.m */ = {isa = PBXFileReference; fileEncoding = 4; lastKnownFileType = sourcecode.c.objc; name = AMLSurveyTimingCell.m; path = "AskMeLater/View Controllers/AMLSurveyTimingCell.m"; sourceTree = SOURCE_ROOT; };
		7DBB1F1C1CA9B16200C7C403 /* AMLNotificationsManager.h */ = {isa = PBXFileReference; fileEncoding = 4; lastKnownFileType = sourcecode.c.h; name = AMLNotificationsManager.h; path = "Notifications Manager/AMLNotificationsManager.h"; sourceTree = "<group>"; };
		7DBB1F1D1CA9B16200C7C403 /* AMLNotificationsManager.m */ = {isa = PBXFileReference; fileEncoding = 4; lastKnownFileType = sourcecode.c.objc; name = AMLNotificationsManager.m; path = "Notifications Manager/AMLNotificationsManager.m"; sourceTree = "<group>"; };
		7DBB1F291CAAF52700C7C403 /* AMLResponsesTableViewController.h */ = {isa = PBXFileReference; fileEncoding = 4; lastKnownFileType = sourcecode.c.h; name = AMLResponsesTableViewController.h; path = "AskMeLater/View Controllers/AMLResponsesTableViewController.h"; sourceTree = SOURCE_ROOT; };
		7DBB1F2A1CAAF52700C7C403 /* AMLResponsesTableViewController.m */ = {isa = PBXFileReference; fileEncoding = 4; lastKnownFileType = sourcecode.c.objc; name = AMLResponsesTableViewController.m; path = "AskMeLater/View Controllers/AMLResponsesTableViewController.m"; sourceTree = SOURCE_ROOT; };
		7DBB1F2C1CAAF53B00C7C403 /* AMLResultsTableViewController.h */ = {isa = PBXFileReference; fileEncoding = 4; lastKnownFileType = sourcecode.c.h; name = AMLResultsTableViewController.h; path = "AskMeLater/View Controllers/AMLResultsTableViewController.h"; sourceTree = SOURCE_ROOT; };
		7DBB1F2D1CAAF53B00C7C403 /* AMLResultsTableViewController.m */ = {isa = PBXFileReference; fileEncoding = 4; lastKnownFileType = sourcecode.c.objc; name = AMLResultsTableViewController.m; path = "AskMeLater/View Controllers/AMLResultsTableViewController.m"; sourceTree = SOURCE_ROOT; };
		7DBB1F2F1CAAF55000C7C403 /* AMLGraphViewController.h */ = {isa = PBXFileReference; fileEncoding = 4; lastKnownFileType = sourcecode.c.h; name = AMLGraphViewController.h; path = "AskMeLater/View Controllers/AMLGraphViewController.h"; sourceTree = SOURCE_ROOT; };
		7DBB1F301CAAF55000C7C403 /* AMLGraphViewController.m */ = {isa = PBXFileReference; fileEncoding = 4; lastKnownFileType = sourcecode.c.objc; name = AMLGraphViewController.m; path = "AskMeLater/View Controllers/AMLGraphViewController.m"; sourceTree = SOURCE_ROOT; };
		7DBB1F321CAAFAB000C7C403 /* AMLQuestionUIProtocol.h */ = {isa = PBXFileReference; lastKnownFileType = sourcecode.c.h; name = AMLQuestionUIProtocol.h; path = Protocols/AMLQuestionUIProtocol.h; sourceTree = "<group>"; };
		7DDE78511C93234D00241A80 /* AMLFirebaseQuery.h */ = {isa = PBXFileReference; fileEncoding = 4; lastKnownFileType = sourcecode.c.h; path = AMLFirebaseQuery.h; sourceTree = "<group>"; };
		7DDE78521C93234D00241A80 /* AMLFirebaseQuery.m */ = {isa = PBXFileReference; fileEncoding = 4; lastKnownFileType = sourcecode.c.objc; path = AMLFirebaseQuery.m; sourceTree = "<group>"; };
		7DDE78541C9328FC00241A80 /* AMLFirebaseQuery+FQuery.h */ = {isa = PBXFileReference; fileEncoding = 4; lastKnownFileType = sourcecode.c.h; path = "AMLFirebaseQuery+FQuery.h"; sourceTree = "<group>"; };
		7DE38D501C936775000A02F0 /* NSArray+Extras.h */ = {isa = PBXFileReference; fileEncoding = 4; lastKnownFileType = sourcecode.c.h; name = "NSArray+Extras.h"; path = "../../../../Documents/PROGRAMMING/iOS/1_PROJECTS/NSArray+Extras/NSArray+Extras.h"; sourceTree = "<group>"; };
		7DE38D511C936775000A02F0 /* NSArray+Extras.m */ = {isa = PBXFileReference; fileEncoding = 4; lastKnownFileType = sourcecode.c.objc; name = "NSArray+Extras.m"; path = "../../../../Documents/PROGRAMMING/iOS/1_PROJECTS/NSArray+Extras/NSArray+Extras.m"; sourceTree = "<group>"; };
		7DE38D531C99BA32000A02F0 /* AMLSurveyProtocols.h */ = {isa = PBXFileReference; fileEncoding = 4; lastKnownFileType = sourcecode.c.h; name = AMLSurveyProtocols.h; path = Protocols/AMLSurveyProtocols.h; sourceTree = "<group>"; };
		7DE38D541C99BA88000A02F0 /* AMLQuestionProtocols.h */ = {isa = PBXFileReference; fileEncoding = 4; lastKnownFileType = sourcecode.c.h; name = AMLQuestionProtocols.h; path = Protocols/AMLQuestionProtocols.h; sourceTree = "<group>"; };
		7DE38D551C99BAB3000A02F0 /* AMLResponseProtocols.h */ = {isa = PBXFileReference; fileEncoding = 4; lastKnownFileType = sourcecode.c.h; name = AMLResponseProtocols.h; path = Protocols/AMLResponseProtocols.h; sourceTree = "<group>"; };
		7DE38D561C99BC67000A02F0 /* AMLChoiceProtocols.h */ = {isa = PBXFileReference; fileEncoding = 4; lastKnownFileType = sourcecode.c.h; name = AMLChoiceProtocols.h; path = Protocols/AMLChoiceProtocols.h; sourceTree = "<group>"; };
		7DE38D571C99D6EB000A02F0 /* AMLSurvey+CoreDataProperties.h */ = {isa = PBXFileReference; fileEncoding = 4; lastKnownFileType = sourcecode.c.h; path = "AMLSurvey+CoreDataProperties.h"; sourceTree = "<group>"; };
		7DE38D581C99D6EB000A02F0 /* AMLSurvey+CoreDataProperties.m */ = {isa = PBXFileReference; fileEncoding = 4; lastKnownFileType = sourcecode.c.objc; path = "AMLSurvey+CoreDataProperties.m"; sourceTree = "<group>"; };
		7DE38D591C99D6EB000A02F0 /* AMLSurvey.h */ = {isa = PBXFileReference; fileEncoding = 4; lastKnownFileType = sourcecode.c.h; path = AMLSurvey.h; sourceTree = "<group>"; };
		7DE38D5A1C99D6EB000A02F0 /* AMLSurvey.m */ = {isa = PBXFileReference; fileEncoding = 4; lastKnownFileType = sourcecode.c.objc; path = AMLSurvey.m; sourceTree = "<group>"; };
		7DE38D5B1C99D6EB000A02F0 /* AMLResponse+CoreDataProperties.h */ = {isa = PBXFileReference; fileEncoding = 4; lastKnownFileType = sourcecode.c.h; path = "AMLResponse+CoreDataProperties.h"; sourceTree = "<group>"; };
		7DE38D5C1C99D6EB000A02F0 /* AMLResponse+CoreDataProperties.m */ = {isa = PBXFileReference; fileEncoding = 4; lastKnownFileType = sourcecode.c.objc; path = "AMLResponse+CoreDataProperties.m"; sourceTree = "<group>"; };
		7DE38D5D1C99D6EB000A02F0 /* AMLResponse.h */ = {isa = PBXFileReference; fileEncoding = 4; lastKnownFileType = sourcecode.c.h; path = AMLResponse.h; sourceTree = "<group>"; };
		7DE38D5E1C99D6EB000A02F0 /* AMLResponse.m */ = {isa = PBXFileReference; fileEncoding = 4; lastKnownFileType = sourcecode.c.objc; path = AMLResponse.m; sourceTree = "<group>"; };
		7DE38D5F1C99D6EB000A02F0 /* AMLQuestion+CoreDataProperties.h */ = {isa = PBXFileReference; fileEncoding = 4; lastKnownFileType = sourcecode.c.h; path = "AMLQuestion+CoreDataProperties.h"; sourceTree = "<group>"; };
		7DE38D601C99D6EB000A02F0 /* AMLQuestion+CoreDataProperties.m */ = {isa = PBXFileReference; fileEncoding = 4; lastKnownFileType = sourcecode.c.objc; path = "AMLQuestion+CoreDataProperties.m"; sourceTree = "<group>"; };
		7DE38D611C99D6EB000A02F0 /* AMLQuestion.h */ = {isa = PBXFileReference; fileEncoding = 4; lastKnownFileType = sourcecode.c.h; path = AMLQuestion.h; sourceTree = "<group>"; };
		7DE38D621C99D6EB000A02F0 /* AMLQuestion.m */ = {isa = PBXFileReference; fileEncoding = 4; lastKnownFileType = sourcecode.c.objc; path = AMLQuestion.m; sourceTree = "<group>"; };
		7DE38D631C99D6EB000A02F0 /* AMLChoice+CoreDataProperties.h */ = {isa = PBXFileReference; fileEncoding = 4; lastKnownFileType = sourcecode.c.h; path = "AMLChoice+CoreDataProperties.h"; sourceTree = "<group>"; };
		7DE38D641C99D6EB000A02F0 /* AMLChoice+CoreDataProperties.m */ = {isa = PBXFileReference; fileEncoding = 4; lastKnownFileType = sourcecode.c.objc; path = "AMLChoice+CoreDataProperties.m"; sourceTree = "<group>"; };
		7DE38D651C99D6EB000A02F0 /* AMLChoice.h */ = {isa = PBXFileReference; fileEncoding = 4; lastKnownFileType = sourcecode.c.h; path = AMLChoice.h; sourceTree = "<group>"; };
		7DE38D661C99D6EB000A02F0 /* AMLChoice.m */ = {isa = PBXFileReference; fileEncoding = 4; lastKnownFileType = sourcecode.c.objc; path = AMLChoice.m; sourceTree = "<group>"; };
		7DE38D7A1C9A0C18000A02F0 /* AMLSurveysTableViewController.h */ = {isa = PBXFileReference; fileEncoding = 4; lastKnownFileType = sourcecode.c.h; name = AMLSurveysTableViewController.h; path = "../../View Controllers/AMLSurveysTableViewController.h"; sourceTree = "<group>"; };
		7DE38D7B1C9A0C18000A02F0 /* AMLSurveysTableViewController.m */ = {isa = PBXFileReference; fileEncoding = 4; lastKnownFileType = sourcecode.c.objc; name = AMLSurveysTableViewController.m; path = "../../View Controllers/AMLSurveysTableViewController.m"; sourceTree = "<group>"; };
		7DE38D7D1C9A0C21000A02F0 /* AMLSurveyTableViewController.h */ = {isa = PBXFileReference; fileEncoding = 4; lastKnownFileType = sourcecode.c.h; name = AMLSurveyTableViewController.h; path = "../../View Controllers/AMLSurveyTableViewController.h"; sourceTree = "<group>"; };
		7DE38D7E1C9A0C21000A02F0 /* AMLSurveyTableViewController.m */ = {isa = PBXFileReference; fileEncoding = 4; lastKnownFileType = sourcecode.c.objc; name = AMLSurveyTableViewController.m; path = "../../View Controllers/AMLSurveyTableViewController.m"; sourceTree = "<group>"; };
		7DE38D801C9A0C37000A02F0 /* AMLSurveyTableViewCell.h */ = {isa = PBXFileReference; fileEncoding = 4; lastKnownFileType = sourcecode.c.h; name = AMLSurveyTableViewCell.h; path = "../../View Controllers/AMLSurveyTableViewCell.h"; sourceTree = "<group>"; };
		7DE38D811C9A0C37000A02F0 /* AMLSurveyTableViewCell.m */ = {isa = PBXFileReference; fileEncoding = 4; lastKnownFileType = sourcecode.c.objc; name = AMLSurveyTableViewCell.m; path = "../../View Controllers/AMLSurveyTableViewCell.m"; sourceTree = "<group>"; };
		7DE38D831C9A0C45000A02F0 /* AMLResultsViewController.h */ = {isa = PBXFileReference; fileEncoding = 4; lastKnownFileType = sourcecode.c.h; name = AMLResultsViewController.h; path = "../../View Controllers/AMLResultsViewController.h"; sourceTree = "<group>"; };
		7DE38D841C9A0C45000A02F0 /* AMLResultsViewController.m */ = {isa = PBXFileReference; fileEncoding = 4; lastKnownFileType = sourcecode.c.objc; name = AMLResultsViewController.m; path = "../../View Controllers/AMLResultsViewController.m"; sourceTree = "<group>"; };
		7DE38D871C9B11ED000A02F0 /* AMLSurveyUIProtocol.h */ = {isa = PBXFileReference; fileEncoding = 4; lastKnownFileType = sourcecode.c.h; name = AMLSurveyUIProtocol.h; path = Protocols/AMLSurveyUIProtocol.h; sourceTree = "<group>"; };
		7DE38D891C9C5EF4000A02F0 /* UITableView+Extras.h */ = {isa = PBXFileReference; fileEncoding = 4; lastKnownFileType = sourcecode.c.h; name = "UITableView+Extras.h"; path = "../../../../Documents/PROGRAMMING/iOS/1_PROJECTS/UITableView+Extras/UITableView+Extras.h"; sourceTree = "<group>"; };
		7DE38D8A1C9C5EF4000A02F0 /* UITableView+Extras.m */ = {isa = PBXFileReference; fileEncoding = 4; lastKnownFileType = sourcecode.c.objc; name = "UITableView+Extras.m"; path = "../../../../Documents/PROGRAMMING/iOS/1_PROJECTS/UITableView+Extras/UITableView+Extras.m"; sourceTree = "<group>"; };
		7DE38D8E1C9D8A70000A02F0 /* AMLMockQuestion.h */ = {isa = PBXFileReference; fileEncoding = 4; lastKnownFileType = sourcecode.c.h; name = AMLMockQuestion.h; path = "Mock Data/AMLMockQuestion.h"; sourceTree = "<group>"; };
		7DE38D8F1C9D8A70000A02F0 /* AMLMockQuestion.m */ = {isa = PBXFileReference; fileEncoding = 4; lastKnownFileType = sourcecode.c.objc; name = AMLMockQuestion.m; path = "Mock Data/AMLMockQuestion.m"; sourceTree = "<group>"; };
		7DE38D921C9D924C000A02F0 /* UIAlertController+Info.h */ = {isa = PBXFileReference; fileEncoding = 4; lastKnownFileType = sourcecode.c.h; name = "UIAlertController+Info.h"; path = "../../../../Documents/PROGRAMMING/iOS/1_PROJECTS/UIAlertController+Info/UIAlertController+Info.h"; sourceTree = "<group>"; };
		7DE38D931C9D924C000A02F0 /* UIAlertController+Info.m */ = {isa = PBXFileReference; fileEncoding = 4; lastKnownFileType = sourcecode.c.objc; name = "UIAlertController+Info.m"; path = "../../../../Documents/PROGRAMMING/iOS/1_PROJECTS/UIAlertController+Info/UIAlertController+Info.m"; sourceTree = "<group>"; };
		952BA08D286A5066ED7AF08A /* libPods-AskMeLaterUITests.a */ = {isa = PBXFileReference; explicitFileType = archive.ar; includeInIndex = 0; path = "libPods-AskMeLaterUITests.a"; sourceTree = BUILT_PRODUCTS_DIR; };
		A6F9AB5E71CD8D015E1CBF60 /* Pods-AskMeLaterTests.debug.xcconfig */ = {isa = PBXFileReference; includeInIndex = 1; lastKnownFileType = text.xcconfig; name = "Pods-AskMeLaterTests.debug.xcconfig"; path = "Pods/Target Support Files/Pods-AskMeLaterTests/Pods-AskMeLaterTests.debug.xcconfig"; sourceTree = "<group>"; };
		D868BA812ECA91F9E68F81DF /* Pods-AskMeLaterUITests.debug.xcconfig */ = {isa = PBXFileReference; includeInIndex = 1; lastKnownFileType = text.xcconfig; name = "Pods-AskMeLaterUITests.debug.xcconfig"; path = "Pods/Target Support Files/Pods-AskMeLaterUITests/Pods-AskMeLaterUITests.debug.xcconfig"; sourceTree = "<group>"; };
		EB401945A9AEF59CA008357F /* Pods-AskMeLaterUITests.release.xcconfig */ = {isa = PBXFileReference; includeInIndex = 1; lastKnownFileType = text.xcconfig; name = "Pods-AskMeLaterUITests.release.xcconfig"; path = "Pods/Target Support Files/Pods-AskMeLaterUITests/Pods-AskMeLaterUITests.release.xcconfig"; sourceTree = "<group>"; };
/* End PBXFileReference section */

/* Begin PBXFrameworksBuildPhase section */
		7D12CAB41C8A30280021519B /* Frameworks */ = {
			isa = PBXFrameworksBuildPhase;
			buildActionMask = 2147483647;
			files = (
				7DB4366C1CAD7C3500501D60 /* CoreGraphics.framework in Frameworks */,
				7DB4366A1CAD7C2C00501D60 /* QuartzCore.framework in Frameworks */,
				E4981B3F9BAABD750F5FAD00 /* libPods-AskMeLater.a in Frameworks */,
			);
			runOnlyForDeploymentPostprocessing = 0;
		};
		7D12CAD01C8A30280021519B /* Frameworks */ = {
			isa = PBXFrameworksBuildPhase;
			buildActionMask = 2147483647;
			files = (
				9904BDEE47DA4B22D491B3D2 /* libPods-AskMeLaterTests.a in Frameworks */,
			);
			runOnlyForDeploymentPostprocessing = 0;
		};
		7D12CADB1C8A30280021519B /* Frameworks */ = {
			isa = PBXFrameworksBuildPhase;
			buildActionMask = 2147483647;
			files = (
				ACC090AC77DD885B12215BFB /* libPods-AskMeLaterUITests.a in Frameworks */,
			);
			runOnlyForDeploymentPostprocessing = 0;
		};
/* End PBXFrameworksBuildPhase section */

/* Begin PBXGroup section */
		613D5BE18144E7186D606C55 /* Pods */ = {
			isa = PBXGroup;
			children = (
				A6F9AB5E71CD8D015E1CBF60 /* Pods-AskMeLaterTests.debug.xcconfig */,
				01CE1CDCC88E7D97A7E1640F /* Pods-AskMeLaterTests.release.xcconfig */,
				D868BA812ECA91F9E68F81DF /* Pods-AskMeLaterUITests.debug.xcconfig */,
				EB401945A9AEF59CA008357F /* Pods-AskMeLaterUITests.release.xcconfig */,
				3D490ED1FC4977E9D9D80EA9 /* Pods-AskMeLater.debug.xcconfig */,
				263DC32B942DCCBFA258DB96 /* Pods-AskMeLater.release.xcconfig */,
			);
			name = Pods;
			sourceTree = "<group>";
		};
		66B7AE51037FEEBA457D7D38 /* Frameworks */ = {
			isa = PBXGroup;
			children = (
				7DB4366B1CAD7C3500501D60 /* CoreGraphics.framework */,
				7DB436691CAD7C2C00501D60 /* QuartzCore.framework */,
				5AA1F07776FB536EECA51A89 /* libPods-AskMeLaterTests.a */,
				952BA08D286A5066ED7AF08A /* libPods-AskMeLaterUITests.a */,
				3C5C3B95D2D15A48E4A8E7F6 /* libPods-AskMeLater.a */,
			);
			name = Frameworks;
			sourceTree = "<group>";
		};
		7D12CAAE1C8A30280021519B = {
			isa = PBXGroup;
			children = (
				7D12CAB91C8A30280021519B /* AskMeLater */,
				7D12CAD61C8A30280021519B /* AskMeLaterTests */,
				7D12CAE11C8A30280021519B /* AskMeLaterUITests */,
				7D12CAB81C8A30280021519B /* Products */,
				613D5BE18144E7186D606C55 /* Pods */,
				66B7AE51037FEEBA457D7D38 /* Frameworks */,
			);
			sourceTree = "<group>";
		};
		7D12CAB81C8A30280021519B /* Products */ = {
			isa = PBXGroup;
			children = (
				7D12CAB71C8A30280021519B /* AskMeLater.app */,
				7D12CAD31C8A30280021519B /* AskMeLaterTests.xctest */,
				7D12CADE1C8A30280021519B /* AskMeLaterUITests.xctest */,
			);
			name = Products;
			sourceTree = "<group>";
		};
		7D12CAB91C8A30280021519B /* AskMeLater */ = {
			isa = PBXGroup;
			children = (
				7D12CAF81C8A49260021519B /* IMPORTS */,
				7D12CAFB1C8A49380021519B /* AKDebuggerRules */,
				7D12CB091C8A4B2E0021519B /* AMLPrivateInfo */,
				7D12CAC91C8A30280021519B /* Assets.xcassets */,
				7D12CABD1C8A30280021519B /* AppDelegate.h */,
				7D12CABE1C8A30280021519B /* AppDelegate.m */,
				7D12CAF11C8A47D60021519B /* Storyboards */,
				7D12CAF01C8A47CD0021519B /* View Controllers */,
				7D12CAF21C8A482B0021519B /* Data Managers */,
				7D12CABA1C8A30280021519B /* Supporting Files */,
			);
			path = AskMeLater;
			sourceTree = "<group>";
		};
		7D12CABA1C8A30280021519B /* Supporting Files */ = {
			isa = PBXGroup;
			children = (
				7D12CACE1C8A30280021519B /* Info.plist */,
				7D12CABB1C8A30280021519B /* main.m */,
			);
			name = "Supporting Files";
			sourceTree = "<group>";
		};
		7D12CAD61C8A30280021519B /* AskMeLaterTests */ = {
			isa = PBXGroup;
			children = (
				7D12CAD71C8A30280021519B /* AskMeLaterTests.m */,
				7D12CAD91C8A30280021519B /* Info.plist */,
			);
			path = AskMeLaterTests;
			sourceTree = "<group>";
		};
		7D12CAE11C8A30280021519B /* AskMeLaterUITests */ = {
			isa = PBXGroup;
			children = (
				7D12CAE21C8A30280021519B /* AskMeLaterUITests.m */,
				7D12CAE41C8A30280021519B /* Info.plist */,
			);
			path = AskMeLaterUITests;
			sourceTree = "<group>";
		};
		7D12CAF01C8A47CD0021519B /* View Controllers */ = {
			isa = PBXGroup;
			children = (
				7D12CAC01C8A30280021519B /* ViewController.h */,
				7D12CAC11C8A30280021519B /* ViewController.m */,
				7DE38D861C9B11CE000A02F0 /* Protocols */,
				7D5A655E1CA0718500D7AE8D /* AMLLoginViewController */,
				7DBB1F101CA4333800C7C403 /* AMLSurveysTableViewController */,
				7DBB1F111CA4334700C7C403 /* AMLSurveyTableViewController */,
				7DBB1F131CA4336600C7C403 /* AMLResultsViewController */,
			);
			path = "View Controllers";
			sourceTree = "<group>";
		};
		7D12CAF11C8A47D60021519B /* Storyboards */ = {
			isa = PBXGroup;
			children = (
				7D12CACB1C8A30280021519B /* LaunchScreen.storyboard */,
				7D12CAC31C8A30280021519B /* Main.storyboard */,
			);
			name = Storyboards;
			sourceTree = "<group>";
		};
		7D12CAF21C8A482B0021519B /* Data Managers */ = {
			isa = PBXGroup;
			children = (
				7D12CB111C8A4F860021519B /* Protocols */,
				7DBB1F161CA44A2600C7C403 /* Data Manager */,
				7D12CB0D1C8A4EA30021519B /* Login Manager */,
				7DBB1F1B1CA9B13800C7C403 /* Notifications Manager */,
				7D12CAF41C8A48910021519B /* Firebase */,
				7DE38D8C1C9D8A37000A02F0 /* Mock Data */,
				7D12CAF31C8A48310021519B /* Core Data */,
			);
			path = "Data Managers";
			sourceTree = "<group>";
		};
		7D12CAF31C8A48310021519B /* Core Data */ = {
			isa = PBXGroup;
			children = (
				7D12CAC61C8A30280021519B /* AskMeLater.xcdatamodeld */,
				7D12CB201C8A69FC0021519B /* AMLCoreDataController */,
				7D12CB1C1C8A69660021519B /* AMLUser */,
				7DE38D6F1C99D728000A02F0 /* AMLSurvey */,
				7DE38D711C99D734000A02F0 /* AMLQuestion */,
				7DE38D721C99D73C000A02F0 /* AMLChoice */,
				7DE38D701C99D72E000A02F0 /* AMLResponse */,
			);
			path = "Core Data";
			sourceTree = "<group>";
		};
		7D12CAF41C8A48910021519B /* Firebase */ = {
			isa = PBXGroup;
			children = (
				7D19E2821C8E1CA700020305 /* AMLFirebaseProtocols.h */,
				7D7DE7F41C8E1A3600FFA637 /* AMLFirebaseNotifications.h */,
				7D12CAF51C8A48D10021519B /* AMLFirebaseController.h */,
				7D12CB131C8A51C40021519B /* AMLFirebaseController+Auth.h */,
				7D12CAF61C8A48D10021519B /* AMLFirebaseController.m */,
				7DDE78571C93290900241A80 /* AMLFirebaseQuery */,
			);
			name = Firebase;
			sourceTree = "<group>";
		};
		7D12CAF81C8A49260021519B /* IMPORTS */ = {
			isa = PBXGroup;
			children = (
				7D12CAF91C8A492B0021519B /* AKDebugger */,
				7D12CAFA1C8A49310021519B /* AKGenerics */,
				7D12CB051C8A4A340021519B /* NSObject+Basics */,
				7DE38D4F1C936756000A02F0 /* NSArray+Extras */,
				7DE38D911C9D9239000A02F0 /* UIAlertController+Info */,
				7DE38D881C9C5ED5000A02F0 /* UITableView+Extras */,
				7D5A65621CA0797C00D7AE8D /* UIViewController+Keyboard */,
			);
			name = IMPORTS;
			sourceTree = "<group>";
		};
		7D12CAF91C8A492B0021519B /* AKDebugger */ = {
			isa = PBXGroup;
			children = (
				7D12CAFC1C8A49560021519B /* AKDebugger.h */,
				7D12CAFD1C8A49560021519B /* AKDebugger.m */,
			);
			name = AKDebugger;
			sourceTree = "<group>";
		};
		7D12CAFA1C8A49310021519B /* AKGenerics */ = {
			isa = PBXGroup;
			children = (
				7D12CAFF1C8A49660021519B /* AKGenerics.h */,
				7D12CB001C8A49660021519B /* AKGenerics.m */,
			);
			name = AKGenerics;
			sourceTree = "<group>";
		};
		7D12CAFB1C8A49380021519B /* AKDebuggerRules */ = {
			isa = PBXGroup;
			children = (
				7D12CB021C8A49760021519B /* AKDebuggerRules.h */,
				7D12CB031C8A49760021519B /* AKDebuggerRules.m */,
			);
			name = AKDebuggerRules;
			sourceTree = "<group>";
		};
		7D12CB051C8A4A340021519B /* NSObject+Basics */ = {
			isa = PBXGroup;
			children = (
				7D12CB061C8A4A7D0021519B /* NSObject+Basics.h */,
				7D12CB071C8A4A7D0021519B /* NSObject+Basics.m */,
			);
			name = "NSObject+Basics";
			sourceTree = "<group>";
		};
		7D12CB091C8A4B2E0021519B /* AMLPrivateInfo */ = {
			isa = PBXGroup;
			children = (
				7D12CB0A1C8A4B4F0021519B /* AMLPrivateInfo.h */,
				7D12CB0B1C8A4B4F0021519B /* AMLPrivateInfo.m */,
			);
			name = AMLPrivateInfo;
			sourceTree = "<group>";
		};
		7D12CB0D1C8A4EA30021519B /* Login Manager */ = {
			isa = PBXGroup;
			children = (
				7D12CB0E1C8A4EBA0021519B /* AMLLoginManager.h */,
				7D12CB0F1C8A4EBA0021519B /* AMLLoginManager.m */,
			);
			name = "Login Manager";
			sourceTree = "<group>";
		};
		7D12CB111C8A4F860021519B /* Protocols */ = {
			isa = PBXGroup;
			children = (
				7D12CB121C8A4F9E0021519B /* AMLUserProtocols.h */,
				7DE38D531C99BA32000A02F0 /* AMLSurveyProtocols.h */,
				7DE38D541C99BA88000A02F0 /* AMLQuestionProtocols.h */,
				7DE38D561C99BC67000A02F0 /* AMLChoiceProtocols.h */,
				7DE38D551C99BAB3000A02F0 /* AMLResponseProtocols.h */,
			);
			name = Protocols;
			sourceTree = "<group>";
		};
		7D12CB1C1C8A69660021519B /* AMLUser */ = {
			isa = PBXGroup;
			children = (
				7D12CB181C8A69610021519B /* AMLUser.h */,
				7D12CB191C8A69610021519B /* AMLUser.m */,
				7D12CB161C8A69610021519B /* AMLUser+CoreDataProperties.h */,
				7D12CB171C8A69610021519B /* AMLUser+CoreDataProperties.m */,
			);
			name = AMLUser;
			sourceTree = "<group>";
		};
		7D12CB201C8A69FC0021519B /* AMLCoreDataController */ = {
			isa = PBXGroup;
			children = (
				7D12CB1D1C8A69F20021519B /* AMLCoreDataController.h */,
				7D12CB1E1C8A69F20021519B /* AMLCoreDataController.m */,
			);
			name = AMLCoreDataController;
			sourceTree = "<group>";
		};
		7D5A655A1CA03FBD00D7AE8D /* Mock Survey */ = {
			isa = PBXGroup;
			children = (
				7D5A655B1CA03FD400D7AE8D /* AMLMockSurvey.h */,
				7D5A655C1CA03FD400D7AE8D /* AMLMockSurvey.m */,
			);
			name = "Mock Survey";
			sourceTree = "<group>";
		};
		7D5A655E1CA0718500D7AE8D /* AMLLoginViewController */ = {
			isa = PBXGroup;
			children = (
				7D5A655F1CA0719900D7AE8D /* AMLLoginViewController.h */,
				7D5A65601CA0719900D7AE8D /* AMLLoginViewController.m */,
			);
			name = AMLLoginViewController;
			sourceTree = "<group>";
		};
		7D5A65621CA0797C00D7AE8D /* UIViewController+Keyboard */ = {
			isa = PBXGroup;
			children = (
				7D5A65631CA0799800D7AE8D /* UIViewController+Keyboard.h */,
				7D5A65641CA0799800D7AE8D /* UIViewController+Keyboard.m */,
			);
			name = "UIViewController+Keyboard";
			sourceTree = "<group>";
		};
		7DBB1F101CA4333800C7C403 /* AMLSurveysTableViewController */ = {
			isa = PBXGroup;
			children = (
				7DE38D7A1C9A0C18000A02F0 /* AMLSurveysTableViewController.h */,
				7DE38D7B1C9A0C18000A02F0 /* AMLSurveysTableViewController.m */,
			);
			name = AMLSurveysTableViewController;
			path = "../Data Managers/Core Data";
			sourceTree = "<group>";
		};
		7DBB1F111CA4334700C7C403 /* AMLSurveyTableViewController */ = {
			isa = PBXGroup;
			children = (
				7DE38D7D1C9A0C21000A02F0 /* AMLSurveyTableViewController.h */,
				7DE38D7E1C9A0C21000A02F0 /* AMLSurveyTableViewController.m */,
				7DBB1F121CA4335800C7C403 /* AMLSurveyTableViewCell */,
				7DBB1F171CA98F8100C7C403 /* AMLSurveyTimingCell */,
			);
			name = AMLSurveyTableViewController;
			path = "../Data Managers/Core Data";
			sourceTree = "<group>";
		};
		7DBB1F121CA4335800C7C403 /* AMLSurveyTableViewCell */ = {
			isa = PBXGroup;
			children = (
				7DE38D801C9A0C37000A02F0 /* AMLSurveyTableViewCell.h */,
				7DE38D811C9A0C37000A02F0 /* AMLSurveyTableViewCell.m */,
			);
			name = AMLSurveyTableViewCell;
			sourceTree = "<group>";
		};
		7DBB1F131CA4336600C7C403 /* AMLResultsViewController */ = {
			isa = PBXGroup;
			children = (
				7DE38D831C9A0C45000A02F0 /* AMLResultsViewController.h */,
				7DE38D841C9A0C45000A02F0 /* AMLResultsViewController.m */,
				7DBB1F261CAAF4C600C7C403 /* AMLGraphViewController */,
				7DBB1F271CAAF4D600C7C403 /* AMLResultsTableViewController */,
				7DBB1F281CAAF4F400C7C403 /* AMLResponsesTableViewController */,
			);
			name = AMLResultsViewController;
			path = "../Data Managers/Core Data";
			sourceTree = "<group>";
		};
		7DBB1F161CA44A2600C7C403 /* Data Manager */ = {
			isa = PBXGroup;
			children = (
				7D7DE7EF1C8B6D8100FFA637 /* AMLDataManager.h */,
				7D7DE7F01C8B6D8100FFA637 /* AMLDataManager.m */,
			);
			name = "Data Manager";
			sourceTree = "<group>";
		};
		7DBB1F171CA98F8100C7C403 /* AMLSurveyTimingCell */ = {
			isa = PBXGroup;
			children = (
				7DBB1F181CA98FBA00C7C403 /* AMLSurveyTimingCell.h */,
				7DBB1F191CA98FBA00C7C403 /* AMLSurveyTimingCell.m */,
			);
			name = AMLSurveyTimingCell;
			sourceTree = "<group>";
		};
		7DBB1F1B1CA9B13800C7C403 /* Notifications Manager */ = {
			isa = PBXGroup;
			children = (
				7DBB1F1C1CA9B16200C7C403 /* AMLNotificationsManager.h */,
				7DBB1F1D1CA9B16200C7C403 /* AMLNotificationsManager.m */,
			);
			name = "Notifications Manager";
			sourceTree = "<group>";
		};
		7DBB1F261CAAF4C600C7C403 /* AMLGraphViewController */ = {
			isa = PBXGroup;
			children = (
				7DBB1F2F1CAAF55000C7C403 /* AMLGraphViewController.h */,
				7DBB1F301CAAF55000C7C403 /* AMLGraphViewController.m */,
			);
			name = AMLGraphViewController;
			sourceTree = "<group>";
		};
		7DBB1F271CAAF4D600C7C403 /* AMLResultsTableViewController */ = {
			isa = PBXGroup;
			children = (
				7DBB1F2C1CAAF53B00C7C403 /* AMLResultsTableViewController.h */,
				7DBB1F2D1CAAF53B00C7C403 /* AMLResultsTableViewController.m */,
			);
			name = AMLResultsTableViewController;
			sourceTree = "<group>";
		};
		7DBB1F281CAAF4F400C7C403 /* AMLResponsesTableViewController */ = {
			isa = PBXGroup;
			children = (
				7DBB1F291CAAF52700C7C403 /* AMLResponsesTableViewController.h */,
				7DBB1F2A1CAAF52700C7C403 /* AMLResponsesTableViewController.m */,
			);
			name = AMLResponsesTableViewController;
			sourceTree = "<group>";
		};
		7DDE78571C93290900241A80 /* AMLFirebaseQuery */ = {
			isa = PBXGroup;
			children = (
				7DDE78511C93234D00241A80 /* AMLFirebaseQuery.h */,
				7DDE78541C9328FC00241A80 /* AMLFirebaseQuery+FQuery.h */,
				7DDE78521C93234D00241A80 /* AMLFirebaseQuery.m */,
			);
			name = AMLFirebaseQuery;
			path = Firebase/AMLFirebaseQuery;
			sourceTree = "<group>";
		};
		7DE38D4F1C936756000A02F0 /* NSArray+Extras */ = {
			isa = PBXGroup;
			children = (
				7DE38D501C936775000A02F0 /* NSArray+Extras.h */,
				7DE38D511C936775000A02F0 /* NSArray+Extras.m */,
			);
			name = "NSArray+Extras";
			sourceTree = "<group>";
		};
		7DE38D6F1C99D728000A02F0 /* AMLSurvey */ = {
			isa = PBXGroup;
			children = (
				7DE38D591C99D6EB000A02F0 /* AMLSurvey.h */,
				7DE38D5A1C99D6EB000A02F0 /* AMLSurvey.m */,
				7DE38D571C99D6EB000A02F0 /* AMLSurvey+CoreDataProperties.h */,
				7DE38D581C99D6EB000A02F0 /* AMLSurvey+CoreDataProperties.m */,
			);
			name = AMLSurvey;
			sourceTree = "<group>";
		};
		7DE38D701C99D72E000A02F0 /* AMLResponse */ = {
			isa = PBXGroup;
			children = (
				7DE38D5D1C99D6EB000A02F0 /* AMLResponse.h */,
				7DE38D5E1C99D6EB000A02F0 /* AMLResponse.m */,
				7DE38D5B1C99D6EB000A02F0 /* AMLResponse+CoreDataProperties.h */,
				7DE38D5C1C99D6EB000A02F0 /* AMLResponse+CoreDataProperties.m */,
			);
			name = AMLResponse;
			sourceTree = "<group>";
		};
		7DE38D711C99D734000A02F0 /* AMLQuestion */ = {
			isa = PBXGroup;
			children = (
				7DE38D611C99D6EB000A02F0 /* AMLQuestion.h */,
				7DE38D621C99D6EB000A02F0 /* AMLQuestion.m */,
				7DE38D5F1C99D6EB000A02F0 /* AMLQuestion+CoreDataProperties.h */,
				7DE38D601C99D6EB000A02F0 /* AMLQuestion+CoreDataProperties.m */,
			);
			name = AMLQuestion;
			sourceTree = "<group>";
		};
		7DE38D721C99D73C000A02F0 /* AMLChoice */ = {
			isa = PBXGroup;
			children = (
				7DE38D651C99D6EB000A02F0 /* AMLChoice.h */,
				7DE38D661C99D6EB000A02F0 /* AMLChoice.m */,
				7DE38D631C99D6EB000A02F0 /* AMLChoice+CoreDataProperties.h */,
				7DE38D641C99D6EB000A02F0 /* AMLChoice+CoreDataProperties.m */,
			);
			name = AMLChoice;
			sourceTree = "<group>";
		};
		7DE38D861C9B11CE000A02F0 /* Protocols */ = {
			isa = PBXGroup;
			children = (
				7DE38D871C9B11ED000A02F0 /* AMLSurveyUIProtocol.h */,
				7DBB1F321CAAFAB000C7C403 /* AMLQuestionUIProtocol.h */,
			);
			name = Protocols;
			sourceTree = "<group>";
		};
		7DE38D881C9C5ED5000A02F0 /* UITableView+Extras */ = {
			isa = PBXGroup;
			children = (
				7DE38D891C9C5EF4000A02F0 /* UITableView+Extras.h */,
				7DE38D8A1C9C5EF4000A02F0 /* UITableView+Extras.m */,
			);
			name = "UITableView+Extras";
			sourceTree = "<group>";
		};
		7DE38D8C1C9D8A37000A02F0 /* Mock Data */ = {
			isa = PBXGroup;
			children = (
				7D5A655A1CA03FBD00D7AE8D /* Mock Survey */,
				7DE38D8D1C9D8A4A000A02F0 /* Mock Question */,
			);
			name = "Mock Data";
			sourceTree = "<group>";
		};
		7DE38D8D1C9D8A4A000A02F0 /* Mock Question */ = {
			isa = PBXGroup;
			children = (
				7DE38D8E1C9D8A70000A02F0 /* AMLMockQuestion.h */,
				7DE38D8F1C9D8A70000A02F0 /* AMLMockQuestion.m */,
			);
			name = "Mock Question";
			sourceTree = "<group>";
		};
		7DE38D911C9D9239000A02F0 /* UIAlertController+Info */ = {
			isa = PBXGroup;
			children = (
				7DE38D921C9D924C000A02F0 /* UIAlertController+Info.h */,
				7DE38D931C9D924C000A02F0 /* UIAlertController+Info.m */,
			);
			name = "UIAlertController+Info";
			sourceTree = "<group>";
		};
/* End PBXGroup section */

/* Begin PBXNativeTarget section */
		7D12CAB61C8A30280021519B /* AskMeLater */ = {
			isa = PBXNativeTarget;
			buildConfigurationList = 7D12CAE71C8A30280021519B /* Build configuration list for PBXNativeTarget "AskMeLater" */;
			buildPhases = (
				49F9DB008A5F74F467FC55C1 /* Check Pods Manifest.lock */,
				7D12CAB31C8A30280021519B /* Sources */,
				7D12CAB41C8A30280021519B /* Frameworks */,
				7D12CAB51C8A30280021519B /* Resources */,
				6696745E5B4F16A375FC4949 /* Embed Pods Frameworks */,
				62AE34D2740762B4DB6ECF12 /* Copy Pods Resources */,
			);
			buildRules = (
			);
			dependencies = (
			);
			name = AskMeLater;
			productName = AskMeLater;
			productReference = 7D12CAB71C8A30280021519B /* AskMeLater.app */;
			productType = "com.apple.product-type.application";
		};
		7D12CAD21C8A30280021519B /* AskMeLaterTests */ = {
			isa = PBXNativeTarget;
			buildConfigurationList = 7D12CAEA1C8A30280021519B /* Build configuration list for PBXNativeTarget "AskMeLaterTests" */;
			buildPhases = (
				8CA804A611CBA6D08588A02A /* Check Pods Manifest.lock */,
				7D12CACF1C8A30280021519B /* Sources */,
				7D12CAD01C8A30280021519B /* Frameworks */,
				7D12CAD11C8A30280021519B /* Resources */,
				18BF8F4F62A3B91120225EE0 /* Embed Pods Frameworks */,
				BA703C45E5343430DC32E6C6 /* Copy Pods Resources */,
			);
			buildRules = (
			);
			dependencies = (
				7D12CAD51C8A30280021519B /* PBXTargetDependency */,
			);
			name = AskMeLaterTests;
			productName = AskMeLaterTests;
			productReference = 7D12CAD31C8A30280021519B /* AskMeLaterTests.xctest */;
			productType = "com.apple.product-type.bundle.unit-test";
		};
		7D12CADD1C8A30280021519B /* AskMeLaterUITests */ = {
			isa = PBXNativeTarget;
			buildConfigurationList = 7D12CAED1C8A30280021519B /* Build configuration list for PBXNativeTarget "AskMeLaterUITests" */;
			buildPhases = (
				0887D5D933DE2A6434C01780 /* Check Pods Manifest.lock */,
				7D12CADA1C8A30280021519B /* Sources */,
				7D12CADB1C8A30280021519B /* Frameworks */,
				7D12CADC1C8A30280021519B /* Resources */,
				A6A1B58B0709E27CD2526877 /* Copy Pods Resources */,
			);
			buildRules = (
			);
			dependencies = (
				7D12CAE01C8A30280021519B /* PBXTargetDependency */,
			);
			name = AskMeLaterUITests;
			productName = AskMeLaterUITests;
			productReference = 7D12CADE1C8A30280021519B /* AskMeLaterUITests.xctest */;
			productType = "com.apple.product-type.bundle.ui-testing";
		};
/* End PBXNativeTarget section */

/* Begin PBXProject section */
		7D12CAAF1C8A30280021519B /* Project object */ = {
			isa = PBXProject;
			attributes = {
				LastUpgradeCheck = 0720;
				ORGANIZATIONNAME = "Flatiron School";
				TargetAttributes = {
					7D12CAB61C8A30280021519B = {
						CreatedOnToolsVersion = 7.2.1;
						DevelopmentTeam = 2D5JKD3JJW;
					};
					7D12CAD21C8A30280021519B = {
						CreatedOnToolsVersion = 7.2.1;
						TestTargetID = 7D12CAB61C8A30280021519B;
					};
					7D12CADD1C8A30280021519B = {
						CreatedOnToolsVersion = 7.2.1;
						TestTargetID = 7D12CAB61C8A30280021519B;
					};
				};
			};
			buildConfigurationList = 7D12CAB21C8A30280021519B /* Build configuration list for PBXProject "AskMeLater" */;
			compatibilityVersion = "Xcode 3.2";
			developmentRegion = English;
			hasScannedForEncodings = 0;
			knownRegions = (
				en,
				Base,
			);
			mainGroup = 7D12CAAE1C8A30280021519B;
			productRefGroup = 7D12CAB81C8A30280021519B /* Products */;
			projectDirPath = "";
			projectRoot = "";
			targets = (
				7D12CAB61C8A30280021519B /* AskMeLater */,
				7D12CAD21C8A30280021519B /* AskMeLaterTests */,
				7D12CADD1C8A30280021519B /* AskMeLaterUITests */,
			);
		};
/* End PBXProject section */

/* Begin PBXResourcesBuildPhase section */
		7D12CAB51C8A30280021519B /* Resources */ = {
			isa = PBXResourcesBuildPhase;
			buildActionMask = 2147483647;
			files = (
				7D12CACD1C8A30280021519B /* LaunchScreen.storyboard in Resources */,
				7D12CACA1C8A30280021519B /* Assets.xcassets in Resources */,
				7D12CAC51C8A30280021519B /* Main.storyboard in Resources */,
			);
			runOnlyForDeploymentPostprocessing = 0;
		};
		7D12CAD11C8A30280021519B /* Resources */ = {
			isa = PBXResourcesBuildPhase;
			buildActionMask = 2147483647;
			files = (
			);
			runOnlyForDeploymentPostprocessing = 0;
		};
		7D12CADC1C8A30280021519B /* Resources */ = {
			isa = PBXResourcesBuildPhase;
			buildActionMask = 2147483647;
			files = (
			);
			runOnlyForDeploymentPostprocessing = 0;
		};
/* End PBXResourcesBuildPhase section */

/* Begin PBXShellScriptBuildPhase section */
		0887D5D933DE2A6434C01780 /* Check Pods Manifest.lock */ = {
			isa = PBXShellScriptBuildPhase;
			buildActionMask = 2147483647;
			files = (
			);
			inputPaths = (
			);
			name = "Check Pods Manifest.lock";
			outputPaths = (
			);
			runOnlyForDeploymentPostprocessing = 0;
			shellPath = /bin/sh;
			shellScript = "diff \"${PODS_ROOT}/../Podfile.lock\" \"${PODS_ROOT}/Manifest.lock\" > /dev/null\nif [[ $? != 0 ]] ; then\n    cat << EOM\nerror: The sandbox is not in sync with the Podfile.lock. Run 'pod install' or update your CocoaPods installation.\nEOM\n    exit 1\nfi\n";
			showEnvVarsInLog = 0;
		};
		18BF8F4F62A3B91120225EE0 /* Embed Pods Frameworks */ = {
			isa = PBXShellScriptBuildPhase;
			buildActionMask = 2147483647;
			files = (
			);
			inputPaths = (
			);
			name = "Embed Pods Frameworks";
			outputPaths = (
			);
			runOnlyForDeploymentPostprocessing = 0;
			shellPath = /bin/sh;
			shellScript = "\"${SRCROOT}/Pods/Target Support Files/Pods-AskMeLaterTests/Pods-AskMeLaterTests-frameworks.sh\"\n";
			showEnvVarsInLog = 0;
		};
		49F9DB008A5F74F467FC55C1 /* Check Pods Manifest.lock */ = {
			isa = PBXShellScriptBuildPhase;
			buildActionMask = 2147483647;
			files = (
			);
			inputPaths = (
			);
			name = "Check Pods Manifest.lock";
			outputPaths = (
			);
			runOnlyForDeploymentPostprocessing = 0;
			shellPath = /bin/sh;
			shellScript = "diff \"${PODS_ROOT}/../Podfile.lock\" \"${PODS_ROOT}/Manifest.lock\" > /dev/null\nif [[ $? != 0 ]] ; then\n    cat << EOM\nerror: The sandbox is not in sync with the Podfile.lock. Run 'pod install' or update your CocoaPods installation.\nEOM\n    exit 1\nfi\n";
			showEnvVarsInLog = 0;
		};
		62AE34D2740762B4DB6ECF12 /* Copy Pods Resources */ = {
			isa = PBXShellScriptBuildPhase;
			buildActionMask = 2147483647;
			files = (
			);
			inputPaths = (
			);
			name = "Copy Pods Resources";
			outputPaths = (
			);
			runOnlyForDeploymentPostprocessing = 0;
			shellPath = /bin/sh;
			shellScript = "\"${SRCROOT}/Pods/Target Support Files/Pods-AskMeLater/Pods-AskMeLater-resources.sh\"\n";
			showEnvVarsInLog = 0;
		};
		6696745E5B4F16A375FC4949 /* Embed Pods Frameworks */ = {
			isa = PBXShellScriptBuildPhase;
			buildActionMask = 2147483647;
			files = (
			);
			inputPaths = (
			);
			name = "Embed Pods Frameworks";
			outputPaths = (
			);
			runOnlyForDeploymentPostprocessing = 0;
			shellPath = /bin/sh;
			shellScript = "\"${SRCROOT}/Pods/Target Support Files/Pods-AskMeLater/Pods-AskMeLater-frameworks.sh\"\n";
			showEnvVarsInLog = 0;
		};
		8CA804A611CBA6D08588A02A /* Check Pods Manifest.lock */ = {
			isa = PBXShellScriptBuildPhase;
			buildActionMask = 2147483647;
			files = (
			);
			inputPaths = (
			);
			name = "Check Pods Manifest.lock";
			outputPaths = (
			);
			runOnlyForDeploymentPostprocessing = 0;
			shellPath = /bin/sh;
			shellScript = "diff \"${PODS_ROOT}/../Podfile.lock\" \"${PODS_ROOT}/Manifest.lock\" > /dev/null\nif [[ $? != 0 ]] ; then\n    cat << EOM\nerror: The sandbox is not in sync with the Podfile.lock. Run 'pod install' or update your CocoaPods installation.\nEOM\n    exit 1\nfi\n";
			showEnvVarsInLog = 0;
		};
		A6A1B58B0709E27CD2526877 /* Copy Pods Resources */ = {
			isa = PBXShellScriptBuildPhase;
			buildActionMask = 2147483647;
			files = (
			);
			inputPaths = (
			);
			name = "Copy Pods Resources";
			outputPaths = (
			);
			runOnlyForDeploymentPostprocessing = 0;
			shellPath = /bin/sh;
			shellScript = "\"${SRCROOT}/Pods/Target Support Files/Pods-AskMeLaterUITests/Pods-AskMeLaterUITests-resources.sh\"\n";
			showEnvVarsInLog = 0;
		};
		BA703C45E5343430DC32E6C6 /* Copy Pods Resources */ = {
			isa = PBXShellScriptBuildPhase;
			buildActionMask = 2147483647;
			files = (
			);
			inputPaths = (
			);
			name = "Copy Pods Resources";
			outputPaths = (
			);
			runOnlyForDeploymentPostprocessing = 0;
			shellPath = /bin/sh;
			shellScript = "\"${SRCROOT}/Pods/Target Support Files/Pods-AskMeLaterTests/Pods-AskMeLaterTests-resources.sh\"\n";
			showEnvVarsInLog = 0;
		};
/* End PBXShellScriptBuildPhase section */

/* Begin PBXSourcesBuildPhase section */
		7D12CAB31C8A30280021519B /* Sources */ = {
			isa = PBXSourcesBuildPhase;
			buildActionMask = 2147483647;
			files = (
				7DBB1F151CA433E800C7C403 /* AMLSurvey.m in Sources */,
				7DBB1F141CA433DD00C7C403 /* AMLQuestion.m in Sources */,
				7DE38D6E1C99D6EB000A02F0 /* AMLChoice.m in Sources */,
				7D12CB041C8A49760021519B /* AKDebuggerRules.m in Sources */,
				7D12CAFE1C8A49560021519B /* AKDebugger.m in Sources */,
				7DE38D691C99D6EB000A02F0 /* AMLResponse+CoreDataProperties.m in Sources */,
				7DBB1F311CAAF55000C7C403 /* AMLGraphViewController.m in Sources */,
				7D12CB101C8A4EBA0021519B /* AMLLoginManager.m in Sources */,
				7D12CB011C8A49660021519B /* AKGenerics.m in Sources */,
				7DE38D8B1C9C5EF4000A02F0 /* UITableView+Extras.m in Sources */,
				7D12CAC81C8A30280021519B /* AskMeLater.xcdatamodeld in Sources */,
				7DE38D901C9D8A70000A02F0 /* AMLMockQuestion.m in Sources */,
				7D12CB0C1C8A4B4F0021519B /* AMLPrivateInfo.m in Sources */,
				7D12CAC21C8A30280021519B /* ViewController.m in Sources */,
				7D12CB1B1C8A69610021519B /* AMLUser.m in Sources */,
				7DE38D521C936775000A02F0 /* NSArray+Extras.m in Sources */,
				7D5A65611CA0719900D7AE8D /* AMLLoginViewController.m in Sources */,
				7D12CAF71C8A48D10021519B /* AMLFirebaseController.m in Sources */,
				7DE38D821C9A0C37000A02F0 /* AMLSurveyTableViewCell.m in Sources */,
				7D5A655D1CA03FD400D7AE8D /* AMLMockSurvey.m in Sources */,
				7DE38D7C1C9A0C18000A02F0 /* AMLSurveysTableViewController.m in Sources */,
				7DBB1F1A1CA98FBA00C7C403 /* AMLSurveyTimingCell.m in Sources */,
				7D12CABF1C8A30280021519B /* AppDelegate.m in Sources */,
				7D7DE7F11C8B6D8100FFA637 /* AMLDataManager.m in Sources */,
				7DE38D6B1C99D6EB000A02F0 /* AMLQuestion+CoreDataProperties.m in Sources */,
				7DE38D671C99D6EB000A02F0 /* AMLSurvey+CoreDataProperties.m in Sources */,
				7DBB1F1E1CA9B16200C7C403 /* AMLNotificationsManager.m in Sources */,
				7DE38D6D1C99D6EB000A02F0 /* AMLChoice+CoreDataProperties.m in Sources */,
				7DBB1F2B1CAAF52700C7C403 /* AMLResponsesTableViewController.m in Sources */,
				7D12CB081C8A4A7D0021519B /* NSObject+Basics.m in Sources */,
				7DE38D851C9A0C45000A02F0 /* AMLResultsViewController.m in Sources */,
				7DE38D7F1C9A0C21000A02F0 /* AMLSurveyTableViewController.m in Sources */,
				7D12CABC1C8A30280021519B /* main.m in Sources */,
				7DE38D941C9D924C000A02F0 /* UIAlertController+Info.m in Sources */,
				7D5A65651CA0799800D7AE8D /* UIViewController+Keyboard.m in Sources */,
				7D12CB1A1C8A69610021519B /* AMLUser+CoreDataProperties.m in Sources */,
				7DDE78531C93234D00241A80 /* AMLFirebaseQuery.m in Sources */,
				7DE38D6A1C99D6EB000A02F0 /* AMLResponse.m in Sources */,
				7D12CB1F1C8A69F20021519B /* AMLCoreDataController.m in Sources */,
				7DBB1F2E1CAAF53B00C7C403 /* AMLResultsTableViewController.m in Sources */,
			);
			runOnlyForDeploymentPostprocessing = 0;
		};
		7D12CACF1C8A30280021519B /* Sources */ = {
			isa = PBXSourcesBuildPhase;
			buildActionMask = 2147483647;
			files = (
				7D12CAD81C8A30280021519B /* AskMeLaterTests.m in Sources */,
			);
			runOnlyForDeploymentPostprocessing = 0;
		};
		7D12CADA1C8A30280021519B /* Sources */ = {
			isa = PBXSourcesBuildPhase;
			buildActionMask = 2147483647;
			files = (
				7D12CAE31C8A30280021519B /* AskMeLaterUITests.m in Sources */,
			);
			runOnlyForDeploymentPostprocessing = 0;
		};
/* End PBXSourcesBuildPhase section */

/* Begin PBXTargetDependency section */
		7D12CAD51C8A30280021519B /* PBXTargetDependency */ = {
			isa = PBXTargetDependency;
			target = 7D12CAB61C8A30280021519B /* AskMeLater */;
			targetProxy = 7D12CAD41C8A30280021519B /* PBXContainerItemProxy */;
		};
		7D12CAE01C8A30280021519B /* PBXTargetDependency */ = {
			isa = PBXTargetDependency;
			target = 7D12CAB61C8A30280021519B /* AskMeLater */;
			targetProxy = 7D12CADF1C8A30280021519B /* PBXContainerItemProxy */;
		};
/* End PBXTargetDependency section */

/* Begin PBXVariantGroup section */
		7D12CAC31C8A30280021519B /* Main.storyboard */ = {
			isa = PBXVariantGroup;
			children = (
				7D12CAC41C8A30280021519B /* Base */,
			);
			name = Main.storyboard;
			sourceTree = "<group>";
		};
		7D12CACB1C8A30280021519B /* LaunchScreen.storyboard */ = {
			isa = PBXVariantGroup;
			children = (
				7D12CACC1C8A30280021519B /* Base */,
			);
			name = LaunchScreen.storyboard;
			sourceTree = "<group>";
		};
/* End PBXVariantGroup section */

/* Begin XCBuildConfiguration section */
		7D12CAE51C8A30280021519B /* Debug */ = {
			isa = XCBuildConfiguration;
			buildSettings = {
				ALWAYS_SEARCH_USER_PATHS = NO;
				CLANG_CXX_LANGUAGE_STANDARD = "gnu++0x";
				CLANG_CXX_LIBRARY = "libc++";
				CLANG_ENABLE_MODULES = YES;
				CLANG_ENABLE_OBJC_ARC = YES;
				CLANG_WARN_BOOL_CONVERSION = YES;
				CLANG_WARN_CONSTANT_CONVERSION = YES;
				CLANG_WARN_DIRECT_OBJC_ISA_USAGE = YES_ERROR;
				CLANG_WARN_EMPTY_BODY = YES;
				CLANG_WARN_ENUM_CONVERSION = YES;
				CLANG_WARN_INT_CONVERSION = YES;
				CLANG_WARN_OBJC_ROOT_CLASS = YES_ERROR;
				CLANG_WARN_UNREACHABLE_CODE = YES;
				CLANG_WARN__DUPLICATE_METHOD_MATCH = YES;
				"CODE_SIGN_IDENTITY[sdk=iphoneos*]" = "iPhone Developer";
				COPY_PHASE_STRIP = NO;
				DEBUG_INFORMATION_FORMAT = dwarf;
				ENABLE_STRICT_OBJC_MSGSEND = YES;
				ENABLE_TESTABILITY = YES;
				GCC_C_LANGUAGE_STANDARD = gnu99;
				GCC_DYNAMIC_NO_PIC = NO;
				GCC_NO_COMMON_BLOCKS = YES;
				GCC_OPTIMIZATION_LEVEL = 0;
				GCC_PREPROCESSOR_DEFINITIONS = (
					"DEBUG=1",
					"$(inherited)",
				);
				GCC_WARN_64_TO_32_BIT_CONVERSION = YES;
				GCC_WARN_ABOUT_RETURN_TYPE = YES_ERROR;
				GCC_WARN_UNDECLARED_SELECTOR = YES;
				GCC_WARN_UNINITIALIZED_AUTOS = YES_AGGRESSIVE;
				GCC_WARN_UNUSED_FUNCTION = YES;
				GCC_WARN_UNUSED_VARIABLE = YES;
				IPHONEOS_DEPLOYMENT_TARGET = 9.1;
				MTL_ENABLE_DEBUG_INFO = YES;
				ONLY_ACTIVE_ARCH = YES;
				SDKROOT = iphoneos;
			};
			name = Debug;
		};
		7D12CAE61C8A30280021519B /* Release */ = {
			isa = XCBuildConfiguration;
			buildSettings = {
				ALWAYS_SEARCH_USER_PATHS = NO;
				CLANG_CXX_LANGUAGE_STANDARD = "gnu++0x";
				CLANG_CXX_LIBRARY = "libc++";
				CLANG_ENABLE_MODULES = YES;
				CLANG_ENABLE_OBJC_ARC = YES;
				CLANG_WARN_BOOL_CONVERSION = YES;
				CLANG_WARN_CONSTANT_CONVERSION = YES;
				CLANG_WARN_DIRECT_OBJC_ISA_USAGE = YES_ERROR;
				CLANG_WARN_EMPTY_BODY = YES;
				CLANG_WARN_ENUM_CONVERSION = YES;
				CLANG_WARN_INT_CONVERSION = YES;
				CLANG_WARN_OBJC_ROOT_CLASS = YES_ERROR;
				CLANG_WARN_UNREACHABLE_CODE = YES;
				CLANG_WARN__DUPLICATE_METHOD_MATCH = YES;
				"CODE_SIGN_IDENTITY[sdk=iphoneos*]" = "iPhone Developer";
				COPY_PHASE_STRIP = NO;
				DEBUG_INFORMATION_FORMAT = "dwarf-with-dsym";
				ENABLE_NS_ASSERTIONS = NO;
				ENABLE_STRICT_OBJC_MSGSEND = YES;
				GCC_C_LANGUAGE_STANDARD = gnu99;
				GCC_NO_COMMON_BLOCKS = YES;
				GCC_WARN_64_TO_32_BIT_CONVERSION = YES;
				GCC_WARN_ABOUT_RETURN_TYPE = YES_ERROR;
				GCC_WARN_UNDECLARED_SELECTOR = YES;
				GCC_WARN_UNINITIALIZED_AUTOS = YES_AGGRESSIVE;
				GCC_WARN_UNUSED_FUNCTION = YES;
				GCC_WARN_UNUSED_VARIABLE = YES;
				IPHONEOS_DEPLOYMENT_TARGET = 9.1;
				MTL_ENABLE_DEBUG_INFO = NO;
				SDKROOT = iphoneos;
				VALIDATE_PRODUCT = YES;
			};
			name = Release;
		};
		7D12CAE81C8A30280021519B /* Debug */ = {
			isa = XCBuildConfiguration;
			baseConfigurationReference = 3D490ED1FC4977E9D9D80EA9 /* Pods-AskMeLater.debug.xcconfig */;
			buildSettings = {
				ASSETCATALOG_COMPILER_APPICON_NAME = AppIcon;
				CODE_SIGN_IDENTITY = "iPhone Developer";
				INFOPLIST_FILE = AskMeLater/Info.plist;
				IPHONEOS_DEPLOYMENT_TARGET = 9.0;
				LD_RUNPATH_SEARCH_PATHS = "$(inherited) @executable_path/Frameworks";
				PRODUCT_BUNDLE_IDENTIFIER = "com.flatiron-school.learn.ios.AskMeLater";
				PRODUCT_NAME = "$(TARGET_NAME)";
				TARGETED_DEVICE_FAMILY = "1,2";
			};
			name = Debug;
		};
		7D12CAE91C8A30280021519B /* Release */ = {
			isa = XCBuildConfiguration;
			baseConfigurationReference = 263DC32B942DCCBFA258DB96 /* Pods-AskMeLater.release.xcconfig */;
			buildSettings = {
				ASSETCATALOG_COMPILER_APPICON_NAME = AppIcon;
				CODE_SIGN_IDENTITY = "iPhone Developer";
				INFOPLIST_FILE = AskMeLater/Info.plist;
				IPHONEOS_DEPLOYMENT_TARGET = 9.0;
				LD_RUNPATH_SEARCH_PATHS = "$(inherited) @executable_path/Frameworks";
				PRODUCT_BUNDLE_IDENTIFIER = "com.flatiron-school.learn.ios.AskMeLater";
				PRODUCT_NAME = "$(TARGET_NAME)";
				TARGETED_DEVICE_FAMILY = "1,2";
			};
			name = Release;
		};
		7D12CAEB1C8A30280021519B /* Debug */ = {
			isa = XCBuildConfiguration;
			baseConfigurationReference = A6F9AB5E71CD8D015E1CBF60 /* Pods-AskMeLaterTests.debug.xcconfig */;
			buildSettings = {
				BUNDLE_LOADER = "$(TEST_HOST)";
				INFOPLIST_FILE = AskMeLaterTests/Info.plist;
				LD_RUNPATH_SEARCH_PATHS = "$(inherited) @executable_path/Frameworks @loader_path/Frameworks";
				PRODUCT_BUNDLE_IDENTIFIER = "com.flatiron-school.learn.ios.AskMeLaterTests";
				PRODUCT_NAME = "$(TARGET_NAME)";
				TEST_HOST = "$(BUILT_PRODUCTS_DIR)/AskMeLater.app/AskMeLater";
			};
			name = Debug;
		};
		7D12CAEC1C8A30280021519B /* Release */ = {
			isa = XCBuildConfiguration;
			baseConfigurationReference = 01CE1CDCC88E7D97A7E1640F /* Pods-AskMeLaterTests.release.xcconfig */;
			buildSettings = {
				BUNDLE_LOADER = "$(TEST_HOST)";
				INFOPLIST_FILE = AskMeLaterTests/Info.plist;
				LD_RUNPATH_SEARCH_PATHS = "$(inherited) @executable_path/Frameworks @loader_path/Frameworks";
				PRODUCT_BUNDLE_IDENTIFIER = "com.flatiron-school.learn.ios.AskMeLaterTests";
				PRODUCT_NAME = "$(TARGET_NAME)";
				TEST_HOST = "$(BUILT_PRODUCTS_DIR)/AskMeLater.app/AskMeLater";
			};
			name = Release;
		};
		7D12CAEE1C8A30280021519B /* Debug */ = {
			isa = XCBuildConfiguration;
			baseConfigurationReference = D868BA812ECA91F9E68F81DF /* Pods-AskMeLaterUITests.debug.xcconfig */;
			buildSettings = {
				INFOPLIST_FILE = AskMeLaterUITests/Info.plist;
				LD_RUNPATH_SEARCH_PATHS = "$(inherited) @executable_path/Frameworks @loader_path/Frameworks";
				PRODUCT_BUNDLE_IDENTIFIER = "com.flatiron-school.learn.ios.AskMeLaterUITests";
				PRODUCT_NAME = "$(TARGET_NAME)";
				TEST_TARGET_NAME = AskMeLater;
				USES_XCTRUNNER = YES;
			};
			name = Debug;
		};
		7D12CAEF1C8A30280021519B /* Release */ = {
			isa = XCBuildConfiguration;
			baseConfigurationReference = EB401945A9AEF59CA008357F /* Pods-AskMeLaterUITests.release.xcconfig */;
			buildSettings = {
				INFOPLIST_FILE = AskMeLaterUITests/Info.plist;
				LD_RUNPATH_SEARCH_PATHS = "$(inherited) @executable_path/Frameworks @loader_path/Frameworks";
				PRODUCT_BUNDLE_IDENTIFIER = "com.flatiron-school.learn.ios.AskMeLaterUITests";
				PRODUCT_NAME = "$(TARGET_NAME)";
				TEST_TARGET_NAME = AskMeLater;
				USES_XCTRUNNER = YES;
			};
			name = Release;
		};
/* End XCBuildConfiguration section */

/* Begin XCConfigurationList section */
		7D12CAB21C8A30280021519B /* Build configuration list for PBXProject "AskMeLater" */ = {
			isa = XCConfigurationList;
			buildConfigurations = (
				7D12CAE51C8A30280021519B /* Debug */,
				7D12CAE61C8A30280021519B /* Release */,
			);
			defaultConfigurationIsVisible = 0;
			defaultConfigurationName = Release;
		};
		7D12CAE71C8A30280021519B /* Build configuration list for PBXNativeTarget "AskMeLater" */ = {
			isa = XCConfigurationList;
			buildConfigurations = (
				7D12CAE81C8A30280021519B /* Debug */,
				7D12CAE91C8A30280021519B /* Release */,
			);
			defaultConfigurationIsVisible = 0;
			defaultConfigurationName = Release;
		};
		7D12CAEA1C8A30280021519B /* Build configuration list for PBXNativeTarget "AskMeLaterTests" */ = {
			isa = XCConfigurationList;
			buildConfigurations = (
				7D12CAEB1C8A30280021519B /* Debug */,
				7D12CAEC1C8A30280021519B /* Release */,
			);
			defaultConfigurationIsVisible = 0;
			defaultConfigurationName = Release;
		};
		7D12CAED1C8A30280021519B /* Build configuration list for PBXNativeTarget "AskMeLaterUITests" */ = {
			isa = XCConfigurationList;
			buildConfigurations = (
				7D12CAEE1C8A30280021519B /* Debug */,
				7D12CAEF1C8A30280021519B /* Release */,
			);
			defaultConfigurationIsVisible = 0;
			defaultConfigurationName = Release;
		};
/* End XCConfigurationList section */

/* Begin XCVersionGroup section */
		7D12CAC61C8A30280021519B /* AskMeLater.xcdatamodeld */ = {
			isa = XCVersionGroup;
			children = (
				7D12CAC71C8A30280021519B /* AskMeLater.xcdatamodel */,
			);
			currentVersion = 7D12CAC71C8A30280021519B /* AskMeLater.xcdatamodel */;
			path = AskMeLater.xcdatamodeld;
			sourceTree = "<group>";
			versionGroupType = wrapper.xcdatamodel;
		};
/* End XCVersionGroup section */
	};
	rootObject = 7D12CAAF1C8A30280021519B /* Project object */;
}
